// !$*UTF8*$!
{
	archiveVersion = 1;
	classes = {
	};
	objectVersion = 46;
	objects = {

/* Begin PBXBuildFile section */
		C11EA9DD1425B7A300795880 /* Cocoa.framework in Frameworks */ = {isa = PBXBuildFile; fileRef = C11EA9DC1425B7A300795880 /* Cocoa.framework */; };
		C11EA9E71425B7A300795880 /* InfoPlist.strings in Resources */ = {isa = PBXBuildFile; fileRef = C11EA9E51425B7A300795880 /* InfoPlist.strings */; };
		C11EA9E91425B7A300795880 /* main.m in Sources */ = {isa = PBXBuildFile; fileRef = C11EA9E81425B7A300795880 /* main.m */; };
		C11EA9F01425B7A300795880 /* PLDocument.m in Sources */ = {isa = PBXBuildFile; fileRef = C11EA9EF1425B7A300795880 /* PLDocument.m */; };
		C11EAA1C1425BC3700795880 /* PLAppController.m in Sources */ = {isa = PBXBuildFile; fileRef = C11EAA191425BC3700795880 /* PLAppController.m */; };
		C11EAA1D1425BC3700795880 /* PLDocumentController.m in Sources */ = {isa = PBXBuildFile; fileRef = C11EAA1B1425BC3700795880 /* PLDocumentController.m */; };
		C12F36D814270CC2008DAFE8 /* liblua.a in Frameworks */ = {isa = PBXBuildFile; fileRef = C12F36D714270CC2008DAFE8 /* liblua.a */; };
		C12F36DB14271593008DAFE8 /* InterfaceController.m in Sources */ = {isa = PBXBuildFile; fileRef = C12F36DA14271593008DAFE8 /* InterfaceController.m */; };
		C12F36DE14271861008DAFE8 /* PLTableView.m in Sources */ = {isa = PBXBuildFile; fileRef = C12F36DD14271861008DAFE8 /* PLTableView.m */; };
		C14D11A01425C3DA000A9CFC /* ImageAndTextCell.m in Sources */ = {isa = PBXBuildFile; fileRef = C14D119F1425C3DA000A9CFC /* ImageAndTextCell.m */; };
		C15331F91425DD61005E6806 /* MainMenu.xib in Resources */ = {isa = PBXBuildFile; fileRef = C15331F51425DD61005E6806 /* MainMenu.xib */; };
		C15331FA1425DD61005E6806 /* PLDocument.xib in Resources */ = {isa = PBXBuildFile; fileRef = C15331F71425DD61005E6806 /* PLDocument.xib */; };
		C16B38C31425EF6700260851 /* ResourcePathAccesory.xib in Resources */ = {isa = PBXBuildFile; fileRef = C16B38C21425EF6700260851 /* ResourcePathAccesory.xib */; };
		C16B38CA1425F5AF00260851 /* ObjectController.m in Sources */ = {isa = PBXBuildFile; fileRef = C16B38C91425F5AF00260851 /* ObjectController.m */; };
		C16B38D2142622D900260851 /* PLEntity.m in Sources */ = {isa = PBXBuildFile; fileRef = C16B38D1142622D900260851 /* PLEntity.m */; };
		C16B38D51426270700260851 /* PLObject.m in Sources */ = {isa = PBXBuildFile; fileRef = C16B38D41426270700260851 /* PLObject.m */; };
		C16B38D81426272A00260851 /* PLJoint.m in Sources */ = {isa = PBXBuildFile; fileRef = C16B38D71426272A00260851 /* PLJoint.m */; };
		C1A15B5A1425C283004B2706 /* init_common.lua in Resources */ = {isa = PBXBuildFile; fileRef = C1A15B591425C283004B2706 /* init_common.lua */; };
		C1A15B5D1425C296004B2706 /* level_des.lua in Resources */ = {isa = PBXBuildFile; fileRef = C1A15B5C1425C296004B2706 /* level_des.lua */; };
		C1A15B5F1425C2A8004B2706 /* prototype.phlevel in Resources */ = {isa = PBXBuildFile; fileRef = C1A15B5E1425C2A8004B2706 /* prototype.phlevel */; };
		C1A33CAE142A43550051912D /* EntityController.m in Sources */ = {isa = PBXBuildFile; fileRef = C1A33CAD142A43550051912D /* EntityController.m */; };
		C1DE6A0F1425C04600B1282C /* FileBrowserController.m in Sources */ = {isa = PBXBuildFile; fileRef = C1DE6A081425C04600B1282C /* FileBrowserController.m */; };
		C1DE6A101425C04600B1282C /* FileSystemNode.m in Sources */ = {isa = PBXBuildFile; fileRef = C1DE6A0A1425C04600B1282C /* FileSystemNode.m */; };
		C1DE6A111425C04600B1282C /* BrowserOutlineView.m in Sources */ = {isa = PBXBuildFile; fileRef = C1DE6A0C1425C04600B1282C /* BrowserOutlineView.m */; };
		C1DE6A121425C04600B1282C /* BrowserTreeNode.m in Sources */ = {isa = PBXBuildFile; fileRef = C1DE6A0E1425C04600B1282C /* BrowserTreeNode.m */; };
/* End PBXBuildFile section */

/* Begin PBXFileReference section */
		C11EA9D81425B7A300795880 /* LevelDesigner.app */ = {isa = PBXFileReference; explicitFileType = wrapper.application; includeInIndex = 0; path = LevelDesigner.app; sourceTree = BUILT_PRODUCTS_DIR; };
		C11EA9DC1425B7A300795880 /* Cocoa.framework */ = {isa = PBXFileReference; lastKnownFileType = wrapper.framework; name = Cocoa.framework; path = System/Library/Frameworks/Cocoa.framework; sourceTree = SDKROOT; };
		C11EA9DF1425B7A300795880 /* AppKit.framework */ = {isa = PBXFileReference; lastKnownFileType = wrapper.framework; name = AppKit.framework; path = System/Library/Frameworks/AppKit.framework; sourceTree = SDKROOT; };
		C11EA9E01425B7A300795880 /* CoreData.framework */ = {isa = PBXFileReference; lastKnownFileType = wrapper.framework; name = CoreData.framework; path = System/Library/Frameworks/CoreData.framework; sourceTree = SDKROOT; };
		C11EA9E11425B7A300795880 /* Foundation.framework */ = {isa = PBXFileReference; lastKnownFileType = wrapper.framework; name = Foundation.framework; path = System/Library/Frameworks/Foundation.framework; sourceTree = SDKROOT; };
		C11EA9E41425B7A300795880 /* LevelDesigner-Info.plist */ = {isa = PBXFileReference; lastKnownFileType = text.plist.xml; path = "LevelDesigner-Info.plist"; sourceTree = "<group>"; };
		C11EA9E61425B7A300795880 /* en */ = {isa = PBXFileReference; lastKnownFileType = text.plist.strings; name = en; path = en.lproj/InfoPlist.strings; sourceTree = "<group>"; };
		C11EA9E81425B7A300795880 /* main.m */ = {isa = PBXFileReference; lastKnownFileType = sourcecode.c.objc; path = main.m; sourceTree = "<group>"; };
		C11EA9EA1425B7A300795880 /* LevelDesigner-Prefix.pch */ = {isa = PBXFileReference; lastKnownFileType = sourcecode.c.h; path = "LevelDesigner-Prefix.pch"; sourceTree = "<group>"; };
		C11EA9EE1425B7A300795880 /* PLDocument.h */ = {isa = PBXFileReference; lastKnownFileType = sourcecode.c.h; lineEnding = 0; path = PLDocument.h; sourceTree = "<group>"; xcLanguageSpecificationIdentifier = xcode.lang.objcpp; };
		C11EA9EF1425B7A300795880 /* PLDocument.m */ = {isa = PBXFileReference; lastKnownFileType = sourcecode.c.objc; lineEnding = 0; path = PLDocument.m; sourceTree = "<group>"; xcLanguageSpecificationIdentifier = xcode.lang.objc; };
		C11EA9FD1425B7A300795880 /* SenTestingKit.framework */ = {isa = PBXFileReference; lastKnownFileType = wrapper.framework; name = SenTestingKit.framework; path = Library/Frameworks/SenTestingKit.framework; sourceTree = DEVELOPER_DIR; };
		C11EAA181425BC3700795880 /* PLAppController.h */ = {isa = PBXFileReference; fileEncoding = 4; lastKnownFileType = sourcecode.c.h; lineEnding = 0; path = PLAppController.h; sourceTree = "<group>"; xcLanguageSpecificationIdentifier = xcode.lang.objcpp; };
		C11EAA191425BC3700795880 /* PLAppController.m */ = {isa = PBXFileReference; fileEncoding = 4; lastKnownFileType = sourcecode.c.objc; lineEnding = 0; path = PLAppController.m; sourceTree = "<group>"; xcLanguageSpecificationIdentifier = xcode.lang.objc; };
		C11EAA1A1425BC3700795880 /* PLDocumentController.h */ = {isa = PBXFileReference; fileEncoding = 4; lastKnownFileType = sourcecode.c.h; path = PLDocumentController.h; sourceTree = "<group>"; };
		C11EAA1B1425BC3700795880 /* PLDocumentController.m */ = {isa = PBXFileReference; fileEncoding = 4; lastKnownFileType = sourcecode.c.objc; path = PLDocumentController.m; sourceTree = "<group>"; };
		C12F36D714270CC2008DAFE8 /* liblua.a */ = {isa = PBXFileReference; lastKnownFileType = archive.ar; name = liblua.a; path = ../Externals/lib/darwin/liblua.a; sourceTree = "<group>"; };
		C12F36D914271593008DAFE8 /* InterfaceController.h */ = {isa = PBXFileReference; fileEncoding = 4; lastKnownFileType = sourcecode.c.h; path = InterfaceController.h; sourceTree = "<group>"; };
		C12F36DA14271593008DAFE8 /* InterfaceController.m */ = {isa = PBXFileReference; fileEncoding = 4; lastKnownFileType = sourcecode.c.objc; path = InterfaceController.m; sourceTree = "<group>"; };
		C12F36DC14271861008DAFE8 /* PLTableView.h */ = {isa = PBXFileReference; fileEncoding = 4; lastKnownFileType = sourcecode.c.h; path = PLTableView.h; sourceTree = "<group>"; };
		C12F36DD14271861008DAFE8 /* PLTableView.m */ = {isa = PBXFileReference; fileEncoding = 4; lastKnownFileType = sourcecode.c.objc; path = PLTableView.m; sourceTree = "<group>"; };
		C14D119E1425C3DA000A9CFC /* ImageAndTextCell.h */ = {isa = PBXFileReference; fileEncoding = 4; lastKnownFileType = sourcecode.c.h; path = ImageAndTextCell.h; sourceTree = "<group>"; };
		C14D119F1425C3DA000A9CFC /* ImageAndTextCell.m */ = {isa = PBXFileReference; fileEncoding = 4; lastKnownFileType = sourcecode.c.objc; lineEnding = 0; path = ImageAndTextCell.m; sourceTree = "<group>"; xcLanguageSpecificationIdentifier = xcode.lang.objc; };
		C15331F61425DD61005E6806 /* en */ = {isa = PBXFileReference; lastKnownFileType = file.xib; name = en; path = LevelDesigner/en.lproj/MainMenu.xib; sourceTree = "<group>"; };
		C15331F81425DD61005E6806 /* en */ = {isa = PBXFileReference; lastKnownFileType = file.xib; name = en; path = LevelDesigner/en.lproj/PLDocument.xib; sourceTree = "<group>"; };
		C16B38C21425EF6700260851 /* ResourcePathAccesory.xib */ = {isa = PBXFileReference; fileEncoding = 4; lastKnownFileType = file.xib; path = ResourcePathAccesory.xib; sourceTree = "<group>"; };
		C16B38C81425F5AF00260851 /* ObjectController.h */ = {isa = PBXFileReference; fileEncoding = 4; lastKnownFileType = sourcecode.c.h; lineEnding = 0; path = ObjectController.h; sourceTree = "<group>"; xcLanguageSpecificationIdentifier = xcode.lang.objcpp; };
		C16B38C91425F5AF00260851 /* ObjectController.m */ = {isa = PBXFileReference; fileEncoding = 4; lastKnownFileType = sourcecode.c.objc; lineEnding = 0; path = ObjectController.m; sourceTree = "<group>"; xcLanguageSpecificationIdentifier = xcode.lang.objc; };
		C16B38D0142622D800260851 /* PLEntity.h */ = {isa = PBXFileReference; fileEncoding = 4; lastKnownFileType = sourcecode.c.h; lineEnding = 0; path = PLEntity.h; sourceTree = "<group>"; xcLanguageSpecificationIdentifier = xcode.lang.objcpp; };
		C16B38D1142622D900260851 /* PLEntity.m */ = {isa = PBXFileReference; fileEncoding = 4; lastKnownFileType = sourcecode.c.objc; lineEnding = 0; path = PLEntity.m; sourceTree = "<group>"; xcLanguageSpecificationIdentifier = xcode.lang.objc; };
		C16B38D31426270700260851 /* PLObject.h */ = {isa = PBXFileReference; fileEncoding = 4; lastKnownFileType = sourcecode.c.h; lineEnding = 0; path = PLObject.h; sourceTree = "<group>"; xcLanguageSpecificationIdentifier = xcode.lang.objcpp; };
		C16B38D41426270700260851 /* PLObject.m */ = {isa = PBXFileReference; fileEncoding = 4; lastKnownFileType = sourcecode.c.objc; lineEnding = 0; path = PLObject.m; sourceTree = "<group>"; xcLanguageSpecificationIdentifier = xcode.lang.objc; };
		C16B38D61426272A00260851 /* PLJoint.h */ = {isa = PBXFileReference; fileEncoding = 4; lastKnownFileType = sourcecode.c.h; lineEnding = 0; path = PLJoint.h; sourceTree = "<group>"; xcLanguageSpecificationIdentifier = xcode.lang.objcpp; };
		C16B38D71426272A00260851 /* PLJoint.m */ = {isa = PBXFileReference; fileEncoding = 4; lastKnownFileType = sourcecode.c.objc; lineEnding = 0; path = PLJoint.m; sourceTree = "<group>"; xcLanguageSpecificationIdentifier = xcode.lang.objc; };
		C1A15B591425C283004B2706 /* init_common.lua */ = {isa = PBXFileReference; fileEncoding = 4; lastKnownFileType = text; lineEnding = 0; name = init_common.lua; path = ../../rsrc/scripts/init_common.lua; sourceTree = "<group>"; };
		C1A15B5C1425C296004B2706 /* level_des.lua */ = {isa = PBXFileReference; fileEncoding = 4; lastKnownFileType = text; lineEnding = 0; path = level_des.lua; sourceTree = "<group>"; };
		C1A15B5E1425C2A8004B2706 /* prototype.phlevel */ = {isa = PBXFileReference; lastKnownFileType = folder; path = prototype.phlevel; sourceTree = "<group>"; };
		C1A33CAC142A43550051912D /* EntityController.h */ = {isa = PBXFileReference; fileEncoding = 4; lastKnownFileType = sourcecode.c.h; path = EntityController.h; sourceTree = "<group>"; };
		C1A33CAD142A43550051912D /* EntityController.m */ = {isa = PBXFileReference; fileEncoding = 4; lastKnownFileType = sourcecode.c.objc; path = EntityController.m; sourceTree = "<group>"; };
		C1DE6A071425C04600B1282C /* FileBrowserController.h */ = {isa = PBXFileReference; fileEncoding = 4; lastKnownFileType = sourcecode.c.h; lineEnding = 0; path = FileBrowserController.h; sourceTree = "<group>"; xcLanguageSpecificationIdentifier = xcode.lang.objcpp; };
		C1DE6A081425C04600B1282C /* FileBrowserController.m */ = {isa = PBXFileReference; fileEncoding = 4; lastKnownFileType = sourcecode.c.objc; lineEnding = 0; path = FileBrowserController.m; sourceTree = "<group>"; xcLanguageSpecificationIdentifier = xcode.lang.objc; };
		C1DE6A091425C04600B1282C /* FileSystemNode.h */ = {isa = PBXFileReference; fileEncoding = 4; lastKnownFileType = sourcecode.c.h; lineEnding = 0; path = FileSystemNode.h; sourceTree = "<group>"; xcLanguageSpecificationIdentifier = xcode.lang.objcpp; };
		C1DE6A0A1425C04600B1282C /* FileSystemNode.m */ = {isa = PBXFileReference; fileEncoding = 4; lastKnownFileType = sourcecode.c.objc; path = FileSystemNode.m; sourceTree = "<group>"; };
		C1DE6A0B1425C04600B1282C /* BrowserOutlineView.h */ = {isa = PBXFileReference; fileEncoding = 4; lastKnownFileType = sourcecode.c.h; path = BrowserOutlineView.h; sourceTree = "<group>"; };
		C1DE6A0C1425C04600B1282C /* BrowserOutlineView.m */ = {isa = PBXFileReference; fileEncoding = 4; lastKnownFileType = sourcecode.c.objc; lineEnding = 0; path = BrowserOutlineView.m; sourceTree = "<group>"; xcLanguageSpecificationIdentifier = xcode.lang.objc; };
		C1DE6A0D1425C04600B1282C /* BrowserTreeNode.h */ = {isa = PBXFileReference; fileEncoding = 4; lastKnownFileType = sourcecode.c.h; path = BrowserTreeNode.h; sourceTree = "<group>"; };
		C1DE6A0E1425C04600B1282C /* BrowserTreeNode.m */ = {isa = PBXFileReference; fileEncoding = 4; lastKnownFileType = sourcecode.c.objc; lineEnding = 0; path = BrowserTreeNode.m; sourceTree = "<group>"; xcLanguageSpecificationIdentifier = xcode.lang.objc; };
/* End PBXFileReference section */

/* Begin PBXFrameworksBuildPhase section */
		C11EA9D51425B7A300795880 /* Frameworks */ = {
			isa = PBXFrameworksBuildPhase;
			buildActionMask = 2147483647;
			files = (
				C11EA9DD1425B7A300795880 /* Cocoa.framework in Frameworks */,
				C12F36D814270CC2008DAFE8 /* liblua.a in Frameworks */,
			);
			runOnlyForDeploymentPostprocessing = 0;
		};
/* End PBXFrameworksBuildPhase section */

/* Begin PBXGroup section */
		C11EA9CD1425B7A200795880 = {
			isa = PBXGroup;
			children = (
				C16B38C41425F07900260851 /* Resources */,
				C11EA9E21425B7A300795880 /* LevelDesigner */,
				C11EA9DB1425B7A300795880 /* Frameworks */,
				C11EA9D91425B7A300795880 /* Products */,
			);
			sourceTree = "<group>";
		};
		C11EA9D91425B7A300795880 /* Products */ = {
			isa = PBXGroup;
			children = (
				C11EA9D81425B7A300795880 /* LevelDesigner.app */,
			);
			name = Products;
			sourceTree = "<group>";
		};
		C11EA9DB1425B7A300795880 /* Frameworks */ = {
			isa = PBXGroup;
			children = (
				C12F36D714270CC2008DAFE8 /* liblua.a */,
				C11EA9DC1425B7A300795880 /* Cocoa.framework */,
				C11EA9FD1425B7A300795880 /* SenTestingKit.framework */,
				C11EA9DE1425B7A300795880 /* Other Frameworks */,
			);
			name = Frameworks;
			sourceTree = "<group>";
		};
		C11EA9DE1425B7A300795880 /* Other Frameworks */ = {
			isa = PBXGroup;
			children = (
				C11EA9DF1425B7A300795880 /* AppKit.framework */,
				C11EA9E01425B7A300795880 /* CoreData.framework */,
				C11EA9E11425B7A300795880 /* Foundation.framework */,
			);
			name = "Other Frameworks";
			sourceTree = "<group>";
		};
		C11EA9E21425B7A300795880 /* LevelDesigner */ = {
			isa = PBXGroup;
			children = (
				C16B38C51425F53A00260851 /* Models */,
				C16B38C71425F55000260851 /* World */,
				C16B38C61425F54600260851 /* Interface */,
				C15331F51425DD61005E6806 /* MainMenu.xib */,
				C15331F71425DD61005E6806 /* PLDocument.xib */,
				C16B38C21425EF6700260851 /* ResourcePathAccesory.xib */,
				C1DE6A051425C02600B1282C /* FileBrowserController */,
				C11EA9EE1425B7A300795880 /* PLDocument.h */,
				C11EA9EF1425B7A300795880 /* PLDocument.m */,
				C11EAA181425BC3700795880 /* PLAppController.h */,
				C11EAA191425BC3700795880 /* PLAppController.m */,
				C11EAA1A1425BC3700795880 /* PLDocumentController.h */,
				C11EAA1B1425BC3700795880 /* PLDocumentController.m */,
				C11EA9E31425B7A300795880 /* Supporting Files */,
			);
			path = LevelDesigner;
			sourceTree = "<group>";
		};
		C11EA9E31425B7A300795880 /* Supporting Files */ = {
			isa = PBXGroup;
			children = (
				C11EA9E41425B7A300795880 /* LevelDesigner-Info.plist */,
				C11EA9E51425B7A300795880 /* InfoPlist.strings */,
				C11EA9E81425B7A300795880 /* main.m */,
				C11EA9EA1425B7A300795880 /* LevelDesigner-Prefix.pch */,
			);
			name = "Supporting Files";
			sourceTree = "<group>";
		};
		C16B38C41425F07900260851 /* Resources */ = {
			isa = PBXGroup;
			children = (
				C1A15B591425C283004B2706 /* init_common.lua */,
				C1A15B5C1425C296004B2706 /* level_des.lua */,
				C1A15B5E1425C2A8004B2706 /* prototype.phlevel */,
			);
			name = Resources;
			path = LevelDesigner;
			sourceTree = "<group>";
		};
		C16B38C51425F53A00260851 /* Models */ = {
			isa = PBXGroup;
			children = (
				C1A33CAC142A43550051912D /* EntityController.h */,
				C1A33CAD142A43550051912D /* EntityController.m */,
				C16B38C81425F5AF00260851 /* ObjectController.h */,
				C16B38C91425F5AF00260851 /* ObjectController.m */,
				C16B38D0142622D800260851 /* PLEntity.h */,
				C16B38D1142622D900260851 /* PLEntity.m */,
				C16B38D31426270700260851 /* PLObject.h */,
				C16B38D41426270700260851 /* PLObject.m */,
				C16B38D61426272A00260851 /* PLJoint.h */,
				C16B38D71426272A00260851 /* PLJoint.m */,
			);
			name = Models;
			sourceTree = "<group>";
		};
		C16B38C61425F54600260851 /* Interface */ = {
			isa = PBXGroup;
			children = (
				C12F36D914271593008DAFE8 /* InterfaceController.h */,
				C12F36DA14271593008DAFE8 /* InterfaceController.m */,
				C12F36DC14271861008DAFE8 /* PLTableView.h */,
				C12F36DD14271861008DAFE8 /* PLTableView.m */,
			);
			name = Interface;
			sourceTree = "<group>";
		};
		C16B38C71425F55000260851 /* World */ = {
			isa = PBXGroup;
			children = (
			);
			name = World;
			sourceTree = "<group>";
		};
		C1DE6A051425C02600B1282C /* FileBrowserController */ = {
			isa = PBXGroup;
			children = (
				C1DE6A071425C04600B1282C /* FileBrowserController.h */,
				C1DE6A081425C04600B1282C /* FileBrowserController.m */,
				C1DE6A091425C04600B1282C /* FileSystemNode.h */,
				C1DE6A0A1425C04600B1282C /* FileSystemNode.m */,
				C1DE6A0B1425C04600B1282C /* BrowserOutlineView.h */,
				C1DE6A0C1425C04600B1282C /* BrowserOutlineView.m */,
				C1DE6A0D1425C04600B1282C /* BrowserTreeNode.h */,
				C1DE6A0E1425C04600B1282C /* BrowserTreeNode.m */,
				C14D119E1425C3DA000A9CFC /* ImageAndTextCell.h */,
				C14D119F1425C3DA000A9CFC /* ImageAndTextCell.m */,
			);
			name = FileBrowserController;
			sourceTree = "<group>";
		};
/* End PBXGroup section */

/* Begin PBXNativeTarget section */
		C11EA9D71425B7A300795880 /* LevelDesigner */ = {
			isa = PBXNativeTarget;
			buildConfigurationList = C11EAA0E1425B7A300795880 /* Build configuration list for PBXNativeTarget "LevelDesigner" */;
			buildPhases = (
				C11EA9D41425B7A300795880 /* Sources */,
				C11EA9D51425B7A300795880 /* Frameworks */,
				C11EA9D61425B7A300795880 /* Resources */,
			);
			buildRules = (
			);
			dependencies = (
			);
			name = LevelDesigner;
			productName = LevelDesigner;
			productReference = C11EA9D81425B7A300795880 /* LevelDesigner.app */;
			productType = "com.apple.product-type.application";
		};
/* End PBXNativeTarget section */

/* Begin PBXProject section */
		C11EA9CF1425B7A200795880 /* Project object */ = {
			isa = PBXProject;
			attributes = {
				LastUpgradeCheck = 0410;
				ORGANIZATIONNAME = "Porkholt Labs!";
			};
			buildConfigurationList = C11EA9D21425B7A200795880 /* Build configuration list for PBXProject "LevelDesigner" */;
			compatibilityVersion = "Xcode 3.2";
			developmentRegion = English;
			hasScannedForEncodings = 0;
			knownRegions = (
				en,
			);
			mainGroup = C11EA9CD1425B7A200795880;
			productRefGroup = C11EA9D91425B7A300795880 /* Products */;
			projectDirPath = "";
			projectRoot = "";
			targets = (
				C11EA9D71425B7A300795880 /* LevelDesigner */,
			);
		};
/* End PBXProject section */

/* Begin PBXResourcesBuildPhase section */
		C11EA9D61425B7A300795880 /* Resources */ = {
			isa = PBXResourcesBuildPhase;
			buildActionMask = 2147483647;
			files = (
				C11EA9E71425B7A300795880 /* InfoPlist.strings in Resources */,
				C1A15B5A1425C283004B2706 /* init_common.lua in Resources */,
				C1A15B5D1425C296004B2706 /* level_des.lua in Resources */,
				C1A15B5F1425C2A8004B2706 /* prototype.phlevel in Resources */,
				C15331F91425DD61005E6806 /* MainMenu.xib in Resources */,
				C15331FA1425DD61005E6806 /* PLDocument.xib in Resources */,
				C16B38C31425EF6700260851 /* ResourcePathAccesory.xib in Resources */,
			);
			runOnlyForDeploymentPostprocessing = 0;
		};
/* End PBXResourcesBuildPhase section */

/* Begin PBXSourcesBuildPhase section */
		C11EA9D41425B7A300795880 /* Sources */ = {
			isa = PBXSourcesBuildPhase;
			buildActionMask = 2147483647;
			files = (
				C11EA9E91425B7A300795880 /* main.m in Sources */,
				C11EA9F01425B7A300795880 /* PLDocument.m in Sources */,
				C11EAA1C1425BC3700795880 /* PLAppController.m in Sources */,
				C11EAA1D1425BC3700795880 /* PLDocumentController.m in Sources */,
				C1DE6A0F1425C04600B1282C /* FileBrowserController.m in Sources */,
				C1DE6A101425C04600B1282C /* FileSystemNode.m in Sources */,
				C1DE6A111425C04600B1282C /* BrowserOutlineView.m in Sources */,
				C1DE6A121425C04600B1282C /* BrowserTreeNode.m in Sources */,
				C14D11A01425C3DA000A9CFC /* ImageAndTextCell.m in Sources */,
				C16B38CA1425F5AF00260851 /* ObjectController.m in Sources */,
				C16B38D2142622D900260851 /* PLEntity.m in Sources */,
				C16B38D51426270700260851 /* PLObject.m in Sources */,
				C16B38D81426272A00260851 /* PLJoint.m in Sources */,
				C12F36DB14271593008DAFE8 /* InterfaceController.m in Sources */,
				C12F36DE14271861008DAFE8 /* PLTableView.m in Sources */,
				C1A33CAE142A43550051912D /* EntityController.m in Sources */,
			);
			runOnlyForDeploymentPostprocessing = 0;
		};
/* End PBXSourcesBuildPhase section */

/* Begin PBXVariantGroup section */
		C11EA9E51425B7A300795880 /* InfoPlist.strings */ = {
			isa = PBXVariantGroup;
			children = (
				C11EA9E61425B7A300795880 /* en */,
			);
			name = InfoPlist.strings;
			sourceTree = "<group>";
		};
		C15331F51425DD61005E6806 /* MainMenu.xib */ = {
			isa = PBXVariantGroup;
			children = (
				C15331F61425DD61005E6806 /* en */,
			);
			name = MainMenu.xib;
			path = ..;
			sourceTree = "<group>";
		};
		C15331F71425DD61005E6806 /* PLDocument.xib */ = {
			isa = PBXVariantGroup;
			children = (
				C15331F81425DD61005E6806 /* en */,
			);
			name = PLDocument.xib;
			path = ..;
			sourceTree = "<group>";
		};
/* End PBXVariantGroup section */

/* Begin XCBuildConfiguration section */
		C11EAA0C1425B7A300795880 /* Debug */ = {
			isa = XCBuildConfiguration;
			buildSettings = {
				ALWAYS_SEARCH_USER_PATHS = NO;
				ARCHS = "$(ARCHS_STANDARD_64_BIT)";
				COPY_PHASE_STRIP = NO;
				GCC_C_LANGUAGE_STANDARD = gnu99;
				GCC_DYNAMIC_NO_PIC = NO;
				GCC_ENABLE_OBJC_EXCEPTIONS = YES;
				GCC_OPTIMIZATION_LEVEL = 0;
				GCC_PREPROCESSOR_DEFINITIONS = (
					"DEBUG=1",
					"$(inherited)",
				);
				GCC_SYMBOLS_PRIVATE_EXTERN = NO;
				GCC_VERSION = com.apple.compilers.llvm.clang.1_0;
				GCC_WARN_64_TO_32_BIT_CONVERSION = YES;
				GCC_WARN_ABOUT_MISSING_PROTOTYPES = YES;
				GCC_WARN_ABOUT_RETURN_TYPE = YES;
				GCC_WARN_UNUSED_VARIABLE = YES;
				HEADER_SEARCH_PATHS = ../Externals/lua/include;
				MACOSX_DEPLOYMENT_TARGET = 10.6;
				ONLY_ACTIVE_ARCH = YES;
				SDKROOT = macosx10.6;
			};
			name = Debug;
		};
		C11EAA0D1425B7A300795880 /* Release */ = {
			isa = XCBuildConfiguration;
			buildSettings = {
				ALWAYS_SEARCH_USER_PATHS = NO;
				ARCHS = "$(ARCHS_STANDARD_64_BIT)";
				COPY_PHASE_STRIP = YES;
				DEBUG_INFORMATION_FORMAT = "dwarf-with-dsym";
				GCC_C_LANGUAGE_STANDARD = gnu99;
				GCC_ENABLE_OBJC_EXCEPTIONS = YES;
				GCC_VERSION = com.apple.compilers.llvm.clang.1_0;
				GCC_WARN_64_TO_32_BIT_CONVERSION = YES;
				GCC_WARN_ABOUT_MISSING_PROTOTYPES = YES;
				GCC_WARN_ABOUT_RETURN_TYPE = YES;
				GCC_WARN_UNUSED_VARIABLE = YES;
				HEADER_SEARCH_PATHS = ../Externals/lua/include;
				MACOSX_DEPLOYMENT_TARGET = 10.6;
				SDKROOT = macosx10.6;
			};
			name = Release;
		};
		C11EAA0F1425B7A300795880 /* Debug */ = {
			isa = XCBuildConfiguration;
			buildSettings = {
				GCC_PRECOMPILE_PREFIX_HEADER = YES;
				GCC_PREFIX_HEADER = "LevelDesigner/LevelDesigner-Prefix.pch";
				INFOPLIST_FILE = "LevelDesigner/LevelDesigner-Info.plist";
				LIBRARY_SEARCH_PATHS = (
					"$(inherited)",
					"\"$(SRCROOT)/../Externals/lib/darwin\"",
				);
				PRODUCT_NAME = "$(TARGET_NAME)";
				WRAPPER_EXTENSION = app;
			};
			name = Debug;
		};
		C11EAA101425B7A300795880 /* Release */ = {
			isa = XCBuildConfiguration;
			buildSettings = {
				GCC_PRECOMPILE_PREFIX_HEADER = YES;
				GCC_PREFIX_HEADER = "LevelDesigner/LevelDesigner-Prefix.pch";
				INFOPLIST_FILE = "LevelDesigner/LevelDesigner-Info.plist";
				LIBRARY_SEARCH_PATHS = (
					"$(inherited)",
					"\"$(SRCROOT)/../Externals/lib/darwin\"",
				);
				PRODUCT_NAME = "$(TARGET_NAME)";
				WRAPPER_EXTENSION = app;
			};
			name = Release;
		};
/* End XCBuildConfiguration section */

/* Begin XCConfigurationList section */
		C11EA9D21425B7A200795880 /* Build configuration list for PBXProject "LevelDesigner" */ = {
			isa = XCConfigurationList;
			buildConfigurations = (
				C11EAA0C1425B7A300795880 /* Debug */,
				C11EAA0D1425B7A300795880 /* Release */,
			);
			defaultConfigurationIsVisible = 0;
			defaultConfigurationName = Release;
		};
		C11EAA0E1425B7A300795880 /* Build configuration list for PBXNativeTarget "LevelDesigner" */ = {
			isa = XCConfigurationList;
			buildConfigurations = (
				C11EAA0F1425B7A300795880 /* Debug */,
				C11EAA101425B7A300795880 /* Release */,
			);
			defaultConfigurationIsVisible = 0;
			defaultConfigurationName = Release;
		};
/* End XCConfigurationList section */
	};
	rootObject = C11EA9CF1425B7A200795880 /* Project object */;
}
