// !$*UTF8*$!
{
	archiveVersion = 1;
	classes = {
	};
	objectVersion = 46;
	objects = {

/* Begin PBXBuildFile section */
		1D3623260D0F684500981E51 /* PorkholtAppDelegate.mm in Sources */ = {isa = PBXBuildFile; fileRef = 1D3623250D0F684500981E51 /* PorkholtAppDelegate.mm */; };
		1D60589B0D05DD56006BFB54 /* main.m in Sources */ = {isa = PBXBuildFile; fileRef = 29B97316FDCFA39411CA2CEA /* main.m */; };
		1D60589F0D05DD5A006BFB54 /* Foundation.framework in Frameworks */ = {isa = PBXBuildFile; fileRef = 1D30AB110D05D00D00671497 /* Foundation.framework */; };
		1DF5F4E00D08C38300B7A737 /* UIKit.framework in Frameworks */ = {isa = PBXBuildFile; fileRef = 1DF5F4DF0D08C38300B7A737 /* UIKit.framework */; };
		28EC4C5911D54ECE0027AA9F /* PorkholtViewController.mm in Sources */ = {isa = PBXBuildFile; fileRef = 28EC4C5711D54ECE0027AA9F /* PorkholtViewController.mm */; };
		28FD14FE0DC6FC130079059D /* EAGLView.m in Sources */ = {isa = PBXBuildFile; fileRef = 28FD14FD0DC6FC130079059D /* EAGLView.m */; };
		28FD15080DC6FC5B0079059D /* QuartzCore.framework in Frameworks */ = {isa = PBXBuildFile; fileRef = 28FD15070DC6FC5B0079059D /* QuartzCore.framework */; };
		C106E47A13DD427C007E6357 /* PHLGround.cpp in Sources */ = {isa = PBXBuildFile; fileRef = C106E47913DD427C007E6357 /* PHLGround.cpp */; };
		C106E47F13DD5E2B007E6357 /* PHLSign.cpp in Sources */ = {isa = PBXBuildFile; fileRef = C106E47E13DD5E2B007E6357 /* PHLSign.cpp */; };
		C106E48113DD76CC007E6357 /* PHLPowerup.cpp in Sources */ = {isa = PBXBuildFile; fileRef = C106E48013DD76CB007E6357 /* PHLPowerup.cpp */; };
		C106E48513DD8314007E6357 /* PHLShieldPowerup.cpp in Sources */ = {isa = PBXBuildFile; fileRef = C106E48413DD8314007E6357 /* PHLShieldPowerup.cpp */; };
		C12069CA14D732D3007DACEA /* libporkholt-ios.a in Frameworks */ = {isa = PBXBuildFile; fileRef = C120696A14D7163D007DACEA /* libporkholt-ios.a */; };
		C12069CB14D73391007DACEA /* OpenGLES.framework in Frameworks */ = {isa = PBXBuildFile; fileRef = 28FD14FF0DC6FC520079059D /* OpenGLES.framework */; };
		C12069CC14D733A9007DACEA /* OpenAL.framework in Frameworks */ = {isa = PBXBuildFile; fileRef = C1B3C8541471382D000FD6DF /* OpenAL.framework */; };
		C12069D314D733DC007DACEA /* AVFoundation.framework in Frameworks */ = {isa = PBXBuildFile; fileRef = C1B3C85014713816000FD6DF /* AVFoundation.framework */; };
		C12069D414D733EC007DACEA /* AudioToolbox.framework in Frameworks */ = {isa = PBXBuildFile; fileRef = C1B3C85214713823000FD6DF /* AudioToolbox.framework */; };
		C13664281337F972009B755B /* PHCaptureView.cpp in Sources */ = {isa = PBXBuildFile; fileRef = C13664271337F972009B755B /* PHCaptureView.cpp */; };
		C143AF0F13DE123B00EBCF8D /* PHHeartView.cpp in Sources */ = {isa = PBXBuildFile; fileRef = C143AF0E13DE123B00EBCF8D /* PHHeartView.cpp */; };
		C1707D79137D13D400395313 /* PHJoint.cpp in Sources */ = {isa = PBXBuildFile; fileRef = C1707D77137D13D400395313 /* PHJoint.cpp */; };
		C1748C5F1400258300FB2796 /* PHMenuController.cpp in Sources */ = {isa = PBXBuildFile; fileRef = C1748C5E1400258300FB2796 /* PHMenuController.cpp */; };
		C1748C63140042ED00FB2796 /* PHTitleScreen.cpp in Sources */ = {isa = PBXBuildFile; fileRef = C1748C62140042EC00FB2796 /* PHTitleScreen.cpp */; };
		C1769BCE140A4E6E00638068 /* PHEntryPoint.cpp in Sources */ = {isa = PBXBuildFile; fileRef = C1769BCD140A4E6E00638068 /* PHEntryPoint.cpp */; };
		C177805213BCDAB50003640D /* PHScriptableTimer.cpp in Sources */ = {isa = PBXBuildFile; fileRef = C177805013BCDAAB0003640D /* PHScriptableTimer.cpp */; };
		C17B487513C1C44200FAD712 /* PHLAnimation.cpp in Sources */ = {isa = PBXBuildFile; fileRef = C17B487313C1C44200FAD712 /* PHLAnimation.cpp */; };
		C17B4E37130EA1F400C2EC8D /* PHTouchInterface.mm in Sources */ = {isa = PBXBuildFile; fileRef = C17B4E36130EA1F400C2EC8D /* PHTouchInterface.mm */; };
		C17D0F551322A31000BDB8EF /* PHLevelController.cpp in Sources */ = {isa = PBXBuildFile; fileRef = C17D0F541322A31000BDB8EF /* PHLevelController.cpp */; };
		C17D0F581322AD7700BDB8EF /* PHWorld.cpp in Sources */ = {isa = PBXBuildFile; fileRef = C17D0F571322AD7700BDB8EF /* PHWorld.cpp */; };
		C19B4B2913D8D00F00C714FB /* PHDialogView.cpp in Sources */ = {isa = PBXBuildFile; fileRef = C19B4B2813D8D00F00C714FB /* PHDialogView.cpp */; };
		C19FC304148F4A6000EACE24 /* PHLuaConsole.cpp in Sources */ = {isa = PBXBuildFile; fileRef = C19FC303148F4A6000EACE24 /* PHLuaConsole.cpp */; };
		C19FC30A148F959E00EACE24 /* PHTCPServer.cpp in Sources */ = {isa = PBXBuildFile; fileRef = C19FC309148F959E00EACE24 /* PHTCPServer.cpp */; };
		C19FC30D148F976600EACE24 /* PHTCPConsole.cpp in Sources */ = {isa = PBXBuildFile; fileRef = C19FC30C148F976600EACE24 /* PHTCPConsole.cpp */; };
		C1A035CE132E062300F0200C /* b2Body.cpp in Sources */ = {isa = PBXBuildFile; fileRef = C1A03582132E062300F0200C /* b2Body.cpp */; };
		C1A035CF132E062300F0200C /* b2Body.h in Headers */ = {isa = PBXBuildFile; fileRef = C1A03583132E062300F0200C /* b2Body.h */; };
		C1A035D0132E062300F0200C /* b2ContactManager.cpp in Sources */ = {isa = PBXBuildFile; fileRef = C1A03584132E062300F0200C /* b2ContactManager.cpp */; };
		C1A035D1132E062300F0200C /* b2ContactManager.h in Headers */ = {isa = PBXBuildFile; fileRef = C1A03585132E062300F0200C /* b2ContactManager.h */; };
		C1A035D2132E062300F0200C /* b2Fixture.cpp in Sources */ = {isa = PBXBuildFile; fileRef = C1A03586132E062300F0200C /* b2Fixture.cpp */; };
		C1A035D3132E062300F0200C /* b2Fixture.h in Headers */ = {isa = PBXBuildFile; fileRef = C1A03587132E062300F0200C /* b2Fixture.h */; };
		C1A035D4132E062300F0200C /* b2Island.cpp in Sources */ = {isa = PBXBuildFile; fileRef = C1A03588132E062300F0200C /* b2Island.cpp */; };
		C1A035D5132E062300F0200C /* b2Island.h in Headers */ = {isa = PBXBuildFile; fileRef = C1A03589132E062300F0200C /* b2Island.h */; };
		C1A035D6132E062300F0200C /* b2TimeStep.h in Headers */ = {isa = PBXBuildFile; fileRef = C1A0358A132E062300F0200C /* b2TimeStep.h */; };
		C1A035D7132E062300F0200C /* b2World.cpp in Sources */ = {isa = PBXBuildFile; fileRef = C1A0358B132E062300F0200C /* b2World.cpp */; };
		C1A035D8132E062300F0200C /* b2World.h in Headers */ = {isa = PBXBuildFile; fileRef = C1A0358C132E062300F0200C /* b2World.h */; };
		C1A035D9132E062300F0200C /* b2WorldCallbacks.cpp in Sources */ = {isa = PBXBuildFile; fileRef = C1A0358D132E062300F0200C /* b2WorldCallbacks.cpp */; };
		C1A035DA132E062300F0200C /* b2WorldCallbacks.h in Headers */ = {isa = PBXBuildFile; fileRef = C1A0358E132E062300F0200C /* b2WorldCallbacks.h */; };
		C1A035DB132E062300F0200C /* b2CircleContact.cpp in Sources */ = {isa = PBXBuildFile; fileRef = C1A03590132E062300F0200C /* b2CircleContact.cpp */; };
		C1A035DC132E062300F0200C /* b2CircleContact.h in Headers */ = {isa = PBXBuildFile; fileRef = C1A03591132E062300F0200C /* b2CircleContact.h */; };
		C1A035DD132E062300F0200C /* b2Contact.cpp in Sources */ = {isa = PBXBuildFile; fileRef = C1A03592132E062300F0200C /* b2Contact.cpp */; };
		C1A035DE132E062300F0200C /* b2Contact.h in Headers */ = {isa = PBXBuildFile; fileRef = C1A03593132E062300F0200C /* b2Contact.h */; };
		C1A035DF132E062300F0200C /* b2ContactSolver.cpp in Sources */ = {isa = PBXBuildFile; fileRef = C1A03594132E062300F0200C /* b2ContactSolver.cpp */; };
		C1A035E0132E062300F0200C /* b2ContactSolver.h in Headers */ = {isa = PBXBuildFile; fileRef = C1A03595132E062300F0200C /* b2ContactSolver.h */; };
		C1A035E1132E062300F0200C /* b2PolygonAndCircleContact.cpp in Sources */ = {isa = PBXBuildFile; fileRef = C1A03596132E062300F0200C /* b2PolygonAndCircleContact.cpp */; };
		C1A035E2132E062300F0200C /* b2PolygonAndCircleContact.h in Headers */ = {isa = PBXBuildFile; fileRef = C1A03597132E062300F0200C /* b2PolygonAndCircleContact.h */; };
		C1A035E3132E062300F0200C /* b2PolygonContact.cpp in Sources */ = {isa = PBXBuildFile; fileRef = C1A03598132E062300F0200C /* b2PolygonContact.cpp */; };
		C1A035E4132E062300F0200C /* b2PolygonContact.h in Headers */ = {isa = PBXBuildFile; fileRef = C1A03599132E062300F0200C /* b2PolygonContact.h */; };
		C1A035E5132E062300F0200C /* b2TOISolver.cpp in Sources */ = {isa = PBXBuildFile; fileRef = C1A0359A132E062300F0200C /* b2TOISolver.cpp */; };
		C1A035E6132E062300F0200C /* b2TOISolver.h in Headers */ = {isa = PBXBuildFile; fileRef = C1A0359B132E062300F0200C /* b2TOISolver.h */; };
		C1A035E7132E062300F0200C /* b2DistanceJoint.cpp in Sources */ = {isa = PBXBuildFile; fileRef = C1A0359D132E062300F0200C /* b2DistanceJoint.cpp */; };
		C1A035E8132E062300F0200C /* b2DistanceJoint.h in Headers */ = {isa = PBXBuildFile; fileRef = C1A0359E132E062300F0200C /* b2DistanceJoint.h */; };
		C1A035E9132E062300F0200C /* b2FrictionJoint.cpp in Sources */ = {isa = PBXBuildFile; fileRef = C1A0359F132E062300F0200C /* b2FrictionJoint.cpp */; };
		C1A035EA132E062300F0200C /* b2FrictionJoint.h in Headers */ = {isa = PBXBuildFile; fileRef = C1A035A0132E062300F0200C /* b2FrictionJoint.h */; };
		C1A035EB132E062300F0200C /* b2GearJoint.cpp in Sources */ = {isa = PBXBuildFile; fileRef = C1A035A1132E062300F0200C /* b2GearJoint.cpp */; };
		C1A035EC132E062300F0200C /* b2GearJoint.h in Headers */ = {isa = PBXBuildFile; fileRef = C1A035A2132E062300F0200C /* b2GearJoint.h */; };
		C1A035ED132E062300F0200C /* b2Joint.cpp in Sources */ = {isa = PBXBuildFile; fileRef = C1A035A3132E062300F0200C /* b2Joint.cpp */; };
		C1A035EE132E062300F0200C /* b2Joint.h in Headers */ = {isa = PBXBuildFile; fileRef = C1A035A4132E062300F0200C /* b2Joint.h */; };
		C1A035EF132E062300F0200C /* b2LineJoint.cpp in Sources */ = {isa = PBXBuildFile; fileRef = C1A035A5132E062300F0200C /* b2LineJoint.cpp */; };
		C1A035F0132E062300F0200C /* b2LineJoint.h in Headers */ = {isa = PBXBuildFile; fileRef = C1A035A6132E062300F0200C /* b2LineJoint.h */; };
		C1A035F1132E062300F0200C /* b2MouseJoint.cpp in Sources */ = {isa = PBXBuildFile; fileRef = C1A035A7132E062300F0200C /* b2MouseJoint.cpp */; };
		C1A035F2132E062300F0200C /* b2MouseJoint.h in Headers */ = {isa = PBXBuildFile; fileRef = C1A035A8132E062300F0200C /* b2MouseJoint.h */; };
		C1A035F3132E062300F0200C /* b2PrismaticJoint.cpp in Sources */ = {isa = PBXBuildFile; fileRef = C1A035A9132E062300F0200C /* b2PrismaticJoint.cpp */; };
		C1A035F4132E062300F0200C /* b2PrismaticJoint.h in Headers */ = {isa = PBXBuildFile; fileRef = C1A035AA132E062300F0200C /* b2PrismaticJoint.h */; };
		C1A035F5132E062300F0200C /* b2PulleyJoint.cpp in Sources */ = {isa = PBXBuildFile; fileRef = C1A035AB132E062300F0200C /* b2PulleyJoint.cpp */; };
		C1A035F6132E062300F0200C /* b2PulleyJoint.h in Headers */ = {isa = PBXBuildFile; fileRef = C1A035AC132E062300F0200C /* b2PulleyJoint.h */; };
		C1A035F7132E062300F0200C /* b2RevoluteJoint.cpp in Sources */ = {isa = PBXBuildFile; fileRef = C1A035AD132E062300F0200C /* b2RevoluteJoint.cpp */; };
		C1A035F8132E062300F0200C /* b2RevoluteJoint.h in Headers */ = {isa = PBXBuildFile; fileRef = C1A035AE132E062300F0200C /* b2RevoluteJoint.h */; };
		C1A035F9132E062300F0200C /* b2WeldJoint.cpp in Sources */ = {isa = PBXBuildFile; fileRef = C1A035AF132E062300F0200C /* b2WeldJoint.cpp */; };
		C1A035FA132E062300F0200C /* b2WeldJoint.h in Headers */ = {isa = PBXBuildFile; fileRef = C1A035B0132E062300F0200C /* b2WeldJoint.h */; };
		C1A035FB132E062300F0200C /* b2BlockAllocator.cpp in Sources */ = {isa = PBXBuildFile; fileRef = C1A035B2132E062300F0200C /* b2BlockAllocator.cpp */; };
		C1A035FC132E062300F0200C /* b2BlockAllocator.h in Headers */ = {isa = PBXBuildFile; fileRef = C1A035B3132E062300F0200C /* b2BlockAllocator.h */; };
		C1A035FD132E062300F0200C /* b2Math.cpp in Sources */ = {isa = PBXBuildFile; fileRef = C1A035B4132E062300F0200C /* b2Math.cpp */; };
		C1A035FE132E062300F0200C /* b2Math.h in Headers */ = {isa = PBXBuildFile; fileRef = C1A035B5132E062300F0200C /* b2Math.h */; };
		C1A035FF132E062300F0200C /* b2Settings.cpp in Sources */ = {isa = PBXBuildFile; fileRef = C1A035B6132E062300F0200C /* b2Settings.cpp */; };
		C1A03600132E062300F0200C /* b2Settings.h in Headers */ = {isa = PBXBuildFile; fileRef = C1A035B7132E062300F0200C /* b2Settings.h */; };
		C1A03601132E062300F0200C /* b2StackAllocator.cpp in Sources */ = {isa = PBXBuildFile; fileRef = C1A035B8132E062300F0200C /* b2StackAllocator.cpp */; };
		C1A03602132E062300F0200C /* b2StackAllocator.h in Headers */ = {isa = PBXBuildFile; fileRef = C1A035B9132E062300F0200C /* b2StackAllocator.h */; };
		C1A03603132E062300F0200C /* b2BroadPhase.cpp in Sources */ = {isa = PBXBuildFile; fileRef = C1A035BB132E062300F0200C /* b2BroadPhase.cpp */; };
		C1A03604132E062300F0200C /* b2BroadPhase.h in Headers */ = {isa = PBXBuildFile; fileRef = C1A035BC132E062300F0200C /* b2BroadPhase.h */; };
		C1A03605132E062300F0200C /* b2CollideCircle.cpp in Sources */ = {isa = PBXBuildFile; fileRef = C1A035BD132E062300F0200C /* b2CollideCircle.cpp */; };
		C1A03606132E062300F0200C /* b2CollidePolygon.cpp in Sources */ = {isa = PBXBuildFile; fileRef = C1A035BE132E062300F0200C /* b2CollidePolygon.cpp */; };
		C1A03607132E062300F0200C /* b2Collision.cpp in Sources */ = {isa = PBXBuildFile; fileRef = C1A035BF132E062300F0200C /* b2Collision.cpp */; };
		C1A03608132E062300F0200C /* b2Collision.h in Headers */ = {isa = PBXBuildFile; fileRef = C1A035C0132E062300F0200C /* b2Collision.h */; };
		C1A03609132E062300F0200C /* b2Distance.cpp in Sources */ = {isa = PBXBuildFile; fileRef = C1A035C1132E062300F0200C /* b2Distance.cpp */; };
		C1A0360A132E062300F0200C /* b2Distance.h in Headers */ = {isa = PBXBuildFile; fileRef = C1A035C2132E062300F0200C /* b2Distance.h */; };
		C1A0360B132E062300F0200C /* b2DynamicTree.cpp in Sources */ = {isa = PBXBuildFile; fileRef = C1A035C3132E062300F0200C /* b2DynamicTree.cpp */; };
		C1A0360C132E062300F0200C /* b2DynamicTree.h in Headers */ = {isa = PBXBuildFile; fileRef = C1A035C4132E062300F0200C /* b2DynamicTree.h */; };
		C1A0360D132E062300F0200C /* b2TimeOfImpact.cpp in Sources */ = {isa = PBXBuildFile; fileRef = C1A035C5132E062300F0200C /* b2TimeOfImpact.cpp */; };
		C1A0360E132E062300F0200C /* b2TimeOfImpact.h in Headers */ = {isa = PBXBuildFile; fileRef = C1A035C6132E062300F0200C /* b2TimeOfImpact.h */; };
		C1A0360F132E062300F0200C /* b2CircleShape.cpp in Sources */ = {isa = PBXBuildFile; fileRef = C1A035C8132E062300F0200C /* b2CircleShape.cpp */; };
		C1A03610132E062300F0200C /* b2CircleShape.h in Headers */ = {isa = PBXBuildFile; fileRef = C1A035C9132E062300F0200C /* b2CircleShape.h */; };
		C1A03611132E062300F0200C /* b2PolygonShape.cpp in Sources */ = {isa = PBXBuildFile; fileRef = C1A035CA132E062300F0200C /* b2PolygonShape.cpp */; };
		C1A03612132E062300F0200C /* b2PolygonShape.h in Headers */ = {isa = PBXBuildFile; fileRef = C1A035CB132E062300F0200C /* b2PolygonShape.h */; };
		C1A03613132E062300F0200C /* b2Shape.h in Headers */ = {isa = PBXBuildFile; fileRef = C1A035CC132E062300F0200C /* b2Shape.h */; };
		C1A03614132E062300F0200C /* Box2D.h in Headers */ = {isa = PBXBuildFile; fileRef = C1A035CD132E062300F0200C /* Box2D.h */; };
		C1A03619132E071F00F0200C /* libBox2D.a in Frameworks */ = {isa = PBXBuildFile; fileRef = C1A034E9132DF62700F0200C /* libBox2D.a */; };
		C1A8855413B87E1F00A1A402 /* PHScripting.cpp in Sources */ = {isa = PBXBuildFile; fileRef = C1A8855213B87E1F00A1A402 /* PHScripting.cpp */; };
		C1AF4FBF13A6589A00ED2ED7 /* PHChapterController.cpp in Sources */ = {isa = PBXBuildFile; fileRef = C1AF4FBD13A6589A00ED2ED7 /* PHChapterController.cpp */; };
		C1AF893313387B850046179B /* PHGaugeView.cpp in Sources */ = {isa = PBXBuildFile; fileRef = C1AF893213387B850046179B /* PHGaugeView.cpp */; };
		C1B2418813D06A3A005B60BF /* PHLNPC.cpp in Sources */ = {isa = PBXBuildFile; fileRef = C1B2418613D06A3A005B60BF /* PHLNPC.cpp */; };
		C1B3C80314697CAE000FD6DF /* PHLBomberBird.cpp in Sources */ = {isa = PBXBuildFile; fileRef = C1B3C80214697CAD000FD6DF /* PHLBomberBird.cpp */; };
		C1B3C8061469B1FB000FD6DF /* PHLEggBomb.cpp in Sources */ = {isa = PBXBuildFile; fileRef = C1B3C8051469B1FB000FD6DF /* PHLEggBomb.cpp */; };
		C1B4AEC6137D46F9006E65FE /* PHDistanceJoint.cpp in Sources */ = {isa = PBXBuildFile; fileRef = C1B4AEC4137D46F9006E65FE /* PHDistanceJoint.cpp */; };
		C1B4AED9137DA430006E65FE /* PHMotorJoint.cpp in Sources */ = {isa = PBXBuildFile; fileRef = C1B4AED7137DA430006E65FE /* PHMotorJoint.cpp */; };
		C1B4AEDC137DADFC006E65FE /* PHRevoluteJoint.cpp in Sources */ = {isa = PBXBuildFile; fileRef = C1B4AEDA137DADFB006E65FE /* PHRevoluteJoint.cpp */; };
		C1B4AEDF137E5A2E006E65FE /* PHPrismaticJoint.cpp in Sources */ = {isa = PBXBuildFile; fileRef = C1B4AEDD137E5A2C006E65FE /* PHPrismaticJoint.cpp */; };
		C1B70F6813DF60000070D722 /* PHLLevelEnd.cpp in Sources */ = {isa = PBXBuildFile; fileRef = C1B70F6713DF60000070D722 /* PHLLevelEnd.cpp */; };
		C1B70F6A13E011D00070D722 /* PHLPit.cpp in Sources */ = {isa = PBXBuildFile; fileRef = C1B70F6913E011D00070D722 /* PHLPit.cpp */; };
		C1B7ECAC1323E1250004C8EA /* PHLObject.cpp in Sources */ = {isa = PBXBuildFile; fileRef = C1B7ECAB1323E1250004C8EA /* PHLObject.cpp */; };
		C1B7ECD41323ED6E0004C8EA /* PHLCamera.cpp in Sources */ = {isa = PBXBuildFile; fileRef = C1B7ECD31323ED6E0004C8EA /* PHLCamera.cpp */; };
		C1B9E41013E1E40600B1C0C6 /* PHPoofView.cpp in Sources */ = {isa = PBXBuildFile; fileRef = C1B9E40F13E1E40600B1C0C6 /* PHPoofView.cpp */; };
		C1B9E41213E27D5700B1C0C6 /* PHLHPPowerup.cpp in Sources */ = {isa = PBXBuildFile; fileRef = C1B9E41113E27D5700B1C0C6 /* PHLHPPowerup.cpp */; };
		C1B9E41613E27ECA00B1C0C6 /* PHLPowerPowerup.cpp in Sources */ = {isa = PBXBuildFile; fileRef = C1B9E41513E27EC900B1C0C6 /* PHLPowerPowerup.cpp */; };
		C1B9E41813E2BD7600B1C0C6 /* PHShieldView.cpp in Sources */ = {isa = PBXBuildFile; fileRef = C1B9E41713E2BD7500B1C0C6 /* PHShieldView.cpp */; };
		C1C0398113CEE6DB004BCC24 /* PHLSensor.cpp in Sources */ = {isa = PBXBuildFile; fileRef = C1C0397F13CEE6DB004BCC24 /* PHLSensor.cpp */; };
		C1C1BF1E14DACEDF00AC9076 /* liblua.a in Frameworks */ = {isa = PBXBuildFile; fileRef = C11B488E14DA9B5C00431210 /* liblua.a */; };
		C1C1BF1F14DACEDF00AC9076 /* libpng15.a in Frameworks */ = {isa = PBXBuildFile; fileRef = C11B488F14DA9B5C00431210 /* libpng15.a */; };
		C1C1BF2014DACEDF00AC9076 /* libz.a in Frameworks */ = {isa = PBXBuildFile; fileRef = C11B489014DA9B5C00431210 /* libz.a */; };
		C1D6A1F01381233E0010009E /* PHPlayerView.cpp in Sources */ = {isa = PBXBuildFile; fileRef = C1D6A1EE1381233E0010009E /* PHPlayerView.cpp */; };
		C1D6A2181382A31C0010009E /* PHLAuxLayer.cpp in Sources */ = {isa = PBXBuildFile; fileRef = C1D6A2161382A31C0010009E /* PHLAuxLayer.cpp */; };
		C1F1DE17138B963500C8051C /* PHLPlatform.cpp in Sources */ = {isa = PBXBuildFile; fileRef = C1F1DE15138B963500C8051C /* PHLPlatform.cpp */; };
		C1FEC0EA1337D3CB00FEBDA6 /* PHLPlayer.cpp in Sources */ = {isa = PBXBuildFile; fileRef = C1FEC0E91337D3CB00FEBDA6 /* PHLPlayer.cpp */; };
		C1FF4DD713DC1F16003B7673 /* rsrc in Resources */ = {isa = PBXBuildFile; fileRef = C1FF4DD613DC1F16003B7673 /* rsrc */; };
		C1FF4DD913DCAB6A003B7673 /* PHLBull.cpp in Sources */ = {isa = PBXBuildFile; fileRef = C1FF4DD813DCAB6A003B7673 /* PHLBull.cpp */; };
		C1FF4DDB13DCAB81003B7673 /* PHLMob.cpp in Sources */ = {isa = PBXBuildFile; fileRef = C1FF4DDA13DCAB81003B7673 /* PHLMob.cpp */; };
/* End PBXBuildFile section */

/* Begin PBXContainerItemProxy section */
		C120696914D7163D007DACEA /* PBXContainerItemProxy */ = {
			isa = PBXContainerItemProxy;
			containerPortal = C120696314D7163D007DACEA /* Porkholt.xcodeproj */;
			proxyType = 2;
			remoteGlobalIDString = C137060F14D6C4ED002CA4CA;
			remoteInfo = "Porkholt Engine iOS";
		};
		C120696B14D7163D007DACEA /* PBXContainerItemProxy */ = {
			isa = PBXContainerItemProxy;
			containerPortal = C120696314D7163D007DACEA /* Porkholt.xcodeproj */;
			proxyType = 2;
			remoteGlobalIDString = C1B5BD6F14D6EACA005483ED;
			remoteInfo = "Porkholt Engine Mac OS";
		};
		C120697A14D717A3007DACEA /* PBXContainerItemProxy */ = {
			isa = PBXContainerItemProxy;
			containerPortal = C120696314D7163D007DACEA /* Porkholt.xcodeproj */;
			proxyType = 1;
			remoteGlobalIDString = C137060E14D6C4ED002CA4CA;
			remoteInfo = "Porkholt Engine iOS";
		};
		C1A03617132E070E00F0200C /* PBXContainerItemProxy */ = {
			isa = PBXContainerItemProxy;
			containerPortal = 29B97313FDCFA39411CA2CEA /* Project object */;
			proxyType = 1;
			remoteGlobalIDString = C1A034E8132DF62700F0200C;
			remoteInfo = Box2D;
		};
		C1FF4DD413DC1DE7003B7673 /* PBXContainerItemProxy */ = {
			isa = PBXContainerItemProxy;
			containerPortal = 29B97313FDCFA39411CA2CEA /* Project object */;
			proxyType = 1;
			remoteGlobalIDString = C1FF4DCF13DC1B6E003B7673;
			remoteInfo = Resources;
		};
/* End PBXContainerItemProxy section */

/* Begin PBXFileReference section */
		1D30AB110D05D00D00671497 /* Foundation.framework */ = {isa = PBXFileReference; lastKnownFileType = wrapper.framework; name = Foundation.framework; path = System/Library/Frameworks/Foundation.framework; sourceTree = SDKROOT; };
		1D3623240D0F684500981E51 /* PorkholtAppDelegate.h */ = {isa = PBXFileReference; fileEncoding = 4; lastKnownFileType = sourcecode.c.h; path = PorkholtAppDelegate.h; sourceTree = "<group>"; };
		1D3623250D0F684500981E51 /* PorkholtAppDelegate.mm */ = {isa = PBXFileReference; fileEncoding = 4; lastKnownFileType = sourcecode.cpp.objcpp; path = PorkholtAppDelegate.mm; sourceTree = "<group>"; };
		1D6058910D05DD3D006BFB54 /* Beeno.app */ = {isa = PBXFileReference; explicitFileType = wrapper.application; includeInIndex = 0; path = Beeno.app; sourceTree = BUILT_PRODUCTS_DIR; };
		1DF5F4DF0D08C38300B7A737 /* UIKit.framework */ = {isa = PBXFileReference; lastKnownFileType = wrapper.framework; name = UIKit.framework; path = System/Library/Frameworks/UIKit.framework; sourceTree = SDKROOT; };
		28EC4C5611D54ECE0027AA9F /* PorkholtViewController.h */ = {isa = PBXFileReference; fileEncoding = 4; lastKnownFileType = sourcecode.c.h; path = PorkholtViewController.h; sourceTree = "<group>"; };
		28EC4C5711D54ECE0027AA9F /* PorkholtViewController.mm */ = {isa = PBXFileReference; fileEncoding = 4; lastKnownFileType = sourcecode.cpp.objcpp; path = PorkholtViewController.mm; sourceTree = "<group>"; };
		28FD14FC0DC6FC130079059D /* EAGLView.h */ = {isa = PBXFileReference; fileEncoding = 4; lastKnownFileType = sourcecode.c.h; path = EAGLView.h; sourceTree = "<group>"; };
		28FD14FD0DC6FC130079059D /* EAGLView.m */ = {isa = PBXFileReference; fileEncoding = 4; lastKnownFileType = sourcecode.c.objc; path = EAGLView.m; sourceTree = "<group>"; };
		28FD14FF0DC6FC520079059D /* OpenGLES.framework */ = {isa = PBXFileReference; lastKnownFileType = wrapper.framework; name = OpenGLES.framework; path = System/Library/Frameworks/OpenGLES.framework; sourceTree = SDKROOT; };
		28FD15070DC6FC5B0079059D /* QuartzCore.framework */ = {isa = PBXFileReference; lastKnownFileType = wrapper.framework; name = QuartzCore.framework; path = System/Library/Frameworks/QuartzCore.framework; sourceTree = SDKROOT; };
		29B97316FDCFA39411CA2CEA /* main.m */ = {isa = PBXFileReference; fileEncoding = 4; lastKnownFileType = sourcecode.c.objc; path = main.m; sourceTree = "<group>"; };
		32CA4F630368D1EE00C91783 /* Porkholt_Prefix.pch */ = {isa = PBXFileReference; fileEncoding = 4; lastKnownFileType = sourcecode.c.h; path = Porkholt_Prefix.pch; sourceTree = "<group>"; };
		8D1107310486CEB800E47090 /* Porkholt-Info.plist */ = {isa = PBXFileReference; fileEncoding = 4; lastKnownFileType = text.plist.xml; path = "Porkholt-Info.plist"; plistStructureDefinitionIdentifier = "com.apple.xcode.plist.structure-definition.iphone.info-plist"; sourceTree = "<group>"; };
		C106E47913DD427C007E6357 /* PHLGround.cpp */ = {isa = PBXFileReference; fileEncoding = 4; lastKnownFileType = sourcecode.cpp.cpp; path = PHLGround.cpp; sourceTree = "<group>"; };
		C106E47C13DD4289007E6357 /* PHLGround.h */ = {isa = PBXFileReference; fileEncoding = 4; lastKnownFileType = sourcecode.c.h; path = PHLGround.h; sourceTree = "<group>"; };
		C106E47D13DD5DAA007E6357 /* PHLSign.h */ = {isa = PBXFileReference; fileEncoding = 4; lastKnownFileType = sourcecode.c.h; path = PHLSign.h; sourceTree = "<group>"; };
		C106E47E13DD5E2B007E6357 /* PHLSign.cpp */ = {isa = PBXFileReference; fileEncoding = 4; lastKnownFileType = sourcecode.cpp.cpp; path = PHLSign.cpp; sourceTree = "<group>"; };
		C106E48013DD76CB007E6357 /* PHLPowerup.cpp */ = {isa = PBXFileReference; fileEncoding = 4; lastKnownFileType = sourcecode.cpp.cpp; path = PHLPowerup.cpp; sourceTree = "<group>"; };
		C106E48213DD76EB007E6357 /* PHLPowerup.h */ = {isa = PBXFileReference; fileEncoding = 4; lastKnownFileType = sourcecode.c.h; path = PHLPowerup.h; sourceTree = "<group>"; };
		C106E48313DD82BF007E6357 /* PHLShieldPowerup.h */ = {isa = PBXFileReference; fileEncoding = 4; lastKnownFileType = sourcecode.c.h; path = PHLShieldPowerup.h; sourceTree = "<group>"; };
		C106E48413DD8314007E6357 /* PHLShieldPowerup.cpp */ = {isa = PBXFileReference; fileEncoding = 4; lastKnownFileType = sourcecode.cpp.cpp; path = PHLShieldPowerup.cpp; sourceTree = "<group>"; };
		C11B488E14DA9B5C00431210 /* liblua.a */ = {isa = PBXFileReference; lastKnownFileType = archive.ar; name = liblua.a; path = ../../Externals/lib/darwin/ios/liblua.a; sourceTree = "<group>"; };
		C11B488F14DA9B5C00431210 /* libpng15.a */ = {isa = PBXFileReference; lastKnownFileType = archive.ar; name = libpng15.a; path = ../../Externals/lib/darwin/ios/libpng15.a; sourceTree = "<group>"; };
		C11B489014DA9B5C00431210 /* libz.a */ = {isa = PBXFileReference; lastKnownFileType = archive.ar; name = libz.a; path = ../../Externals/lib/darwin/ios/libz.a; sourceTree = "<group>"; };
		C120696314D7163D007DACEA /* Porkholt.xcodeproj */ = {isa = PBXFileReference; lastKnownFileType = "wrapper.pb-project"; name = Porkholt.xcodeproj; path = ../../Engine/Porkholt.xcodeproj; sourceTree = "<group>"; };
		C13242691304A863001AEBFE /* rsrc */ = {isa = PBXFileReference; lastKnownFileType = folder; path = rsrc; sourceTree = "<group>"; };
		C13664261337F972009B755B /* PHCaptureView.h */ = {isa = PBXFileReference; fileEncoding = 4; lastKnownFileType = sourcecode.c.h; path = PHCaptureView.h; sourceTree = "<group>"; };
		C13664271337F972009B755B /* PHCaptureView.cpp */ = {isa = PBXFileReference; fileEncoding = 4; lastKnownFileType = sourcecode.cpp.cpp; path = PHCaptureView.cpp; sourceTree = "<group>"; };
		C143AF0E13DE123B00EBCF8D /* PHHeartView.cpp */ = {isa = PBXFileReference; fileEncoding = 4; lastKnownFileType = sourcecode.cpp.cpp; path = PHHeartView.cpp; sourceTree = "<group>"; };
		C143AF1113DE124A00EBCF8D /* PHHeartView.h */ = {isa = PBXFileReference; fileEncoding = 4; lastKnownFileType = sourcecode.c.h; path = PHHeartView.h; sourceTree = "<group>"; };
		C1707D77137D13D400395313 /* PHJoint.cpp */ = {isa = PBXFileReference; fileEncoding = 4; lastKnownFileType = sourcecode.cpp.cpp; lineEnding = 0; path = PHJoint.cpp; sourceTree = "<group>"; xcLanguageSpecificationIdentifier = xcode.lang.cpp; };
		C1707D78137D13D400395313 /* PHJoint.h */ = {isa = PBXFileReference; fileEncoding = 4; lastKnownFileType = sourcecode.c.h; lineEnding = 0; path = PHJoint.h; sourceTree = "<group>"; xcLanguageSpecificationIdentifier = xcode.lang.objcpp; };
		C1748C5E1400258300FB2796 /* PHMenuController.cpp */ = {isa = PBXFileReference; fileEncoding = 4; lastKnownFileType = sourcecode.cpp.cpp; path = PHMenuController.cpp; sourceTree = "<group>"; };
		C1748C601400259C00FB2796 /* PHMenuController.h */ = {isa = PBXFileReference; fileEncoding = 4; lastKnownFileType = sourcecode.c.h; path = PHMenuController.h; sourceTree = "<group>"; };
		C1748C61140042DE00FB2796 /* PHTitleScreen.h */ = {isa = PBXFileReference; fileEncoding = 4; lastKnownFileType = sourcecode.c.h; path = PHTitleScreen.h; sourceTree = "<group>"; };
		C1748C62140042EC00FB2796 /* PHTitleScreen.cpp */ = {isa = PBXFileReference; fileEncoding = 4; lastKnownFileType = sourcecode.cpp.cpp; path = PHTitleScreen.cpp; sourceTree = "<group>"; };
		C1769BCD140A4E6E00638068 /* PHEntryPoint.cpp */ = {isa = PBXFileReference; fileEncoding = 4; lastKnownFileType = sourcecode.cpp.cpp; path = PHEntryPoint.cpp; sourceTree = "<group>"; };
		C177805013BCDAAB0003640D /* PHScriptableTimer.cpp */ = {isa = PBXFileReference; fileEncoding = 4; lastKnownFileType = sourcecode.cpp.cpp; path = PHScriptableTimer.cpp; sourceTree = "<group>"; };
		C177805113BCDAB00003640D /* PHScriptableTimer.h */ = {isa = PBXFileReference; fileEncoding = 4; lastKnownFileType = sourcecode.c.h; path = PHScriptableTimer.h; sourceTree = "<group>"; };
		C17B487313C1C44200FAD712 /* PHLAnimation.cpp */ = {isa = PBXFileReference; fileEncoding = 4; lastKnownFileType = sourcecode.cpp.cpp; path = PHLAnimation.cpp; sourceTree = "<group>"; };
		C17B487413C1C44200FAD712 /* PHLAnimation.h */ = {isa = PBXFileReference; fileEncoding = 4; lastKnownFileType = sourcecode.c.h; path = PHLAnimation.h; sourceTree = "<group>"; };
		C17B4E35130EA1F400C2EC8D /* PHTouchInterface.h */ = {isa = PBXFileReference; fileEncoding = 4; lastKnownFileType = sourcecode.c.h; path = PHTouchInterface.h; sourceTree = "<group>"; };
		C17B4E36130EA1F400C2EC8D /* PHTouchInterface.mm */ = {isa = PBXFileReference; fileEncoding = 4; lastKnownFileType = sourcecode.cpp.objcpp; path = PHTouchInterface.mm; sourceTree = "<group>"; };
		C17D0F531322A31000BDB8EF /* PHLevelController.h */ = {isa = PBXFileReference; fileEncoding = 4; lastKnownFileType = sourcecode.c.h; path = PHLevelController.h; sourceTree = "<group>"; };
		C17D0F541322A31000BDB8EF /* PHLevelController.cpp */ = {isa = PBXFileReference; fileEncoding = 4; lastKnownFileType = sourcecode.cpp.cpp; lineEnding = 0; path = PHLevelController.cpp; sourceTree = "<group>"; xcLanguageSpecificationIdentifier = xcode.lang.cpp; };
		C17D0F561322AD7700BDB8EF /* PHWorld.h */ = {isa = PBXFileReference; fileEncoding = 4; lastKnownFileType = sourcecode.c.h; path = PHWorld.h; sourceTree = "<group>"; };
		C17D0F571322AD7700BDB8EF /* PHWorld.cpp */ = {isa = PBXFileReference; fileEncoding = 4; lastKnownFileType = sourcecode.cpp.cpp; path = PHWorld.cpp; sourceTree = "<group>"; };
		C19B4B2813D8D00F00C714FB /* PHDialogView.cpp */ = {isa = PBXFileReference; fileEncoding = 4; lastKnownFileType = sourcecode.cpp.cpp; path = PHDialogView.cpp; sourceTree = "<group>"; };
		C19B4B2A13D8D05100C714FB /* PHDialogView.h */ = {isa = PBXFileReference; fileEncoding = 4; lastKnownFileType = sourcecode.c.h; path = PHDialogView.h; sourceTree = "<group>"; };
		C19FC302148F4A5600EACE24 /* PHLuaConsole.h */ = {isa = PBXFileReference; fileEncoding = 4; lastKnownFileType = sourcecode.c.h; path = PHLuaConsole.h; sourceTree = "<group>"; };
		C19FC303148F4A6000EACE24 /* PHLuaConsole.cpp */ = {isa = PBXFileReference; fileEncoding = 4; lastKnownFileType = sourcecode.cpp.cpp; path = PHLuaConsole.cpp; sourceTree = "<group>"; };
		C19FC308148F951B00EACE24 /* PHTCPServer.h */ = {isa = PBXFileReference; fileEncoding = 4; lastKnownFileType = sourcecode.c.h; path = PHTCPServer.h; sourceTree = "<group>"; };
		C19FC309148F959E00EACE24 /* PHTCPServer.cpp */ = {isa = PBXFileReference; fileEncoding = 4; lastKnownFileType = sourcecode.cpp.cpp; path = PHTCPServer.cpp; sourceTree = "<group>"; };
		C19FC30B148F975A00EACE24 /* PHTCPConsole.h */ = {isa = PBXFileReference; fileEncoding = 4; lastKnownFileType = sourcecode.c.h; path = PHTCPConsole.h; sourceTree = "<group>"; };
		C19FC30C148F976600EACE24 /* PHTCPConsole.cpp */ = {isa = PBXFileReference; fileEncoding = 4; lastKnownFileType = sourcecode.cpp.cpp; path = PHTCPConsole.cpp; sourceTree = "<group>"; };
		C19FD3A613D9932A00871F8E /* PHDialog.h */ = {isa = PBXFileReference; fileEncoding = 4; lastKnownFileType = sourcecode.c.h; path = PHDialog.h; sourceTree = "<group>"; };
		C1A034E9132DF62700F0200C /* libBox2D.a */ = {isa = PBXFileReference; explicitFileType = archive.ar; includeInIndex = 0; path = libBox2D.a; sourceTree = BUILT_PRODUCTS_DIR; };
		C1A03582132E062300F0200C /* b2Body.cpp */ = {isa = PBXFileReference; fileEncoding = 4; lastKnownFileType = sourcecode.cpp.cpp; path = b2Body.cpp; sourceTree = "<group>"; };
		C1A03583132E062300F0200C /* b2Body.h */ = {isa = PBXFileReference; fileEncoding = 4; lastKnownFileType = sourcecode.c.h; path = b2Body.h; sourceTree = "<group>"; };
		C1A03584132E062300F0200C /* b2ContactManager.cpp */ = {isa = PBXFileReference; fileEncoding = 4; lastKnownFileType = sourcecode.cpp.cpp; path = b2ContactManager.cpp; sourceTree = "<group>"; };
		C1A03585132E062300F0200C /* b2ContactManager.h */ = {isa = PBXFileReference; fileEncoding = 4; lastKnownFileType = sourcecode.c.h; path = b2ContactManager.h; sourceTree = "<group>"; };
		C1A03586132E062300F0200C /* b2Fixture.cpp */ = {isa = PBXFileReference; fileEncoding = 4; lastKnownFileType = sourcecode.cpp.cpp; path = b2Fixture.cpp; sourceTree = "<group>"; };
		C1A03587132E062300F0200C /* b2Fixture.h */ = {isa = PBXFileReference; fileEncoding = 4; lastKnownFileType = sourcecode.c.h; path = b2Fixture.h; sourceTree = "<group>"; };
		C1A03588132E062300F0200C /* b2Island.cpp */ = {isa = PBXFileReference; fileEncoding = 4; lastKnownFileType = sourcecode.cpp.cpp; path = b2Island.cpp; sourceTree = "<group>"; };
		C1A03589132E062300F0200C /* b2Island.h */ = {isa = PBXFileReference; fileEncoding = 4; lastKnownFileType = sourcecode.c.h; path = b2Island.h; sourceTree = "<group>"; };
		C1A0358A132E062300F0200C /* b2TimeStep.h */ = {isa = PBXFileReference; fileEncoding = 4; lastKnownFileType = sourcecode.c.h; path = b2TimeStep.h; sourceTree = "<group>"; };
		C1A0358B132E062300F0200C /* b2World.cpp */ = {isa = PBXFileReference; fileEncoding = 4; lastKnownFileType = sourcecode.cpp.cpp; path = b2World.cpp; sourceTree = "<group>"; };
		C1A0358C132E062300F0200C /* b2World.h */ = {isa = PBXFileReference; fileEncoding = 4; lastKnownFileType = sourcecode.c.h; path = b2World.h; sourceTree = "<group>"; };
		C1A0358D132E062300F0200C /* b2WorldCallbacks.cpp */ = {isa = PBXFileReference; fileEncoding = 4; lastKnownFileType = sourcecode.cpp.cpp; path = b2WorldCallbacks.cpp; sourceTree = "<group>"; };
		C1A0358E132E062300F0200C /* b2WorldCallbacks.h */ = {isa = PBXFileReference; fileEncoding = 4; lastKnownFileType = sourcecode.c.h; path = b2WorldCallbacks.h; sourceTree = "<group>"; };
		C1A03590132E062300F0200C /* b2CircleContact.cpp */ = {isa = PBXFileReference; fileEncoding = 4; lastKnownFileType = sourcecode.cpp.cpp; path = b2CircleContact.cpp; sourceTree = "<group>"; };
		C1A03591132E062300F0200C /* b2CircleContact.h */ = {isa = PBXFileReference; fileEncoding = 4; lastKnownFileType = sourcecode.c.h; path = b2CircleContact.h; sourceTree = "<group>"; };
		C1A03592132E062300F0200C /* b2Contact.cpp */ = {isa = PBXFileReference; fileEncoding = 4; lastKnownFileType = sourcecode.cpp.cpp; path = b2Contact.cpp; sourceTree = "<group>"; };
		C1A03593132E062300F0200C /* b2Contact.h */ = {isa = PBXFileReference; fileEncoding = 4; lastKnownFileType = sourcecode.c.h; path = b2Contact.h; sourceTree = "<group>"; };
		C1A03594132E062300F0200C /* b2ContactSolver.cpp */ = {isa = PBXFileReference; fileEncoding = 4; lastKnownFileType = sourcecode.cpp.cpp; path = b2ContactSolver.cpp; sourceTree = "<group>"; };
		C1A03595132E062300F0200C /* b2ContactSolver.h */ = {isa = PBXFileReference; fileEncoding = 4; lastKnownFileType = sourcecode.c.h; path = b2ContactSolver.h; sourceTree = "<group>"; };
		C1A03596132E062300F0200C /* b2PolygonAndCircleContact.cpp */ = {isa = PBXFileReference; fileEncoding = 4; lastKnownFileType = sourcecode.cpp.cpp; path = b2PolygonAndCircleContact.cpp; sourceTree = "<group>"; };
		C1A03597132E062300F0200C /* b2PolygonAndCircleContact.h */ = {isa = PBXFileReference; fileEncoding = 4; lastKnownFileType = sourcecode.c.h; path = b2PolygonAndCircleContact.h; sourceTree = "<group>"; };
		C1A03598132E062300F0200C /* b2PolygonContact.cpp */ = {isa = PBXFileReference; fileEncoding = 4; lastKnownFileType = sourcecode.cpp.cpp; path = b2PolygonContact.cpp; sourceTree = "<group>"; };
		C1A03599132E062300F0200C /* b2PolygonContact.h */ = {isa = PBXFileReference; fileEncoding = 4; lastKnownFileType = sourcecode.c.h; path = b2PolygonContact.h; sourceTree = "<group>"; };
		C1A0359A132E062300F0200C /* b2TOISolver.cpp */ = {isa = PBXFileReference; fileEncoding = 4; lastKnownFileType = sourcecode.cpp.cpp; path = b2TOISolver.cpp; sourceTree = "<group>"; };
		C1A0359B132E062300F0200C /* b2TOISolver.h */ = {isa = PBXFileReference; fileEncoding = 4; lastKnownFileType = sourcecode.c.h; path = b2TOISolver.h; sourceTree = "<group>"; };
		C1A0359D132E062300F0200C /* b2DistanceJoint.cpp */ = {isa = PBXFileReference; fileEncoding = 4; lastKnownFileType = sourcecode.cpp.cpp; path = b2DistanceJoint.cpp; sourceTree = "<group>"; };
		C1A0359E132E062300F0200C /* b2DistanceJoint.h */ = {isa = PBXFileReference; fileEncoding = 4; lastKnownFileType = sourcecode.c.h; path = b2DistanceJoint.h; sourceTree = "<group>"; };
		C1A0359F132E062300F0200C /* b2FrictionJoint.cpp */ = {isa = PBXFileReference; fileEncoding = 4; lastKnownFileType = sourcecode.cpp.cpp; path = b2FrictionJoint.cpp; sourceTree = "<group>"; };
		C1A035A0132E062300F0200C /* b2FrictionJoint.h */ = {isa = PBXFileReference; fileEncoding = 4; lastKnownFileType = sourcecode.c.h; path = b2FrictionJoint.h; sourceTree = "<group>"; };
		C1A035A1132E062300F0200C /* b2GearJoint.cpp */ = {isa = PBXFileReference; fileEncoding = 4; lastKnownFileType = sourcecode.cpp.cpp; path = b2GearJoint.cpp; sourceTree = "<group>"; };
		C1A035A2132E062300F0200C /* b2GearJoint.h */ = {isa = PBXFileReference; fileEncoding = 4; lastKnownFileType = sourcecode.c.h; path = b2GearJoint.h; sourceTree = "<group>"; };
		C1A035A3132E062300F0200C /* b2Joint.cpp */ = {isa = PBXFileReference; fileEncoding = 4; lastKnownFileType = sourcecode.cpp.cpp; path = b2Joint.cpp; sourceTree = "<group>"; };
		C1A035A4132E062300F0200C /* b2Joint.h */ = {isa = PBXFileReference; fileEncoding = 4; lastKnownFileType = sourcecode.c.h; path = b2Joint.h; sourceTree = "<group>"; };
		C1A035A5132E062300F0200C /* b2LineJoint.cpp */ = {isa = PBXFileReference; fileEncoding = 4; lastKnownFileType = sourcecode.cpp.cpp; path = b2LineJoint.cpp; sourceTree = "<group>"; };
		C1A035A6132E062300F0200C /* b2LineJoint.h */ = {isa = PBXFileReference; fileEncoding = 4; lastKnownFileType = sourcecode.c.h; path = b2LineJoint.h; sourceTree = "<group>"; };
		C1A035A7132E062300F0200C /* b2MouseJoint.cpp */ = {isa = PBXFileReference; fileEncoding = 4; lastKnownFileType = sourcecode.cpp.cpp; path = b2MouseJoint.cpp; sourceTree = "<group>"; };
		C1A035A8132E062300F0200C /* b2MouseJoint.h */ = {isa = PBXFileReference; fileEncoding = 4; lastKnownFileType = sourcecode.c.h; path = b2MouseJoint.h; sourceTree = "<group>"; };
		C1A035A9132E062300F0200C /* b2PrismaticJoint.cpp */ = {isa = PBXFileReference; fileEncoding = 4; lastKnownFileType = sourcecode.cpp.cpp; path = b2PrismaticJoint.cpp; sourceTree = "<group>"; };
		C1A035AA132E062300F0200C /* b2PrismaticJoint.h */ = {isa = PBXFileReference; fileEncoding = 4; lastKnownFileType = sourcecode.c.h; path = b2PrismaticJoint.h; sourceTree = "<group>"; };
		C1A035AB132E062300F0200C /* b2PulleyJoint.cpp */ = {isa = PBXFileReference; fileEncoding = 4; lastKnownFileType = sourcecode.cpp.cpp; path = b2PulleyJoint.cpp; sourceTree = "<group>"; };
		C1A035AC132E062300F0200C /* b2PulleyJoint.h */ = {isa = PBXFileReference; fileEncoding = 4; lastKnownFileType = sourcecode.c.h; path = b2PulleyJoint.h; sourceTree = "<group>"; };
		C1A035AD132E062300F0200C /* b2RevoluteJoint.cpp */ = {isa = PBXFileReference; fileEncoding = 4; lastKnownFileType = sourcecode.cpp.cpp; path = b2RevoluteJoint.cpp; sourceTree = "<group>"; };
		C1A035AE132E062300F0200C /* b2RevoluteJoint.h */ = {isa = PBXFileReference; fileEncoding = 4; lastKnownFileType = sourcecode.c.h; path = b2RevoluteJoint.h; sourceTree = "<group>"; };
		C1A035AF132E062300F0200C /* b2WeldJoint.cpp */ = {isa = PBXFileReference; fileEncoding = 4; lastKnownFileType = sourcecode.cpp.cpp; path = b2WeldJoint.cpp; sourceTree = "<group>"; };
		C1A035B0132E062300F0200C /* b2WeldJoint.h */ = {isa = PBXFileReference; fileEncoding = 4; lastKnownFileType = sourcecode.c.h; path = b2WeldJoint.h; sourceTree = "<group>"; };
		C1A035B2132E062300F0200C /* b2BlockAllocator.cpp */ = {isa = PBXFileReference; fileEncoding = 4; lastKnownFileType = sourcecode.cpp.cpp; path = b2BlockAllocator.cpp; sourceTree = "<group>"; };
		C1A035B3132E062300F0200C /* b2BlockAllocator.h */ = {isa = PBXFileReference; fileEncoding = 4; lastKnownFileType = sourcecode.c.h; path = b2BlockAllocator.h; sourceTree = "<group>"; };
		C1A035B4132E062300F0200C /* b2Math.cpp */ = {isa = PBXFileReference; fileEncoding = 4; lastKnownFileType = sourcecode.cpp.cpp; path = b2Math.cpp; sourceTree = "<group>"; };
		C1A035B5132E062300F0200C /* b2Math.h */ = {isa = PBXFileReference; fileEncoding = 4; lastKnownFileType = sourcecode.c.h; path = b2Math.h; sourceTree = "<group>"; };
		C1A035B6132E062300F0200C /* b2Settings.cpp */ = {isa = PBXFileReference; fileEncoding = 4; lastKnownFileType = sourcecode.cpp.cpp; path = b2Settings.cpp; sourceTree = "<group>"; };
		C1A035B7132E062300F0200C /* b2Settings.h */ = {isa = PBXFileReference; fileEncoding = 4; lastKnownFileType = sourcecode.c.h; path = b2Settings.h; sourceTree = "<group>"; };
		C1A035B8132E062300F0200C /* b2StackAllocator.cpp */ = {isa = PBXFileReference; fileEncoding = 4; lastKnownFileType = sourcecode.cpp.cpp; path = b2StackAllocator.cpp; sourceTree = "<group>"; };
		C1A035B9132E062300F0200C /* b2StackAllocator.h */ = {isa = PBXFileReference; fileEncoding = 4; lastKnownFileType = sourcecode.c.h; path = b2StackAllocator.h; sourceTree = "<group>"; };
		C1A035BB132E062300F0200C /* b2BroadPhase.cpp */ = {isa = PBXFileReference; fileEncoding = 4; lastKnownFileType = sourcecode.cpp.cpp; path = b2BroadPhase.cpp; sourceTree = "<group>"; };
		C1A035BC132E062300F0200C /* b2BroadPhase.h */ = {isa = PBXFileReference; fileEncoding = 4; lastKnownFileType = sourcecode.c.h; path = b2BroadPhase.h; sourceTree = "<group>"; };
		C1A035BD132E062300F0200C /* b2CollideCircle.cpp */ = {isa = PBXFileReference; fileEncoding = 4; lastKnownFileType = sourcecode.cpp.cpp; path = b2CollideCircle.cpp; sourceTree = "<group>"; };
		C1A035BE132E062300F0200C /* b2CollidePolygon.cpp */ = {isa = PBXFileReference; fileEncoding = 4; lastKnownFileType = sourcecode.cpp.cpp; path = b2CollidePolygon.cpp; sourceTree = "<group>"; };
		C1A035BF132E062300F0200C /* b2Collision.cpp */ = {isa = PBXFileReference; fileEncoding = 4; lastKnownFileType = sourcecode.cpp.cpp; path = b2Collision.cpp; sourceTree = "<group>"; };
		C1A035C0132E062300F0200C /* b2Collision.h */ = {isa = PBXFileReference; fileEncoding = 4; lastKnownFileType = sourcecode.c.h; path = b2Collision.h; sourceTree = "<group>"; };
		C1A035C1132E062300F0200C /* b2Distance.cpp */ = {isa = PBXFileReference; fileEncoding = 4; lastKnownFileType = sourcecode.cpp.cpp; path = b2Distance.cpp; sourceTree = "<group>"; };
		C1A035C2132E062300F0200C /* b2Distance.h */ = {isa = PBXFileReference; fileEncoding = 4; lastKnownFileType = sourcecode.c.h; path = b2Distance.h; sourceTree = "<group>"; };
		C1A035C3132E062300F0200C /* b2DynamicTree.cpp */ = {isa = PBXFileReference; fileEncoding = 4; lastKnownFileType = sourcecode.cpp.cpp; path = b2DynamicTree.cpp; sourceTree = "<group>"; };
		C1A035C4132E062300F0200C /* b2DynamicTree.h */ = {isa = PBXFileReference; fileEncoding = 4; lastKnownFileType = sourcecode.c.h; path = b2DynamicTree.h; sourceTree = "<group>"; };
		C1A035C5132E062300F0200C /* b2TimeOfImpact.cpp */ = {isa = PBXFileReference; fileEncoding = 4; lastKnownFileType = sourcecode.cpp.cpp; path = b2TimeOfImpact.cpp; sourceTree = "<group>"; };
		C1A035C6132E062300F0200C /* b2TimeOfImpact.h */ = {isa = PBXFileReference; fileEncoding = 4; lastKnownFileType = sourcecode.c.h; path = b2TimeOfImpact.h; sourceTree = "<group>"; };
		C1A035C8132E062300F0200C /* b2CircleShape.cpp */ = {isa = PBXFileReference; fileEncoding = 4; lastKnownFileType = sourcecode.cpp.cpp; path = b2CircleShape.cpp; sourceTree = "<group>"; };
		C1A035C9132E062300F0200C /* b2CircleShape.h */ = {isa = PBXFileReference; fileEncoding = 4; lastKnownFileType = sourcecode.c.h; path = b2CircleShape.h; sourceTree = "<group>"; };
		C1A035CA132E062300F0200C /* b2PolygonShape.cpp */ = {isa = PBXFileReference; fileEncoding = 4; lastKnownFileType = sourcecode.cpp.cpp; path = b2PolygonShape.cpp; sourceTree = "<group>"; };
		C1A035CB132E062300F0200C /* b2PolygonShape.h */ = {isa = PBXFileReference; fileEncoding = 4; lastKnownFileType = sourcecode.c.h; path = b2PolygonShape.h; sourceTree = "<group>"; };
		C1A035CC132E062300F0200C /* b2Shape.h */ = {isa = PBXFileReference; fileEncoding = 4; lastKnownFileType = sourcecode.c.h; path = b2Shape.h; sourceTree = "<group>"; };
		C1A035CD132E062300F0200C /* Box2D.h */ = {isa = PBXFileReference; fileEncoding = 4; lastKnownFileType = sourcecode.c.h; path = Box2D.h; sourceTree = "<group>"; };
		C1A8855213B87E1F00A1A402 /* PHScripting.cpp */ = {isa = PBXFileReference; fileEncoding = 4; lastKnownFileType = sourcecode.cpp.cpp; path = PHScripting.cpp; sourceTree = "<group>"; };
		C1A8855313B87E1F00A1A402 /* PHScripting.h */ = {isa = PBXFileReference; fileEncoding = 4; lastKnownFileType = sourcecode.c.h; path = PHScripting.h; sourceTree = "<group>"; };
		C1AF4FBD13A6589A00ED2ED7 /* PHChapterController.cpp */ = {isa = PBXFileReference; fileEncoding = 4; lastKnownFileType = sourcecode.cpp.cpp; path = PHChapterController.cpp; sourceTree = "<group>"; };
		C1AF4FBE13A6589A00ED2ED7 /* PHChapterController.h */ = {isa = PBXFileReference; fileEncoding = 4; lastKnownFileType = sourcecode.c.h; path = PHChapterController.h; sourceTree = "<group>"; };
		C1AF893113387B850046179B /* PHGaugeView.h */ = {isa = PBXFileReference; fileEncoding = 4; lastKnownFileType = sourcecode.c.h; path = PHGaugeView.h; sourceTree = "<group>"; };
		C1AF893213387B850046179B /* PHGaugeView.cpp */ = {isa = PBXFileReference; fileEncoding = 4; lastKnownFileType = sourcecode.cpp.cpp; path = PHGaugeView.cpp; sourceTree = "<group>"; };
		C1B2418613D06A3A005B60BF /* PHLNPC.cpp */ = {isa = PBXFileReference; fileEncoding = 4; lastKnownFileType = sourcecode.cpp.cpp; path = PHLNPC.cpp; sourceTree = "<group>"; };
		C1B2418713D06A3A005B60BF /* PHLNPC.h */ = {isa = PBXFileReference; fileEncoding = 4; lastKnownFileType = sourcecode.c.h; path = PHLNPC.h; sourceTree = "<group>"; };
		C1B3C80014697B49000FD6DF /* PHLBomberBird.h */ = {isa = PBXFileReference; fileEncoding = 4; lastKnownFileType = sourcecode.c.h; path = PHLBomberBird.h; sourceTree = "<group>"; };
		C1B3C80214697CAD000FD6DF /* PHLBomberBird.cpp */ = {isa = PBXFileReference; fileEncoding = 4; lastKnownFileType = sourcecode.cpp.cpp; path = PHLBomberBird.cpp; sourceTree = "<group>"; };
		C1B3C8041469B1ED000FD6DF /* PHLEggBomb.h */ = {isa = PBXFileReference; fileEncoding = 4; lastKnownFileType = sourcecode.c.h; path = PHLEggBomb.h; sourceTree = "<group>"; };
		C1B3C8051469B1FB000FD6DF /* PHLEggBomb.cpp */ = {isa = PBXFileReference; fileEncoding = 4; lastKnownFileType = sourcecode.cpp.cpp; path = PHLEggBomb.cpp; sourceTree = "<group>"; };
		C1B3C85014713816000FD6DF /* AVFoundation.framework */ = {isa = PBXFileReference; lastKnownFileType = wrapper.framework; name = AVFoundation.framework; path = System/Library/Frameworks/AVFoundation.framework; sourceTree = SDKROOT; };
		C1B3C85214713823000FD6DF /* AudioToolbox.framework */ = {isa = PBXFileReference; lastKnownFileType = wrapper.framework; name = AudioToolbox.framework; path = System/Library/Frameworks/AudioToolbox.framework; sourceTree = SDKROOT; };
		C1B3C8541471382D000FD6DF /* OpenAL.framework */ = {isa = PBXFileReference; lastKnownFileType = wrapper.framework; name = OpenAL.framework; path = System/Library/Frameworks/OpenAL.framework; sourceTree = SDKROOT; };
		C1B4AEC4137D46F9006E65FE /* PHDistanceJoint.cpp */ = {isa = PBXFileReference; fileEncoding = 4; lastKnownFileType = sourcecode.cpp.cpp; lineEnding = 0; path = PHDistanceJoint.cpp; sourceTree = "<group>"; xcLanguageSpecificationIdentifier = xcode.lang.cpp; };
		C1B4AEC5137D46F9006E65FE /* PHDistanceJoint.h */ = {isa = PBXFileReference; fileEncoding = 4; lastKnownFileType = sourcecode.c.h; path = PHDistanceJoint.h; sourceTree = "<group>"; };
		C1B4AED7137DA430006E65FE /* PHMotorJoint.cpp */ = {isa = PBXFileReference; fileEncoding = 4; lastKnownFileType = sourcecode.cpp.cpp; lineEnding = 0; path = PHMotorJoint.cpp; sourceTree = "<group>"; xcLanguageSpecificationIdentifier = xcode.lang.cpp; };
		C1B4AED8137DA430006E65FE /* PHMotorJoint.h */ = {isa = PBXFileReference; fileEncoding = 4; lastKnownFileType = sourcecode.c.h; path = PHMotorJoint.h; sourceTree = "<group>"; };
		C1B4AEDA137DADFB006E65FE /* PHRevoluteJoint.cpp */ = {isa = PBXFileReference; fileEncoding = 4; lastKnownFileType = sourcecode.cpp.cpp; lineEnding = 0; path = PHRevoluteJoint.cpp; sourceTree = "<group>"; xcLanguageSpecificationIdentifier = xcode.lang.cpp; };
		C1B4AEDB137DADFC006E65FE /* PHRevoluteJoint.h */ = {isa = PBXFileReference; fileEncoding = 4; lastKnownFileType = sourcecode.c.h; path = PHRevoluteJoint.h; sourceTree = "<group>"; };
		C1B4AEDD137E5A2C006E65FE /* PHPrismaticJoint.cpp */ = {isa = PBXFileReference; fileEncoding = 4; lastKnownFileType = sourcecode.cpp.cpp; lineEnding = 0; path = PHPrismaticJoint.cpp; sourceTree = "<group>"; xcLanguageSpecificationIdentifier = xcode.lang.cpp; };
		C1B4AEDE137E5A2D006E65FE /* PHPrismaticJoint.h */ = {isa = PBXFileReference; fileEncoding = 4; lastKnownFileType = sourcecode.c.h; path = PHPrismaticJoint.h; sourceTree = "<group>"; };
		C1B70F6513DF5FF20070D722 /* PHLLevelEnd.h */ = {isa = PBXFileReference; fileEncoding = 4; lastKnownFileType = sourcecode.c.h; path = PHLLevelEnd.h; sourceTree = "<group>"; };
		C1B70F6713DF60000070D722 /* PHLLevelEnd.cpp */ = {isa = PBXFileReference; fileEncoding = 4; lastKnownFileType = sourcecode.cpp.cpp; path = PHLLevelEnd.cpp; sourceTree = "<group>"; };
		C1B70F6913E011D00070D722 /* PHLPit.cpp */ = {isa = PBXFileReference; fileEncoding = 4; lastKnownFileType = sourcecode.cpp.cpp; path = PHLPit.cpp; sourceTree = "<group>"; };
		C1B70F6B13E011DE0070D722 /* PHLPit.h */ = {isa = PBXFileReference; fileEncoding = 4; lastKnownFileType = sourcecode.c.h; path = PHLPit.h; sourceTree = "<group>"; };
		C1B7ECAA1323E1250004C8EA /* PHLObject.h */ = {isa = PBXFileReference; fileEncoding = 4; lastKnownFileType = sourcecode.c.h; lineEnding = 0; path = PHLObject.h; sourceTree = "<group>"; xcLanguageSpecificationIdentifier = xcode.lang.objcpp; };
		C1B7ECAB1323E1250004C8EA /* PHLObject.cpp */ = {isa = PBXFileReference; fileEncoding = 4; lastKnownFileType = sourcecode.cpp.cpp; lineEnding = 0; path = PHLObject.cpp; sourceTree = "<group>"; xcLanguageSpecificationIdentifier = xcode.lang.cpp; };
		C1B7ECD21323ED6E0004C8EA /* PHLCamera.h */ = {isa = PBXFileReference; fileEncoding = 4; lastKnownFileType = sourcecode.c.h; lineEnding = 0; path = PHLCamera.h; sourceTree = "<group>"; xcLanguageSpecificationIdentifier = xcode.lang.objcpp; };
		C1B7ECD31323ED6E0004C8EA /* PHLCamera.cpp */ = {isa = PBXFileReference; fileEncoding = 4; lastKnownFileType = sourcecode.cpp.cpp; lineEnding = 0; path = PHLCamera.cpp; sourceTree = "<group>"; xcLanguageSpecificationIdentifier = xcode.lang.cpp; };
		C1B9E40D13E1E3A100B1C0C6 /* PHPoofView.h */ = {isa = PBXFileReference; fileEncoding = 4; lastKnownFileType = sourcecode.c.h; path = PHPoofView.h; sourceTree = "<group>"; };
		C1B9E40F13E1E40600B1C0C6 /* PHPoofView.cpp */ = {isa = PBXFileReference; fileEncoding = 4; lastKnownFileType = sourcecode.cpp.cpp; path = PHPoofView.cpp; sourceTree = "<group>"; };
		C1B9E41113E27D5700B1C0C6 /* PHLHPPowerup.cpp */ = {isa = PBXFileReference; fileEncoding = 4; lastKnownFileType = sourcecode.cpp.cpp; path = PHLHPPowerup.cpp; sourceTree = "<group>"; };
		C1B9E41313E27D7300B1C0C6 /* PHLHPPowerup.h */ = {isa = PBXFileReference; fileEncoding = 4; lastKnownFileType = sourcecode.c.h; path = PHLHPPowerup.h; sourceTree = "<group>"; };
		C1B9E41413E27E7500B1C0C6 /* PHLPowerPowerup.h */ = {isa = PBXFileReference; fileEncoding = 4; lastKnownFileType = sourcecode.c.h; path = PHLPowerPowerup.h; sourceTree = "<group>"; };
		C1B9E41513E27EC900B1C0C6 /* PHLPowerPowerup.cpp */ = {isa = PBXFileReference; fileEncoding = 4; lastKnownFileType = sourcecode.cpp.cpp; path = PHLPowerPowerup.cpp; sourceTree = "<group>"; };
		C1B9E41713E2BD7500B1C0C6 /* PHShieldView.cpp */ = {isa = PBXFileReference; fileEncoding = 4; lastKnownFileType = sourcecode.cpp.cpp; path = PHShieldView.cpp; sourceTree = "<group>"; };
		C1B9E41913E2BD8500B1C0C6 /* PHShieldView.h */ = {isa = PBXFileReference; fileEncoding = 4; lastKnownFileType = sourcecode.c.h; path = PHShieldView.h; sourceTree = "<group>"; };
		C1C0397F13CEE6DB004BCC24 /* PHLSensor.cpp */ = {isa = PBXFileReference; fileEncoding = 4; lastKnownFileType = sourcecode.cpp.cpp; path = PHLSensor.cpp; sourceTree = "<group>"; };
		C1C0398013CEE6DB004BCC24 /* PHLSensor.h */ = {isa = PBXFileReference; fileEncoding = 4; lastKnownFileType = sourcecode.c.h; path = PHLSensor.h; sourceTree = "<group>"; };
		C1D6A1EE1381233E0010009E /* PHPlayerView.cpp */ = {isa = PBXFileReference; fileEncoding = 4; lastKnownFileType = sourcecode.cpp.cpp; path = PHPlayerView.cpp; sourceTree = "<group>"; };
		C1D6A1EF1381233E0010009E /* PHPlayerView.h */ = {isa = PBXFileReference; fileEncoding = 4; lastKnownFileType = sourcecode.c.h; path = PHPlayerView.h; sourceTree = "<group>"; };
		C1D6A2161382A31C0010009E /* PHLAuxLayer.cpp */ = {isa = PBXFileReference; fileEncoding = 4; lastKnownFileType = sourcecode.cpp.cpp; path = PHLAuxLayer.cpp; sourceTree = "<group>"; };
		C1D6A2171382A31C0010009E /* PHLAuxLayer.h */ = {isa = PBXFileReference; fileEncoding = 4; lastKnownFileType = sourcecode.c.h; path = PHLAuxLayer.h; sourceTree = "<group>"; };
		C1F1DE15138B963500C8051C /* PHLPlatform.cpp */ = {isa = PBXFileReference; fileEncoding = 4; lastKnownFileType = sourcecode.cpp.cpp; path = PHLPlatform.cpp; sourceTree = "<group>"; };
		C1F1DE16138B963500C8051C /* PHLPlatform.h */ = {isa = PBXFileReference; fileEncoding = 4; lastKnownFileType = sourcecode.c.h; path = PHLPlatform.h; sourceTree = "<group>"; };
		C1FEC0E81337D3CB00FEBDA6 /* PHLPlayer.h */ = {isa = PBXFileReference; fileEncoding = 4; lastKnownFileType = sourcecode.c.h; lineEnding = 0; path = PHLPlayer.h; sourceTree = "<group>"; xcLanguageSpecificationIdentifier = xcode.lang.objcpp; };
		C1FEC0E91337D3CB00FEBDA6 /* PHLPlayer.cpp */ = {isa = PBXFileReference; fileEncoding = 4; lastKnownFileType = sourcecode.cpp.cpp; lineEnding = 0; path = PHLPlayer.cpp; sourceTree = "<group>"; xcLanguageSpecificationIdentifier = xcode.lang.cpp; };
		C1FF4DD613DC1F16003B7673 /* rsrc */ = {isa = PBXFileReference; lastKnownFileType = folder; name = rsrc; path = _/rsrc; sourceTree = "<group>"; };
		C1FF4DD813DCAB6A003B7673 /* PHLBull.cpp */ = {isa = PBXFileReference; fileEncoding = 4; lastKnownFileType = sourcecode.cpp.cpp; path = PHLBull.cpp; sourceTree = "<group>"; };
		C1FF4DDA13DCAB81003B7673 /* PHLMob.cpp */ = {isa = PBXFileReference; fileEncoding = 4; lastKnownFileType = sourcecode.cpp.cpp; path = PHLMob.cpp; sourceTree = "<group>"; };
		C1FF4DDC13DCAB94003B7673 /* PHLMob.h */ = {isa = PBXFileReference; fileEncoding = 4; lastKnownFileType = sourcecode.c.h; path = PHLMob.h; sourceTree = "<group>"; };
		C1FF4DDD13DCABA1003B7673 /* PHLBull.h */ = {isa = PBXFileReference; fileEncoding = 4; lastKnownFileType = sourcecode.c.h; path = PHLBull.h; sourceTree = "<group>"; };
/* End PBXFileReference section */

/* Begin PBXFrameworksBuildPhase section */
		1D60588F0D05DD3D006BFB54 /* Frameworks */ = {
			isa = PBXFrameworksBuildPhase;
			buildActionMask = 2147483647;
			files = (
				C1C1BF1E14DACEDF00AC9076 /* liblua.a in Frameworks */,
				C1C1BF1F14DACEDF00AC9076 /* libpng15.a in Frameworks */,
				C1C1BF2014DACEDF00AC9076 /* libz.a in Frameworks */,
				C12069D414D733EC007DACEA /* AudioToolbox.framework in Frameworks */,
				C12069D314D733DC007DACEA /* AVFoundation.framework in Frameworks */,
				C12069CC14D733A9007DACEA /* OpenAL.framework in Frameworks */,
				C12069CB14D73391007DACEA /* OpenGLES.framework in Frameworks */,
				C12069CA14D732D3007DACEA /* libporkholt-ios.a in Frameworks */,
				1D60589F0D05DD5A006BFB54 /* Foundation.framework in Frameworks */,
				1DF5F4E00D08C38300B7A737 /* UIKit.framework in Frameworks */,
				28FD15080DC6FC5B0079059D /* QuartzCore.framework in Frameworks */,
				C1A03619132E071F00F0200C /* libBox2D.a in Frameworks */,
			);
			runOnlyForDeploymentPostprocessing = 0;
		};
		C1A034E7132DF62700F0200C /* Frameworks */ = {
			isa = PBXFrameworksBuildPhase;
			buildActionMask = 2147483647;
			files = (
			);
			runOnlyForDeploymentPostprocessing = 0;
		};
/* End PBXFrameworksBuildPhase section */

/* Begin PBXGroup section */
		080E96DDFE201D6D7F000001 /* iOS Bindings */ = {
			isa = PBXGroup;
			children = (
				28FD14FC0DC6FC130079059D /* EAGLView.h */,
				28FD14FD0DC6FC130079059D /* EAGLView.m */,
				1D3623240D0F684500981E51 /* PorkholtAppDelegate.h */,
				1D3623250D0F684500981E51 /* PorkholtAppDelegate.mm */,
				28EC4C5611D54ECE0027AA9F /* PorkholtViewController.h */,
				28EC4C5711D54ECE0027AA9F /* PorkholtViewController.mm */,
				32CA4F630368D1EE00C91783 /* Porkholt_Prefix.pch */,
				29B97316FDCFA39411CA2CEA /* main.m */,
				8D1107310486CEB800E47090 /* Porkholt-Info.plist */,
				C17B4E35130EA1F400C2EC8D /* PHTouchInterface.h */,
				C17B4E36130EA1F400C2EC8D /* PHTouchInterface.mm */,
			);
			path = "iOS Bindings";
			sourceTree = "<group>";
		};
		19C28FACFE9D520D11CA2CBB /* Products */ = {
			isa = PBXGroup;
			children = (
				1D6058910D05DD3D006BFB54 /* Beeno.app */,
				C1A034E9132DF62700F0200C /* libBox2D.a */,
			);
			name = Products;
			sourceTree = "<group>";
		};
		29B97314FDCFA39411CA2CEA /* CustomTemplate */ = {
			isa = PBXGroup;
			children = (
				C120696314D7163D007DACEA /* Porkholt.xcodeproj */,
				C17D0F501322A18300BDB8EF /* LevelSystem */,
				C1AF4FBB13A657BD00ED2ED7 /* UI */,
				C19FC307148F944900EACE24 /* Network */,
				080E96DDFE201D6D7F000001 /* iOS Bindings */,
				29B97317FDCFA39411CA2CEA /* Resources */,
				C1A034E4132DF60700F0200C /* Box2D */,
				29B97323FDCFA39411CA2CEA /* Frameworks */,
				19C28FACFE9D520D11CA2CBB /* Products */,
			);
			name = CustomTemplate;
			sourceTree = "<group>";
		};
		29B97317FDCFA39411CA2CEA /* Resources */ = {
			isa = PBXGroup;
			children = (
				C1FF4DD613DC1F16003B7673 /* rsrc */,
				C13242691304A863001AEBFE /* rsrc */,
			);
			name = Resources;
			sourceTree = SOURCE_ROOT;
		};
		29B97323FDCFA39411CA2CEA /* Frameworks */ = {
			isa = PBXGroup;
			children = (
				C11B488E14DA9B5C00431210 /* liblua.a */,
				C11B488F14DA9B5C00431210 /* libpng15.a */,
				C11B489014DA9B5C00431210 /* libz.a */,
				C1B3C8541471382D000FD6DF /* OpenAL.framework */,
				C1B3C85214713823000FD6DF /* AudioToolbox.framework */,
				C1B3C85014713816000FD6DF /* AVFoundation.framework */,
				28FD15070DC6FC5B0079059D /* QuartzCore.framework */,
				28FD14FF0DC6FC520079059D /* OpenGLES.framework */,
				1DF5F4DF0D08C38300B7A737 /* UIKit.framework */,
				1D30AB110D05D00D00671497 /* Foundation.framework */,
			);
			name = Frameworks;
			sourceTree = "<group>";
		};
		C120696414D7163D007DACEA /* Products */ = {
			isa = PBXGroup;
			children = (
				C120696A14D7163D007DACEA /* libporkholt-ios.a */,
				C120696C14D7163D007DACEA /* libporkholt-osx.a */,
			);
			name = Products;
			sourceTree = "<group>";
		};
		C17D0F501322A18300BDB8EF /* LevelSystem */ = {
			isa = PBXGroup;
			children = (
				C17D0F531322A31000BDB8EF /* PHLevelController.h */,
				C17D0F541322A31000BDB8EF /* PHLevelController.cpp */,
				C1A8855313B87E1F00A1A402 /* PHScripting.h */,
				C1A8855213B87E1F00A1A402 /* PHScripting.cpp */,
				C17D0F561322AD7700BDB8EF /* PHWorld.h */,
				C17D0F571322AD7700BDB8EF /* PHWorld.cpp */,
				C1B7ECAA1323E1250004C8EA /* PHLObject.h */,
				C1B7ECAB1323E1250004C8EA /* PHLObject.cpp */,
				C1C0398013CEE6DB004BCC24 /* PHLSensor.h */,
				C1C0397F13CEE6DB004BCC24 /* PHLSensor.cpp */,
				C1B7ECD21323ED6E0004C8EA /* PHLCamera.h */,
				C1B7ECD31323ED6E0004C8EA /* PHLCamera.cpp */,
				C19FD3A613D9932A00871F8E /* PHDialog.h */,
				C19B4B2A13D8D05100C714FB /* PHDialogView.h */,
				C19B4B2813D8D00F00C714FB /* PHDialogView.cpp */,
				C1B2418713D06A3A005B60BF /* PHLNPC.h */,
				C1B2418613D06A3A005B60BF /* PHLNPC.cpp */,
				C1FEC0E81337D3CB00FEBDA6 /* PHLPlayer.h */,
				C1FEC0E91337D3CB00FEBDA6 /* PHLPlayer.cpp */,
				C1D6A1EF1381233E0010009E /* PHPlayerView.h */,
				C1D6A1EE1381233E0010009E /* PHPlayerView.cpp */,
				C13664261337F972009B755B /* PHCaptureView.h */,
				C13664271337F972009B755B /* PHCaptureView.cpp */,
				C1AF893113387B850046179B /* PHGaugeView.h */,
				C1AF893213387B850046179B /* PHGaugeView.cpp */,
				C143AF1113DE124A00EBCF8D /* PHHeartView.h */,
				C143AF0E13DE123B00EBCF8D /* PHHeartView.cpp */,
				C1707D77137D13D400395313 /* PHJoint.cpp */,
				C1707D78137D13D400395313 /* PHJoint.h */,
				C1B4AEC4137D46F9006E65FE /* PHDistanceJoint.cpp */,
				C1B4AEC5137D46F9006E65FE /* PHDistanceJoint.h */,
				C1B4AED7137DA430006E65FE /* PHMotorJoint.cpp */,
				C1B4AED8137DA430006E65FE /* PHMotorJoint.h */,
				C1B4AEDA137DADFB006E65FE /* PHRevoluteJoint.cpp */,
				C1B4AEDB137DADFC006E65FE /* PHRevoluteJoint.h */,
				C1B4AEDD137E5A2C006E65FE /* PHPrismaticJoint.cpp */,
				C1B4AEDE137E5A2D006E65FE /* PHPrismaticJoint.h */,
				C1D6A2161382A31C0010009E /* PHLAuxLayer.cpp */,
				C1D6A2171382A31C0010009E /* PHLAuxLayer.h */,
				C1F1DE15138B963500C8051C /* PHLPlatform.cpp */,
				C1F1DE16138B963500C8051C /* PHLPlatform.h */,
				C177805013BCDAAB0003640D /* PHScriptableTimer.cpp */,
				C177805113BCDAB00003640D /* PHScriptableTimer.h */,
				C17B487313C1C44200FAD712 /* PHLAnimation.cpp */,
				C17B487413C1C44200FAD712 /* PHLAnimation.h */,
				C1FF4DDC13DCAB94003B7673 /* PHLMob.h */,
				C1FF4DDA13DCAB81003B7673 /* PHLMob.cpp */,
				C1FF4DDD13DCABA1003B7673 /* PHLBull.h */,
				C1FF4DD813DCAB6A003B7673 /* PHLBull.cpp */,
				C106E47C13DD4289007E6357 /* PHLGround.h */,
				C106E47913DD427C007E6357 /* PHLGround.cpp */,
				C106E47D13DD5DAA007E6357 /* PHLSign.h */,
				C106E47E13DD5E2B007E6357 /* PHLSign.cpp */,
				C106E48213DD76EB007E6357 /* PHLPowerup.h */,
				C106E48013DD76CB007E6357 /* PHLPowerup.cpp */,
				C106E48313DD82BF007E6357 /* PHLShieldPowerup.h */,
				C106E48413DD8314007E6357 /* PHLShieldPowerup.cpp */,
				C1B9E41913E2BD8500B1C0C6 /* PHShieldView.h */,
				C1B9E41713E2BD7500B1C0C6 /* PHShieldView.cpp */,
				C1B9E41313E27D7300B1C0C6 /* PHLHPPowerup.h */,
				C1B9E41113E27D5700B1C0C6 /* PHLHPPowerup.cpp */,
				C1B9E41413E27E7500B1C0C6 /* PHLPowerPowerup.h */,
				C1B9E41513E27EC900B1C0C6 /* PHLPowerPowerup.cpp */,
				C1B70F6513DF5FF20070D722 /* PHLLevelEnd.h */,
				C1B70F6713DF60000070D722 /* PHLLevelEnd.cpp */,
				C1B70F6913E011D00070D722 /* PHLPit.cpp */,
				C1B70F6B13E011DE0070D722 /* PHLPit.h */,
				C1B9E40D13E1E3A100B1C0C6 /* PHPoofView.h */,
				C1B9E40F13E1E40600B1C0C6 /* PHPoofView.cpp */,
				C1B3C80014697B49000FD6DF /* PHLBomberBird.h */,
				C1B3C80214697CAD000FD6DF /* PHLBomberBird.cpp */,
				C1B3C8041469B1ED000FD6DF /* PHLEggBomb.h */,
				C1B3C8051469B1FB000FD6DF /* PHLEggBomb.cpp */,
			);
			path = LevelSystem;
			sourceTree = "<group>";
		};
		C19FC307148F944900EACE24 /* Network */ = {
			isa = PBXGroup;
			children = (
				C19FC302148F4A5600EACE24 /* PHLuaConsole.h */,
				C19FC303148F4A6000EACE24 /* PHLuaConsole.cpp */,
				C19FC308148F951B00EACE24 /* PHTCPServer.h */,
				C19FC309148F959E00EACE24 /* PHTCPServer.cpp */,
				C19FC30B148F975A00EACE24 /* PHTCPConsole.h */,
				C19FC30C148F976600EACE24 /* PHTCPConsole.cpp */,
			);
			path = Network;
			sourceTree = "<group>";
		};
		C1A034E4132DF60700F0200C /* Box2D */ = {
			isa = PBXGroup;
			children = (
				C1A03581132E062300F0200C /* Dynamics */,
				C1A035B1132E062300F0200C /* Common */,
				C1A035BA132E062300F0200C /* Collision */,
				C1A035CD132E062300F0200C /* Box2D.h */,
			);
			name = Box2D;
			path = ../../Externals/box2d/Box2D/Box2D;
			sourceTree = "<group>";
		};
		C1A03581132E062300F0200C /* Dynamics */ = {
			isa = PBXGroup;
			children = (
				C1A03582132E062300F0200C /* b2Body.cpp */,
				C1A03583132E062300F0200C /* b2Body.h */,
				C1A03584132E062300F0200C /* b2ContactManager.cpp */,
				C1A03585132E062300F0200C /* b2ContactManager.h */,
				C1A03586132E062300F0200C /* b2Fixture.cpp */,
				C1A03587132E062300F0200C /* b2Fixture.h */,
				C1A03588132E062300F0200C /* b2Island.cpp */,
				C1A03589132E062300F0200C /* b2Island.h */,
				C1A0358A132E062300F0200C /* b2TimeStep.h */,
				C1A0358B132E062300F0200C /* b2World.cpp */,
				C1A0358C132E062300F0200C /* b2World.h */,
				C1A0358D132E062300F0200C /* b2WorldCallbacks.cpp */,
				C1A0358E132E062300F0200C /* b2WorldCallbacks.h */,
				C1A0358F132E062300F0200C /* Contacts */,
				C1A0359C132E062300F0200C /* Joints */,
			);
			path = Dynamics;
			sourceTree = "<group>";
		};
		C1A0358F132E062300F0200C /* Contacts */ = {
			isa = PBXGroup;
			children = (
				C1A03590132E062300F0200C /* b2CircleContact.cpp */,
				C1A03591132E062300F0200C /* b2CircleContact.h */,
				C1A03592132E062300F0200C /* b2Contact.cpp */,
				C1A03593132E062300F0200C /* b2Contact.h */,
				C1A03594132E062300F0200C /* b2ContactSolver.cpp */,
				C1A03595132E062300F0200C /* b2ContactSolver.h */,
				C1A03596132E062300F0200C /* b2PolygonAndCircleContact.cpp */,
				C1A03597132E062300F0200C /* b2PolygonAndCircleContact.h */,
				C1A03598132E062300F0200C /* b2PolygonContact.cpp */,
				C1A03599132E062300F0200C /* b2PolygonContact.h */,
				C1A0359A132E062300F0200C /* b2TOISolver.cpp */,
				C1A0359B132E062300F0200C /* b2TOISolver.h */,
			);
			path = Contacts;
			sourceTree = "<group>";
		};
		C1A0359C132E062300F0200C /* Joints */ = {
			isa = PBXGroup;
			children = (
				C1A0359D132E062300F0200C /* b2DistanceJoint.cpp */,
				C1A0359E132E062300F0200C /* b2DistanceJoint.h */,
				C1A0359F132E062300F0200C /* b2FrictionJoint.cpp */,
				C1A035A0132E062300F0200C /* b2FrictionJoint.h */,
				C1A035A1132E062300F0200C /* b2GearJoint.cpp */,
				C1A035A2132E062300F0200C /* b2GearJoint.h */,
				C1A035A3132E062300F0200C /* b2Joint.cpp */,
				C1A035A4132E062300F0200C /* b2Joint.h */,
				C1A035A5132E062300F0200C /* b2LineJoint.cpp */,
				C1A035A6132E062300F0200C /* b2LineJoint.h */,
				C1A035A7132E062300F0200C /* b2MouseJoint.cpp */,
				C1A035A8132E062300F0200C /* b2MouseJoint.h */,
				C1A035A9132E062300F0200C /* b2PrismaticJoint.cpp */,
				C1A035AA132E062300F0200C /* b2PrismaticJoint.h */,
				C1A035AB132E062300F0200C /* b2PulleyJoint.cpp */,
				C1A035AC132E062300F0200C /* b2PulleyJoint.h */,
				C1A035AD132E062300F0200C /* b2RevoluteJoint.cpp */,
				C1A035AE132E062300F0200C /* b2RevoluteJoint.h */,
				C1A035AF132E062300F0200C /* b2WeldJoint.cpp */,
				C1A035B0132E062300F0200C /* b2WeldJoint.h */,
			);
			path = Joints;
			sourceTree = "<group>";
		};
		C1A035B1132E062300F0200C /* Common */ = {
			isa = PBXGroup;
			children = (
				C1A035B2132E062300F0200C /* b2BlockAllocator.cpp */,
				C1A035B3132E062300F0200C /* b2BlockAllocator.h */,
				C1A035B4132E062300F0200C /* b2Math.cpp */,
				C1A035B5132E062300F0200C /* b2Math.h */,
				C1A035B6132E062300F0200C /* b2Settings.cpp */,
				C1A035B7132E062300F0200C /* b2Settings.h */,
				C1A035B8132E062300F0200C /* b2StackAllocator.cpp */,
				C1A035B9132E062300F0200C /* b2StackAllocator.h */,
			);
			path = Common;
			sourceTree = "<group>";
		};
		C1A035BA132E062300F0200C /* Collision */ = {
			isa = PBXGroup;
			children = (
				C1A035BB132E062300F0200C /* b2BroadPhase.cpp */,
				C1A035BC132E062300F0200C /* b2BroadPhase.h */,
				C1A035BD132E062300F0200C /* b2CollideCircle.cpp */,
				C1A035BE132E062300F0200C /* b2CollidePolygon.cpp */,
				C1A035BF132E062300F0200C /* b2Collision.cpp */,
				C1A035C0132E062300F0200C /* b2Collision.h */,
				C1A035C1132E062300F0200C /* b2Distance.cpp */,
				C1A035C2132E062300F0200C /* b2Distance.h */,
				C1A035C3132E062300F0200C /* b2DynamicTree.cpp */,
				C1A035C4132E062300F0200C /* b2DynamicTree.h */,
				C1A035C5132E062300F0200C /* b2TimeOfImpact.cpp */,
				C1A035C6132E062300F0200C /* b2TimeOfImpact.h */,
				C1A035C7132E062300F0200C /* Shapes */,
			);
			path = Collision;
			sourceTree = "<group>";
		};
		C1A035C7132E062300F0200C /* Shapes */ = {
			isa = PBXGroup;
			children = (
				C1A035C8132E062300F0200C /* b2CircleShape.cpp */,
				C1A035C9132E062300F0200C /* b2CircleShape.h */,
				C1A035CA132E062300F0200C /* b2PolygonShape.cpp */,
				C1A035CB132E062300F0200C /* b2PolygonShape.h */,
				C1A035CC132E062300F0200C /* b2Shape.h */,
			);
			path = Shapes;
			sourceTree = "<group>";
		};
		C1AF4FBB13A657BD00ED2ED7 /* UI */ = {
			isa = PBXGroup;
			children = (
				C1AF4FBE13A6589A00ED2ED7 /* PHChapterController.h */,
				C1AF4FBD13A6589A00ED2ED7 /* PHChapterController.cpp */,
				C1748C601400259C00FB2796 /* PHMenuController.h */,
				C1748C5E1400258300FB2796 /* PHMenuController.cpp */,
				C1748C61140042DE00FB2796 /* PHTitleScreen.h */,
				C1748C62140042EC00FB2796 /* PHTitleScreen.cpp */,
				C1769BCD140A4E6E00638068 /* PHEntryPoint.cpp */,
			);
			path = UI;
			sourceTree = "<group>";
		};
/* End PBXGroup section */

/* Begin PBXHeadersBuildPhase section */
		C1A034E5132DF62700F0200C /* Headers */ = {
			isa = PBXHeadersBuildPhase;
			buildActionMask = 2147483647;
			files = (
				C1A035CF132E062300F0200C /* b2Body.h in Headers */,
				C1A035D1132E062300F0200C /* b2ContactManager.h in Headers */,
				C1A035D3132E062300F0200C /* b2Fixture.h in Headers */,
				C1A035D5132E062300F0200C /* b2Island.h in Headers */,
				C1A035D6132E062300F0200C /* b2TimeStep.h in Headers */,
				C1A035D8132E062300F0200C /* b2World.h in Headers */,
				C1A035DA132E062300F0200C /* b2WorldCallbacks.h in Headers */,
				C1A035DC132E062300F0200C /* b2CircleContact.h in Headers */,
				C1A035DE132E062300F0200C /* b2Contact.h in Headers */,
				C1A035E0132E062300F0200C /* b2ContactSolver.h in Headers */,
				C1A035E2132E062300F0200C /* b2PolygonAndCircleContact.h in Headers */,
				C1A035E4132E062300F0200C /* b2PolygonContact.h in Headers */,
				C1A035E6132E062300F0200C /* b2TOISolver.h in Headers */,
				C1A035E8132E062300F0200C /* b2DistanceJoint.h in Headers */,
				C1A035EA132E062300F0200C /* b2FrictionJoint.h in Headers */,
				C1A035EC132E062300F0200C /* b2GearJoint.h in Headers */,
				C1A035EE132E062300F0200C /* b2Joint.h in Headers */,
				C1A035F0132E062300F0200C /* b2LineJoint.h in Headers */,
				C1A035F2132E062300F0200C /* b2MouseJoint.h in Headers */,
				C1A035F4132E062300F0200C /* b2PrismaticJoint.h in Headers */,
				C1A035F6132E062300F0200C /* b2PulleyJoint.h in Headers */,
				C1A035F8132E062300F0200C /* b2RevoluteJoint.h in Headers */,
				C1A035FA132E062300F0200C /* b2WeldJoint.h in Headers */,
				C1A035FC132E062300F0200C /* b2BlockAllocator.h in Headers */,
				C1A035FE132E062300F0200C /* b2Math.h in Headers */,
				C1A03600132E062300F0200C /* b2Settings.h in Headers */,
				C1A03602132E062300F0200C /* b2StackAllocator.h in Headers */,
				C1A03604132E062300F0200C /* b2BroadPhase.h in Headers */,
				C1A03608132E062300F0200C /* b2Collision.h in Headers */,
				C1A0360A132E062300F0200C /* b2Distance.h in Headers */,
				C1A0360C132E062300F0200C /* b2DynamicTree.h in Headers */,
				C1A0360E132E062300F0200C /* b2TimeOfImpact.h in Headers */,
				C1A03610132E062300F0200C /* b2CircleShape.h in Headers */,
				C1A03612132E062300F0200C /* b2PolygonShape.h in Headers */,
				C1A03613132E062300F0200C /* b2Shape.h in Headers */,
				C1A03614132E062300F0200C /* Box2D.h in Headers */,
			);
			runOnlyForDeploymentPostprocessing = 0;
		};
/* End PBXHeadersBuildPhase section */

/* Begin PBXLegacyTarget section */
		C1FF4DCF13DC1B6E003B7673 /* Resources */ = {
			isa = PBXLegacyTarget;
			buildArgumentsString = "$(PROJECT_DIR)/postprocess.sh $(PROJECT_DIR) $(PROJECT_DIR)/rsrc $(ACTION)";
			buildConfigurationList = C1FF4DD013DC1B6E003B7673 /* Build configuration list for PBXLegacyTarget "Resources" */;
			buildPhases = (
			);
			buildToolPath = /bin/bash;
			buildWorkingDirectory = "$(PROJECT_DIR)/../../";
			dependencies = (
			);
			name = Resources;
			passBuildSettingsInEnvironment = 1;
			productName = Resources;
		};
/* End PBXLegacyTarget section */

/* Begin PBXNativeTarget section */
		1D6058900D05DD3D006BFB54 /* Beeno */ = {
			isa = PBXNativeTarget;
			buildConfigurationList = 1D6058960D05DD3E006BFB54 /* Build configuration list for PBXNativeTarget "Beeno" */;
			buildPhases = (
				C1FF4DB913DC10CD003B7673 /* Resources */,
				1D60588E0D05DD3D006BFB54 /* Sources */,
				1D60588F0D05DD3D006BFB54 /* Frameworks */,
			);
			buildRules = (
			);
			dependencies = (
				C120697B14D717A3007DACEA /* PBXTargetDependency */,
				C1A03618132E070E00F0200C /* PBXTargetDependency */,
				C1FF4DD513DC1DE7003B7673 /* PBXTargetDependency */,
			);
			name = Beeno;
			productName = Porkholt;
			productReference = 1D6058910D05DD3D006BFB54 /* Beeno.app */;
			productType = "com.apple.product-type.application";
		};
		C1A034E8132DF62700F0200C /* Box2D */ = {
			isa = PBXNativeTarget;
			buildConfigurationList = C1A034EC132DF64600F0200C /* Build configuration list for PBXNativeTarget "Box2D" */;
			buildPhases = (
				C1A034E5132DF62700F0200C /* Headers */,
				C1A034E6132DF62700F0200C /* Sources */,
				C1A034E7132DF62700F0200C /* Frameworks */,
			);
			buildRules = (
			);
			dependencies = (
			);
			name = Box2D;
			productName = Box2D;
			productReference = C1A034E9132DF62700F0200C /* libBox2D.a */;
			productType = "com.apple.product-type.library.static";
		};
/* End PBXNativeTarget section */

/* Begin PBXProject section */
		29B97313FDCFA39411CA2CEA /* Project object */ = {
			isa = PBXProject;
			attributes = {
				LastUpgradeCheck = 0420;
				ORGANIZATIONNAME = "Porkholt Labs!";
			};
			buildConfigurationList = C01FCF4E08A954540054247B /* Build configuration list for PBXProject "Beeno" */;
			compatibilityVersion = "Xcode 3.2";
			developmentRegion = English;
			hasScannedForEncodings = 1;
			knownRegions = (
				English,
				Japanese,
				French,
				German,
			);
			mainGroup = 29B97314FDCFA39411CA2CEA /* CustomTemplate */;
			projectDirPath = "";
			projectReferences = (
				{
					ProductGroup = C120696414D7163D007DACEA /* Products */;
					ProjectRef = C120696314D7163D007DACEA /* Porkholt.xcodeproj */;
				},
			);
			projectRoot = "";
			targets = (
				1D6058900D05DD3D006BFB54 /* Beeno */,
				C1A034E8132DF62700F0200C /* Box2D */,
				C1FF4DCF13DC1B6E003B7673 /* Resources */,
			);
		};
/* End PBXProject section */

/* Begin PBXReferenceProxy section */
		C120696A14D7163D007DACEA /* libporkholt-ios.a */ = {
			isa = PBXReferenceProxy;
			fileType = archive.ar;
			path = "libporkholt-ios.a";
			remoteRef = C120696914D7163D007DACEA /* PBXContainerItemProxy */;
			sourceTree = BUILT_PRODUCTS_DIR;
		};
		C120696C14D7163D007DACEA /* libporkholt-osx.a */ = {
			isa = PBXReferenceProxy;
			fileType = archive.ar;
			path = "libporkholt-osx.a";
			remoteRef = C120696B14D7163D007DACEA /* PBXContainerItemProxy */;
			sourceTree = BUILT_PRODUCTS_DIR;
		};
/* End PBXReferenceProxy section */

/* Begin PBXResourcesBuildPhase section */
		C1FF4DB913DC10CD003B7673 /* Resources */ = {
			isa = PBXResourcesBuildPhase;
			buildActionMask = 2147483647;
			files = (
				C1FF4DD713DC1F16003B7673 /* rsrc in Resources */,
			);
			runOnlyForDeploymentPostprocessing = 0;
		};
/* End PBXResourcesBuildPhase section */

/* Begin PBXSourcesBuildPhase section */
		1D60588E0D05DD3D006BFB54 /* Sources */ = {
			isa = PBXSourcesBuildPhase;
			buildActionMask = 2147483647;
			files = (
				1D60589B0D05DD56006BFB54 /* main.m in Sources */,
				1D3623260D0F684500981E51 /* PorkholtAppDelegate.mm in Sources */,
				28FD14FE0DC6FC130079059D /* EAGLView.m in Sources */,
				28EC4C5911D54ECE0027AA9F /* PorkholtViewController.mm in Sources */,
				C17B4E37130EA1F400C2EC8D /* PHTouchInterface.mm in Sources */,
				C17D0F551322A31000BDB8EF /* PHLevelController.cpp in Sources */,
				C17D0F581322AD7700BDB8EF /* PHWorld.cpp in Sources */,
				C1B7ECAC1323E1250004C8EA /* PHLObject.cpp in Sources */,
				C1B7ECD41323ED6E0004C8EA /* PHLCamera.cpp in Sources */,
				C1FEC0EA1337D3CB00FEBDA6 /* PHLPlayer.cpp in Sources */,
				C13664281337F972009B755B /* PHCaptureView.cpp in Sources */,
				C1AF893313387B850046179B /* PHGaugeView.cpp in Sources */,
				C1707D79137D13D400395313 /* PHJoint.cpp in Sources */,
				C1B4AEC6137D46F9006E65FE /* PHDistanceJoint.cpp in Sources */,
				C1B4AED9137DA430006E65FE /* PHMotorJoint.cpp in Sources */,
				C1B4AEDC137DADFC006E65FE /* PHRevoluteJoint.cpp in Sources */,
				C1B4AEDF137E5A2E006E65FE /* PHPrismaticJoint.cpp in Sources */,
				C1D6A1F01381233E0010009E /* PHPlayerView.cpp in Sources */,
				C1D6A2181382A31C0010009E /* PHLAuxLayer.cpp in Sources */,
				C1F1DE17138B963500C8051C /* PHLPlatform.cpp in Sources */,
				C1AF4FBF13A6589A00ED2ED7 /* PHChapterController.cpp in Sources */,
				C1A8855413B87E1F00A1A402 /* PHScripting.cpp in Sources */,
				C177805213BCDAB50003640D /* PHScriptableTimer.cpp in Sources */,
				C17B487513C1C44200FAD712 /* PHLAnimation.cpp in Sources */,
				C1C0398113CEE6DB004BCC24 /* PHLSensor.cpp in Sources */,
				C1B2418813D06A3A005B60BF /* PHLNPC.cpp in Sources */,
				C19B4B2913D8D00F00C714FB /* PHDialogView.cpp in Sources */,
				C1FF4DD913DCAB6A003B7673 /* PHLBull.cpp in Sources */,
				C1FF4DDB13DCAB81003B7673 /* PHLMob.cpp in Sources */,
				C106E47A13DD427C007E6357 /* PHLGround.cpp in Sources */,
				C106E47F13DD5E2B007E6357 /* PHLSign.cpp in Sources */,
				C106E48113DD76CC007E6357 /* PHLPowerup.cpp in Sources */,
				C106E48513DD8314007E6357 /* PHLShieldPowerup.cpp in Sources */,
				C143AF0F13DE123B00EBCF8D /* PHHeartView.cpp in Sources */,
				C1B70F6813DF60000070D722 /* PHLLevelEnd.cpp in Sources */,
				C1B70F6A13E011D00070D722 /* PHLPit.cpp in Sources */,
				C1B9E41013E1E40600B1C0C6 /* PHPoofView.cpp in Sources */,
				C1B9E41213E27D5700B1C0C6 /* PHLHPPowerup.cpp in Sources */,
				C1B9E41613E27ECA00B1C0C6 /* PHLPowerPowerup.cpp in Sources */,
				C1B9E41813E2BD7600B1C0C6 /* PHShieldView.cpp in Sources */,
				C1748C5F1400258300FB2796 /* PHMenuController.cpp in Sources */,
				C1748C63140042ED00FB2796 /* PHTitleScreen.cpp in Sources */,
				C1769BCE140A4E6E00638068 /* PHEntryPoint.cpp in Sources */,
				C1B3C80314697CAE000FD6DF /* PHLBomberBird.cpp in Sources */,
				C1B3C8061469B1FB000FD6DF /* PHLEggBomb.cpp in Sources */,
				C19FC304148F4A6000EACE24 /* PHLuaConsole.cpp in Sources */,
				C19FC30A148F959E00EACE24 /* PHTCPServer.cpp in Sources */,
				C19FC30D148F976600EACE24 /* PHTCPConsole.cpp in Sources */,
			);
			runOnlyForDeploymentPostprocessing = 0;
		};
		C1A034E6132DF62700F0200C /* Sources */ = {
			isa = PBXSourcesBuildPhase;
			buildActionMask = 2147483647;
			files = (
				C1A035CE132E062300F0200C /* b2Body.cpp in Sources */,
				C1A035D0132E062300F0200C /* b2ContactManager.cpp in Sources */,
				C1A035D2132E062300F0200C /* b2Fixture.cpp in Sources */,
				C1A035D4132E062300F0200C /* b2Island.cpp in Sources */,
				C1A035D7132E062300F0200C /* b2World.cpp in Sources */,
				C1A035D9132E062300F0200C /* b2WorldCallbacks.cpp in Sources */,
				C1A035DB132E062300F0200C /* b2CircleContact.cpp in Sources */,
				C1A035DD132E062300F0200C /* b2Contact.cpp in Sources */,
				C1A035DF132E062300F0200C /* b2ContactSolver.cpp in Sources */,
				C1A035E1132E062300F0200C /* b2PolygonAndCircleContact.cpp in Sources */,
				C1A035E3132E062300F0200C /* b2PolygonContact.cpp in Sources */,
				C1A035E5132E062300F0200C /* b2TOISolver.cpp in Sources */,
				C1A035E7132E062300F0200C /* b2DistanceJoint.cpp in Sources */,
				C1A035E9132E062300F0200C /* b2FrictionJoint.cpp in Sources */,
				C1A035EB132E062300F0200C /* b2GearJoint.cpp in Sources */,
				C1A035ED132E062300F0200C /* b2Joint.cpp in Sources */,
				C1A035EF132E062300F0200C /* b2LineJoint.cpp in Sources */,
				C1A035F1132E062300F0200C /* b2MouseJoint.cpp in Sources */,
				C1A035F3132E062300F0200C /* b2PrismaticJoint.cpp in Sources */,
				C1A035F5132E062300F0200C /* b2PulleyJoint.cpp in Sources */,
				C1A035F7132E062300F0200C /* b2RevoluteJoint.cpp in Sources */,
				C1A035F9132E062300F0200C /* b2WeldJoint.cpp in Sources */,
				C1A035FB132E062300F0200C /* b2BlockAllocator.cpp in Sources */,
				C1A035FD132E062300F0200C /* b2Math.cpp in Sources */,
				C1A035FF132E062300F0200C /* b2Settings.cpp in Sources */,
				C1A03601132E062300F0200C /* b2StackAllocator.cpp in Sources */,
				C1A03603132E062300F0200C /* b2BroadPhase.cpp in Sources */,
				C1A03605132E062300F0200C /* b2CollideCircle.cpp in Sources */,
				C1A03606132E062300F0200C /* b2CollidePolygon.cpp in Sources */,
				C1A03607132E062300F0200C /* b2Collision.cpp in Sources */,
				C1A03609132E062300F0200C /* b2Distance.cpp in Sources */,
				C1A0360B132E062300F0200C /* b2DynamicTree.cpp in Sources */,
				C1A0360D132E062300F0200C /* b2TimeOfImpact.cpp in Sources */,
				C1A0360F132E062300F0200C /* b2CircleShape.cpp in Sources */,
				C1A03611132E062300F0200C /* b2PolygonShape.cpp in Sources */,
			);
			runOnlyForDeploymentPostprocessing = 0;
		};
/* End PBXSourcesBuildPhase section */

/* Begin PBXTargetDependency section */
		C120697B14D717A3007DACEA /* PBXTargetDependency */ = {
			isa = PBXTargetDependency;
			name = "Porkholt Engine iOS";
			targetProxy = C120697A14D717A3007DACEA /* PBXContainerItemProxy */;
		};
		C1A03618132E070E00F0200C /* PBXTargetDependency */ = {
			isa = PBXTargetDependency;
			target = C1A034E8132DF62700F0200C /* Box2D */;
			targetProxy = C1A03617132E070E00F0200C /* PBXContainerItemProxy */;
		};
		C1FF4DD513DC1DE7003B7673 /* PBXTargetDependency */ = {
			isa = PBXTargetDependency;
			target = C1FF4DCF13DC1B6E003B7673 /* Resources */;
			targetProxy = C1FF4DD413DC1DE7003B7673 /* PBXContainerItemProxy */;
		};
/* End PBXTargetDependency section */

/* Begin XCBuildConfiguration section */
		1D6058940D05DD3E006BFB54 /* Debug */ = {
			isa = XCBuildConfiguration;
			buildSettings = {
				ALWAYS_SEARCH_USER_PATHS = NO;
				COPY_PHASE_STRIP = NO;
				GCC_DYNAMIC_NO_PIC = NO;
				GCC_OPTIMIZATION_LEVEL = 0;
				GCC_PRECOMPILE_PREFIX_HEADER = YES;
				GCC_PREFIX_HEADER = "iOS Bindings/Porkholt_Prefix.pch";
				INFOPLIST_FILE = "iOS Bindings/Porkholt-Info.plist";
				IPHONEOS_DEPLOYMENT_TARGET = 3.0;
				LIBRARY_SEARCH_PATHS = (
					"$(inherited)",
					"\"$(SRCROOT)/../../Externals/lib/darwin/ios\"",
				);
				PRODUCT_NAME = Beeno;
				SDKROOT = iphoneos;
			};
			name = Debug;
		};
		1D6058950D05DD3E006BFB54 /* Release */ = {
			isa = XCBuildConfiguration;
			buildSettings = {
				ALWAYS_SEARCH_USER_PATHS = NO;
				COPY_PHASE_STRIP = YES;
				GCC_PRECOMPILE_PREFIX_HEADER = YES;
				GCC_PREFIX_HEADER = "iOS Bindings/Porkholt_Prefix.pch";
				INFOPLIST_FILE = "iOS Bindings/Porkholt-Info.plist";
				IPHONEOS_DEPLOYMENT_TARGET = 3.0;
				LIBRARY_SEARCH_PATHS = (
					"$(inherited)",
					"\"$(SRCROOT)/../../Externals/lib/darwin/ios\"",
				);
				PRODUCT_NAME = Beeno;
				SDKROOT = iphoneos;
				VALIDATE_PRODUCT = YES;
			};
			name = Release;
		};
		C01FCF4F08A954540054247B /* Debug */ = {
			isa = XCBuildConfiguration;
			buildSettings = {
				ARCHS = (
					armv7,
					armv6,
				);
				"CODE_SIGN_IDENTITY[sdk=iphoneos*]" = "iPhone Developer";
				COMPRESS_PNG_FILES = NO;
				GCC_C_LANGUAGE_STANDARD = c99;
				GCC_PREPROCESSOR_DEFINITIONS = DEBUG;
				GCC_SYMBOLS_PRIVATE_EXTERN = YES;
				GCC_THUMB_SUPPORT = NO;
				GCC_WARN_ABOUT_RETURN_TYPE = YES;
				GCC_WARN_UNUSED_VARIABLE = YES;
				HEADER_SEARCH_PATHS = (
					"../../Engine/**",
					../../Externals/box2d/Box2D,
					../../Externals/lua/include,
					../../Externals/libpng,
				);
				IPHONEOS_DEPLOYMENT_TARGET = 3.1;
				LIBRARY_SEARCH_PATHS = ../../Externals/lib/darwin/ios;
				SDKROOT = iphoneos;
				TARGETED_DEVICE_FAMILY = "1,2";
			};
			name = Debug;
		};
		C01FCF5008A954540054247B /* Release */ = {
			isa = XCBuildConfiguration;
			buildSettings = {
				ARCHS = (
					armv7,
					armv6,
				);
				"CODE_SIGN_IDENTITY[sdk=iphoneos*]" = "iPhone Developer";
				COMPRESS_PNG_FILES = NO;
				GCC_C_LANGUAGE_STANDARD = c99;
				GCC_SYMBOLS_PRIVATE_EXTERN = YES;
				GCC_THUMB_SUPPORT = NO;
				GCC_WARN_ABOUT_RETURN_TYPE = YES;
				GCC_WARN_UNUSED_VARIABLE = YES;
				HEADER_SEARCH_PATHS = (
					"../../Engine/**",
					../../Externals/box2d/Box2D,
					../../Externals/lua/include,
					../../Externals/libpng,
				);
				IPHONEOS_DEPLOYMENT_TARGET = 3.1;
				LIBRARY_SEARCH_PATHS = ../../Externals/lib/darwin/ios;
				OTHER_CFLAGS = "-DNS_BLOCK_ASSERTIONS=1";
				SDKROOT = iphoneos;
				TARGETED_DEVICE_FAMILY = "1,2";
			};
			name = Release;
		};
		C1A034EA132DF62800F0200C /* Debug */ = {
			isa = XCBuildConfiguration;
			buildSettings = {
				ALWAYS_SEARCH_USER_PATHS = NO;
				COPY_PHASE_STRIP = NO;
				GCC_DYNAMIC_NO_PIC = NO;
				GCC_OPTIMIZATION_LEVEL = 0;
				GCC_SYMBOLS_PRIVATE_EXTERN = YES;
				PRODUCT_NAME = Box2D;
				SDKROOT = iphoneos;
			};
			name = Debug;
		};
		C1A034EB132DF62800F0200C /* Release */ = {
			isa = XCBuildConfiguration;
			buildSettings = {
				ALWAYS_SEARCH_USER_PATHS = NO;
				COPY_PHASE_STRIP = YES;
				DEBUG_INFORMATION_FORMAT = "dwarf-with-dsym";
				GCC_SYMBOLS_PRIVATE_EXTERN = YES;
				PRODUCT_NAME = Box2D;
				SDKROOT = iphoneos;
				ZERO_LINK = NO;
			};
			name = Release;
		};
		C1A88B0D1490FB6700274329 /* Ad Hoc */ = {
			isa = XCBuildConfiguration;
			buildSettings = {
				ARCHS = (
					armv7,
					armv6,
				);
				"CODE_SIGN_IDENTITY[sdk=iphoneos*]" = "iPhone Developer";
				COMPRESS_PNG_FILES = NO;
				GCC_C_LANGUAGE_STANDARD = c99;
				GCC_SYMBOLS_PRIVATE_EXTERN = YES;
				GCC_THUMB_SUPPORT = NO;
				GCC_WARN_ABOUT_RETURN_TYPE = YES;
				GCC_WARN_UNUSED_VARIABLE = YES;
				HEADER_SEARCH_PATHS = (
					"../../Engine/**",
					../../Externals/box2d/Box2D,
					../../Externals/lua/include,
					../../Externals/libpng,
				);
				IPHONEOS_DEPLOYMENT_TARGET = 3.1;
				LIBRARY_SEARCH_PATHS = ../../Externals/lib/darwin/ios;
				OTHER_CFLAGS = "-DNS_BLOCK_ASSERTIONS=1";
				SDKROOT = iphoneos;
				TARGETED_DEVICE_FAMILY = "1,2";
			};
			name = "Ad Hoc";
		};
		C1A88B0E1490FB6700274329 /* Ad Hoc */ = {
			isa = XCBuildConfiguration;
			buildSettings = {
				ALWAYS_SEARCH_USER_PATHS = NO;
				COPY_PHASE_STRIP = YES;
				GCC_PRECOMPILE_PREFIX_HEADER = YES;
				GCC_PREFIX_HEADER = "iOS Bindings/Porkholt_Prefix.pch";
				INFOPLIST_FILE = "iOS Bindings/Porkholt-Info.plist";
				IPHONEOS_DEPLOYMENT_TARGET = 3.0;
				LIBRARY_SEARCH_PATHS = (
					"$(inherited)",
					"\"$(SRCROOT)/../../Externals/lib/darwin/ios\"",
				);
				PRODUCT_NAME = Beeno;
				SDKROOT = iphoneos;
				VALIDATE_PRODUCT = YES;
			};
			name = "Ad Hoc";
		};
		C1A88B0F1490FB6700274329 /* Ad Hoc */ = {
			isa = XCBuildConfiguration;
			buildSettings = {
				ALWAYS_SEARCH_USER_PATHS = NO;
				COPY_PHASE_STRIP = YES;
				DEBUG_INFORMATION_FORMAT = "dwarf-with-dsym";
				GCC_SYMBOLS_PRIVATE_EXTERN = YES;
				PRODUCT_NAME = Box2D;
				SDKROOT = iphoneos;
				ZERO_LINK = NO;
			};
			name = "Ad Hoc";
		};
		C1A88B101490FB6700274329 /* Ad Hoc */ = {
			isa = XCBuildConfiguration;
			buildSettings = {
				ALWAYS_SEARCH_USER_PATHS = NO;
				ARCHS = "$(ARCHS_STANDARD_64_BIT)";
				COPY_PHASE_STRIP = YES;
				DEBUG_INFORMATION_FORMAT = "dwarf-with-dsym";
				GCC_C_LANGUAGE_STANDARD = gnu99;
				GCC_ENABLE_OBJC_EXCEPTIONS = YES;
				GCC_VERSION = com.apple.compilers.llvm.clang.1_0;
				GCC_WARN_64_TO_32_BIT_CONVERSION = YES;
				GCC_WARN_ABOUT_MISSING_PROTOTYPES = YES;
				MACOSX_DEPLOYMENT_TARGET = 10.7;
				OTHER_CFLAGS = "";
				OTHER_LDFLAGS = "";
				PRODUCT_NAME = "$(TARGET_NAME)";
				SDKROOT = macosx;
			};
			name = "Ad Hoc";
		};
		C1FF4DD113DC1B6E003B7673 /* Debug */ = {
			isa = XCBuildConfiguration;
			buildSettings = {
				ALWAYS_SEARCH_USER_PATHS = NO;
				ARCHS = "$(ARCHS_STANDARD_64_BIT)";
				COPY_PHASE_STRIP = NO;
				DEBUGGING_SYMBOLS = YES;
				GCC_C_LANGUAGE_STANDARD = gnu99;
				GCC_DYNAMIC_NO_PIC = NO;
				GCC_ENABLE_OBJC_EXCEPTIONS = YES;
				GCC_GENERATE_DEBUGGING_SYMBOLS = YES;
				GCC_OPTIMIZATION_LEVEL = 0;
				GCC_PREPROCESSOR_DEFINITIONS = (
					"DEBUG=1",
					"$(inherited)",
				);
				GCC_SYMBOLS_PRIVATE_EXTERN = NO;
				GCC_VERSION = com.apple.compilers.llvm.clang.1_0;
				GCC_WARN_64_TO_32_BIT_CONVERSION = YES;
				GCC_WARN_ABOUT_MISSING_PROTOTYPES = YES;
				MACOSX_DEPLOYMENT_TARGET = 10.7;
				ONLY_ACTIVE_ARCH = YES;
				OTHER_CFLAGS = "";
				OTHER_LDFLAGS = "";
				PRODUCT_NAME = "$(TARGET_NAME)";
				SDKROOT = macosx;
			};
			name = Debug;
		};
		C1FF4DD213DC1B6E003B7673 /* Release */ = {
			isa = XCBuildConfiguration;
			buildSettings = {
				ALWAYS_SEARCH_USER_PATHS = NO;
				ARCHS = "$(ARCHS_STANDARD_64_BIT)";
				COPY_PHASE_STRIP = YES;
				DEBUG_INFORMATION_FORMAT = "dwarf-with-dsym";
				GCC_C_LANGUAGE_STANDARD = gnu99;
				GCC_ENABLE_OBJC_EXCEPTIONS = YES;
				GCC_VERSION = com.apple.compilers.llvm.clang.1_0;
				GCC_WARN_64_TO_32_BIT_CONVERSION = YES;
				GCC_WARN_ABOUT_MISSING_PROTOTYPES = YES;
				MACOSX_DEPLOYMENT_TARGET = 10.7;
				OTHER_CFLAGS = "";
				OTHER_LDFLAGS = "";
				PRODUCT_NAME = "$(TARGET_NAME)";
				SDKROOT = macosx;
			};
			name = Release;
		};
/* End XCBuildConfiguration section */

/* Begin XCConfigurationList section */
		1D6058960D05DD3E006BFB54 /* Build configuration list for PBXNativeTarget "Beeno" */ = {
			isa = XCConfigurationList;
			buildConfigurations = (
				1D6058940D05DD3E006BFB54 /* Debug */,
				1D6058950D05DD3E006BFB54 /* Release */,
				C1A88B0E1490FB6700274329 /* Ad Hoc */,
			);
			defaultConfigurationIsVisible = 0;
			defaultConfigurationName = Release;
		};
		C01FCF4E08A954540054247B /* Build configuration list for PBXProject "Beeno" */ = {
			isa = XCConfigurationList;
			buildConfigurations = (
				C01FCF4F08A954540054247B /* Debug */,
				C01FCF5008A954540054247B /* Release */,
				C1A88B0D1490FB6700274329 /* Ad Hoc */,
			);
			defaultConfigurationIsVisible = 0;
			defaultConfigurationName = Release;
		};
		C1A034EC132DF64600F0200C /* Build configuration list for PBXNativeTarget "Box2D" */ = {
			isa = XCConfigurationList;
			buildConfigurations = (
				C1A034EA132DF62800F0200C /* Debug */,
				C1A034EB132DF62800F0200C /* Release */,
				C1A88B0F1490FB6700274329 /* Ad Hoc */,
			);
			defaultConfigurationIsVisible = 0;
			defaultConfigurationName = Release;
		};
		C1FF4DD013DC1B6E003B7673 /* Build configuration list for PBXLegacyTarget "Resources" */ = {
			isa = XCConfigurationList;
			buildConfigurations = (
				C1FF4DD113DC1B6E003B7673 /* Debug */,
				C1FF4DD213DC1B6E003B7673 /* Release */,
				C1A88B101490FB6700274329 /* Ad Hoc */,
			);
			defaultConfigurationIsVisible = 0;
			defaultConfigurationName = Release;
		};
/* End XCConfigurationList section */
	};
	rootObject = 29B97313FDCFA39411CA2CEA /* Project object */;
}
