// !$*UTF8*$!
{
	archiveVersion = 1;
	classes = {
	};
	objectVersion = 46;
	objects = {

/* Begin PBXBuildFile section */
		C137061314D6C4ED002CA4CA /* Foundation.framework in Frameworks */ = {isa = PBXBuildFile; fileRef = C137061214D6C4ED002CA4CA /* Foundation.framework */; };
		C137061914D6C4ED002CA4CA /* porkholt_engine.m in Sources */ = {isa = PBXBuildFile; fileRef = C137061814D6C4ED002CA4CA /* porkholt_engine.m */; };
/* End PBXBuildFile section */

/* Begin PBXFileReference section */
		C137060F14D6C4ED002CA4CA /* libporkholt engine.a */ = {isa = PBXFileReference; explicitFileType = archive.ar; includeInIndex = 0; path = "libporkholt engine.a"; sourceTree = BUILT_PRODUCTS_DIR; };
		C137061214D6C4ED002CA4CA /* Foundation.framework */ = {isa = PBXFileReference; lastKnownFileType = wrapper.framework; name = Foundation.framework; path = System/Library/Frameworks/Foundation.framework; sourceTree = SDKROOT; };
		C137061614D6C4ED002CA4CA /* porkholt engine-Prefix.pch */ = {isa = PBXFileReference; path = "porkholt engine-Prefix.pch"; sourceTree = "<group>"; };
		C137061714D6C4ED002CA4CA /* porkholt_engine.h */ = {isa = PBXFileReference; path = porkholt_engine.h; sourceTree = "<group>"; };
		C137061814D6C4ED002CA4CA /* porkholt_engine.m */ = {isa = PBXFileReference; lastKnownFileType = sourcecode.c.objc; path = porkholt_engine.m; sourceTree = "<group>"; };
/* End PBXFileReference section */

/* Begin PBXFrameworksBuildPhase section */
		C137060C14D6C4ED002CA4CA /* Frameworks */ = {
			isa = PBXFrameworksBuildPhase;
			buildActionMask = 2147483647;
			files = (
				C137061314D6C4ED002CA4CA /* Foundation.framework in Frameworks */,
			);
			runOnlyForDeploymentPostprocessing = 0;
		};
/* End PBXFrameworksBuildPhase section */

/* Begin PBXGroup section */
		C137060414D6C4ED002CA4CA = {
			isa = PBXGroup;
			children = (
				C137061414D6C4ED002CA4CA /* porkholt engine */,
				C137061114D6C4ED002CA4CA /* Frameworks */,
				C137061014D6C4ED002CA4CA /* Products */,
			);
			sourceTree = "<group>";
		};
		C137061014D6C4ED002CA4CA /* Products */ = {
			isa = PBXGroup;
			children = (
				C137060F14D6C4ED002CA4CA /* libporkholt engine.a */,
			);
			name = Products;
			sourceTree = "<group>";
		};
		C137061114D6C4ED002CA4CA /* Frameworks */ = {
			isa = PBXGroup;
			children = (
				C137061214D6C4ED002CA4CA /* Foundation.framework */,
			);
			name = Frameworks;
			sourceTree = "<group>";
		};
		C137061414D6C4ED002CA4CA /* porkholt engine */ = {
			isa = PBXGroup;
			children = (
				C137061714D6C4ED002CA4CA /* porkholt_engine.h */,
				C137061814D6C4ED002CA4CA /* porkholt_engine.m */,
				C137061514D6C4ED002CA4CA /* Supporting Files */,
			);
			path = "porkholt engine";
			sourceTree = "<group>";
		};
		C137061514D6C4ED002CA4CA /* Supporting Files */ = {
			isa = PBXGroup;
			children = (
				C137061614D6C4ED002CA4CA /* porkholt engine-Prefix.pch */,
			);
			name = "Supporting Files";
			sourceTree = "<group>";
		};
/* End PBXGroup section */

/* Begin PBXHeadersBuildPhase section */
		C137060D14D6C4ED002CA4CA /* Headers */ = {
			isa = PBXHeadersBuildPhase;
			buildActionMask = 2147483647;
			files = (
			);
			runOnlyForDeploymentPostprocessing = 0;
		};
/* End PBXHeadersBuildPhase section */

/* Begin PBXNativeTarget section */
		C137060E14D6C4ED002CA4CA /* porkholt engine */ = {
			isa = PBXNativeTarget;
			buildConfigurationList = C137061C14D6C4ED002CA4CA /* Build configuration list for PBXNativeTarget "porkholt engine" */;
			buildPhases = (
				C137060B14D6C4ED002CA4CA /* Sources */,
				C137060C14D6C4ED002CA4CA /* Frameworks */,
				C137060D14D6C4ED002CA4CA /* Headers */,
			);
			buildRules = (
			);
			dependencies = (
			);
			name = "porkholt engine";
			productName = "porkholt engine";
			productReference = C137060F14D6C4ED002CA4CA /* libporkholt engine.a */;
			productType = "com.apple.product-type.library.static";
		};
/* End PBXNativeTarget section */

/* Begin PBXProject section */
		C137060614D6C4ED002CA4CA /* Project object */ = {
			isa = PBXProject;
			attributes = {
				LastUpgradeCheck = 0420;
				ORGANIZATIONNAME = "Porkholt Labs!";
			};
			buildConfigurationList = C137060914D6C4ED002CA4CA /* Build configuration list for PBXProject "porkholt engine" */;
			compatibilityVersion = "Xcode 3.2";
			developmentRegion = English;
			hasScannedForEncodings = 0;
			knownRegions = (
				en,
			);
			mainGroup = C137060414D6C4ED002CA4CA;
			productRefGroup = C137061014D6C4ED002CA4CA /* Products */;
			projectDirPath = "";
			projectRoot = "";
			targets = (
				C137060E14D6C4ED002CA4CA /* porkholt engine */,
			);
		};
/* End PBXProject section */

/* Begin PBXSourcesBuildPhase section */
		C137060B14D6C4ED002CA4CA /* Sources */ = {
			isa = PBXSourcesBuildPhase;
			buildActionMask = 2147483647;
			files = (
				C137061914D6C4ED002CA4CA /* porkholt_engine.m in Sources */,
			);
			runOnlyForDeploymentPostprocessing = 0;
		};
/* End PBXSourcesBuildPhase section */

/* Begin XCBuildConfiguration section */
		C137061A14D6C4ED002CA4CA /* Debug */ = {
			isa = XCBuildConfiguration;
			buildSettings = {
				ALWAYS_SEARCH_USER_PATHS = NO;
				ARCHS = "$(ARCHS_STANDARD_32_BIT)";
				COPY_PHASE_STRIP = NO;
				GCC_C_LANGUAGE_STANDARD = gnu99;
				GCC_DYNAMIC_NO_PIC = NO;
				GCC_OPTIMIZATION_LEVEL = 0;
				GCC_PREPROCESSOR_DEFINITIONS = (
					"DEBUG=1",
					"$(inherited)",
				);
				GCC_SYMBOLS_PRIVATE_EXTERN = NO;
				GCC_VERSION = com.apple.compilers.llvm.clang.1_0;
				GCC_WARN_ABOUT_MISSING_PROTOTYPES = YES;
				GCC_WARN_ABOUT_RETURN_TYPE = YES;
				GCC_WARN_UNUSED_VARIABLE = YES;
				IPHONEOS_DEPLOYMENT_TARGET = 5.0;
				SDKROOT = iphoneos;
			};
			name = Debug;
		};
		C137061B14D6C4ED002CA4CA /* Release */ = {
			isa = XCBuildConfiguration;
			buildSettings = {
				ALWAYS_SEARCH_USER_PATHS = NO;
				ARCHS = "$(ARCHS_STANDARD_32_BIT)";
				COPY_PHASE_STRIP = YES;
				GCC_C_LANGUAGE_STANDARD = gnu99;
				GCC_VERSION = com.apple.compilers.llvm.clang.1_0;
				GCC_WARN_ABOUT_MISSING_PROTOTYPES = YES;
				GCC_WARN_ABOUT_RETURN_TYPE = YES;
				GCC_WARN_UNUSED_VARIABLE = YES;
				IPHONEOS_DEPLOYMENT_TARGET = 5.0;
				SDKROOT = iphoneos;
				VALIDATE_PRODUCT = YES;
			};
			name = Release;
		};
		C137061D14D6C4ED002CA4CA /* Debug */ = {
			isa = XCBuildConfiguration;
			buildSettings = {
				DSTROOT = /tmp/porkholt_engine.dst;
				GCC_PRECOMPILE_PREFIX_HEADER = YES;
				GCC_PREFIX_HEADER = "porkholt engine/porkholt engine-Prefix.pch";
				OTHER_LDFLAGS = "-ObjC";
				PRODUCT_NAME = "$(TARGET_NAME)";
				SKIP_INSTALL = YES;
			};
			name = Debug;
		};
		C137061E14D6C4ED002CA4CA /* Release */ = {
			isa = XCBuildConfiguration;
			buildSettings = {
				DSTROOT = /tmp/porkholt_engine.dst;
				GCC_PRECOMPILE_PREFIX_HEADER = YES;
				GCC_PREFIX_HEADER = "porkholt engine/porkholt engine-Prefix.pch";
				OTHER_LDFLAGS = "-ObjC";
				PRODUCT_NAME = "$(TARGET_NAME)";
				SKIP_INSTALL = YES;
			};
			name = Release;
		};
/* End XCBuildConfiguration section */

/* Begin XCConfigurationList section */
		C137060914D6C4ED002CA4CA /* Build configuration list for PBXProject "porkholt engine" */ = {
			isa = XCConfigurationList;
			buildConfigurations = (
				C137061A14D6C4ED002CA4CA /* Debug */,
				C137061B14D6C4ED002CA4CA /* Release */,
			);
			defaultConfigurationIsVisible = 0;
			defaultConfigurationName = Release;
		};
		C137061C14D6C4ED002CA4CA /* Build configuration list for PBXNativeTarget "porkholt engine" */ = {
			isa = XCConfigurationList;
			buildConfigurations = (
				C137061D14D6C4ED002CA4CA /* Debug */,
				C137061E14D6C4ED002CA4CA /* Release */,
			);
			defaultConfigurationIsVisible = 0;
		};
/* End XCConfigurationList section */
	};
	rootObject = C137060614D6C4ED002CA4CA /* Project object */;
}
