// !$*UTF8*$!
{
	archiveVersion = 1;
	classes = {
	};
	objectVersion = 45;
	objects = {

/* Begin PBXBuildFile section */
		1D3623260D0F684500981E51 /* PorkholtAppDelegate.mm in Sources */ = {isa = PBXBuildFile; fileRef = 1D3623250D0F684500981E51 /* PorkholtAppDelegate.mm */; };
		1D60589B0D05DD56006BFB54 /* main.m in Sources */ = {isa = PBXBuildFile; fileRef = 29B97316FDCFA39411CA2CEA /* main.m */; };
		1D60589F0D05DD5A006BFB54 /* Foundation.framework in Frameworks */ = {isa = PBXBuildFile; fileRef = 1D30AB110D05D00D00671497 /* Foundation.framework */; };
		1DF5F4E00D08C38300B7A737 /* UIKit.framework in Frameworks */ = {isa = PBXBuildFile; fileRef = 1DF5F4DF0D08C38300B7A737 /* UIKit.framework */; };
		28EC4C5911D54ECE0027AA9F /* PorkholtViewController.mm in Sources */ = {isa = PBXBuildFile; fileRef = 28EC4C5711D54ECE0027AA9F /* PorkholtViewController.mm */; };
		28FD14FE0DC6FC130079059D /* EAGLView.m in Sources */ = {isa = PBXBuildFile; fileRef = 28FD14FD0DC6FC130079059D /* EAGLView.m */; };
		28FD15000DC6FC520079059D /* OpenGLES.framework in Frameworks */ = {isa = PBXBuildFile; fileRef = 28FD14FF0DC6FC520079059D /* OpenGLES.framework */; };
		28FD15080DC6FC5B0079059D /* QuartzCore.framework in Frameworks */ = {isa = PBXBuildFile; fileRef = 28FD15070DC6FC5B0079059D /* QuartzCore.framework */; };
		C11855A1130FDEAD004F341A /* PHAccelInterface.cpp in Sources */ = {isa = PBXBuildFile; fileRef = C11855A0130FDEAD004F341A /* PHAccelInterface.cpp */; };
		C11855A4130FDF09004F341A /* PHMotion.cpp in Sources */ = {isa = PBXBuildFile; fileRef = C11855A3130FDF09004F341A /* PHMotion.cpp */; };
		C1185A09131426F9004F341A /* PHViewController.cpp in Sources */ = {isa = PBXBuildFile; fileRef = C1185A08131426F9004F341A /* PHViewController.cpp */; };
		C1185A44131441C2004F341A /* PHTestViewController.cpp in Sources */ = {isa = PBXBuildFile; fileRef = C1185A43131441C2004F341A /* PHTestViewController.cpp */; };
		C126D6341317D6FC00DACBC0 /* PHNavigationController.cpp in Sources */ = {isa = PBXBuildFile; fileRef = C126D6331317D6FC00DACBC0 /* PHNavigationController.cpp */; };
		C132426B1304A863001AEBFE /* rsrc in Resources */ = {isa = PBXBuildFile; fileRef = C13242691304A863001AEBFE /* rsrc */; };
		C152809612B97169009067A7 /* PHMainEvents.cpp in Sources */ = {isa = PBXBuildFile; fileRef = C152809512B97169009067A7 /* PHMainEvents.cpp */; };
		C17B480C130719FF00C2EC8D /* PHTestView.cpp in Sources */ = {isa = PBXBuildFile; fileRef = C17B480B130719FF00C2EC8D /* PHTestView.cpp */; };
		C17B484B1307B82300C2EC8D /* PHImage.cpp in Sources */ = {isa = PBXBuildFile; fileRef = C17B484A1307B82300C2EC8D /* PHImage.cpp */; };
		C17B484E1307B83000C2EC8D /* PHImageView.cpp in Sources */ = {isa = PBXBuildFile; fileRef = C17B484D1307B83000C2EC8D /* PHImageView.cpp */; };
		C17B48C6130800C600C2EC8D /* libz.a in Frameworks */ = {isa = PBXBuildFile; fileRef = C17B48C5130800C600C2EC8D /* libz.a */; };
		C17B48C91308024C00C2EC8D /* PHFileManager.mm in Sources */ = {isa = PBXBuildFile; fileRef = C17B48C81308024C00C2EC8D /* PHFileManager.mm */; };
		C17B48CC13080FE300C2EC8D /* PHErrors.cpp in Sources */ = {isa = PBXBuildFile; fileRef = C17B48CB13080FE300C2EC8D /* PHErrors.cpp */; };
		C17B4E14130E991600C2EC8D /* PHEventHandler.cpp in Sources */ = {isa = PBXBuildFile; fileRef = C17B4E13130E991600C2EC8D /* PHEventHandler.cpp */; };
		C17B4E17130E9B6A00C2EC8D /* PHTouch.cpp in Sources */ = {isa = PBXBuildFile; fileRef = C17B4E16130E9B6A00C2EC8D /* PHTouch.cpp */; };
		C17B4E37130EA1F400C2EC8D /* PHTouchInterface.mm in Sources */ = {isa = PBXBuildFile; fileRef = C17B4E36130EA1F400C2EC8D /* PHTouchInterface.mm */; };
		C17B4E3D130EA4F000C2EC8D /* PHTime.cpp in Sources */ = {isa = PBXBuildFile; fileRef = C17B4E3C130EA4F000C2EC8D /* PHTime.cpp */; };
		C17B4F23130EFAEA00C2EC8D /* PHGeometry.cpp in Sources */ = {isa = PBXBuildFile; fileRef = C17B4F22130EFAEA00C2EC8D /* PHGeometry.cpp */; };
		C17D0F551322A31000BDB8EF /* PHLevelController.cpp in Sources */ = {isa = PBXBuildFile; fileRef = C17D0F541322A31000BDB8EF /* PHLevelController.cpp */; };
		C17D0F581322AD7700BDB8EF /* PHWorld.cpp in Sources */ = {isa = PBXBuildFile; fileRef = C17D0F571322AD7700BDB8EF /* PHWorld.cpp */; };
		C17D0F671323811F00BDB8EF /* PHThread.cpp in Sources */ = {isa = PBXBuildFile; fileRef = C17D0F661323811F00BDB8EF /* PHThread.cpp */; };
		C1852D6312BBD40700EF0BB8 /* PHView.cpp in Sources */ = {isa = PBXBuildFile; fileRef = C1852D6212BBD40700EF0BB8 /* PHView.cpp */; };
		C192A11413185B5000C18BA2 /* PHButtonView.cpp in Sources */ = {isa = PBXBuildFile; fileRef = C192A11313185B5000C18BA2 /* PHButtonView.cpp */; };
		C1F2326A130550AA00DE3624 /* libpng15.a in Frameworks */ = {isa = PBXBuildFile; fileRef = C1F23269130550AA00DE3624 /* libpng15.a */; };
/* End PBXBuildFile section */

/* Begin PBXFileReference section */
		1D30AB110D05D00D00671497 /* Foundation.framework */ = {isa = PBXFileReference; lastKnownFileType = wrapper.framework; name = Foundation.framework; path = System/Library/Frameworks/Foundation.framework; sourceTree = SDKROOT; };
		1D3623240D0F684500981E51 /* PorkholtAppDelegate.h */ = {isa = PBXFileReference; fileEncoding = 4; lastKnownFileType = sourcecode.c.h; path = PorkholtAppDelegate.h; sourceTree = "<group>"; };
		1D3623250D0F684500981E51 /* PorkholtAppDelegate.mm */ = {isa = PBXFileReference; fileEncoding = 4; lastKnownFileType = sourcecode.cpp.objcpp; path = PorkholtAppDelegate.mm; sourceTree = "<group>"; };
		1D6058910D05DD3D006BFB54 /* Porkholt.app */ = {isa = PBXFileReference; explicitFileType = wrapper.application; includeInIndex = 0; path = Porkholt.app; sourceTree = BUILT_PRODUCTS_DIR; };
		1DF5F4DF0D08C38300B7A737 /* UIKit.framework */ = {isa = PBXFileReference; lastKnownFileType = wrapper.framework; name = UIKit.framework; path = System/Library/Frameworks/UIKit.framework; sourceTree = SDKROOT; };
		28EC4C5611D54ECE0027AA9F /* PorkholtViewController.h */ = {isa = PBXFileReference; fileEncoding = 4; lastKnownFileType = sourcecode.c.h; path = PorkholtViewController.h; sourceTree = "<group>"; };
		28EC4C5711D54ECE0027AA9F /* PorkholtViewController.mm */ = {isa = PBXFileReference; fileEncoding = 4; lastKnownFileType = sourcecode.cpp.objcpp; path = PorkholtViewController.mm; sourceTree = "<group>"; };
		28FD14FC0DC6FC130079059D /* EAGLView.h */ = {isa = PBXFileReference; fileEncoding = 4; lastKnownFileType = sourcecode.c.h; path = EAGLView.h; sourceTree = "<group>"; };
		28FD14FD0DC6FC130079059D /* EAGLView.m */ = {isa = PBXFileReference; fileEncoding = 4; lastKnownFileType = sourcecode.c.objc; path = EAGLView.m; sourceTree = "<group>"; };
		28FD14FF0DC6FC520079059D /* OpenGLES.framework */ = {isa = PBXFileReference; lastKnownFileType = wrapper.framework; name = OpenGLES.framework; path = System/Library/Frameworks/OpenGLES.framework; sourceTree = SDKROOT; };
		28FD15070DC6FC5B0079059D /* QuartzCore.framework */ = {isa = PBXFileReference; lastKnownFileType = wrapper.framework; name = QuartzCore.framework; path = System/Library/Frameworks/QuartzCore.framework; sourceTree = SDKROOT; };
		29B97316FDCFA39411CA2CEA /* main.m */ = {isa = PBXFileReference; fileEncoding = 4; lastKnownFileType = sourcecode.c.objc; path = main.m; sourceTree = "<group>"; };
		32CA4F630368D1EE00C91783 /* Porkholt_Prefix.pch */ = {isa = PBXFileReference; fileEncoding = 4; lastKnownFileType = sourcecode.c.h; path = Porkholt_Prefix.pch; sourceTree = "<group>"; };
		8D1107310486CEB800E47090 /* Porkholt-Info.plist */ = {isa = PBXFileReference; fileEncoding = 4; lastKnownFileType = text.plist.xml; path = "Porkholt-Info.plist"; plistStructureDefinitionIdentifier = "com.apple.xcode.plist.structure-definition.iphone.info-plist"; sourceTree = "<group>"; };
		C1185540130FDDB8004F341A /* PHAccelInterface.h */ = {isa = PBXFileReference; fileEncoding = 4; lastKnownFileType = sourcecode.c.h; path = PHAccelInterface.h; sourceTree = "<group>"; };
		C11855A0130FDEAD004F341A /* PHAccelInterface.cpp */ = {isa = PBXFileReference; fileEncoding = 4; lastKnownFileType = sourcecode.cpp.cpp; path = PHAccelInterface.cpp; sourceTree = "<group>"; };
		C11855A2130FDF09004F341A /* PHMotion.h */ = {isa = PBXFileReference; fileEncoding = 4; lastKnownFileType = sourcecode.c.h; path = PHMotion.h; sourceTree = "<group>"; };
		C11855A3130FDF09004F341A /* PHMotion.cpp */ = {isa = PBXFileReference; fileEncoding = 4; lastKnownFileType = sourcecode.cpp.cpp; path = PHMotion.cpp; sourceTree = "<group>"; };
		C1185A07131426F9004F341A /* PHViewController.h */ = {isa = PBXFileReference; fileEncoding = 4; lastKnownFileType = sourcecode.c.h; path = PHViewController.h; sourceTree = "<group>"; };
		C1185A08131426F9004F341A /* PHViewController.cpp */ = {isa = PBXFileReference; fileEncoding = 4; lastKnownFileType = sourcecode.cpp.cpp; path = PHViewController.cpp; sourceTree = "<group>"; };
		C1185A42131441C2004F341A /* PHTestViewController.h */ = {isa = PBXFileReference; fileEncoding = 4; lastKnownFileType = sourcecode.c.h; path = PHTestViewController.h; sourceTree = "<group>"; };
		C1185A43131441C2004F341A /* PHTestViewController.cpp */ = {isa = PBXFileReference; fileEncoding = 4; lastKnownFileType = sourcecode.cpp.cpp; path = PHTestViewController.cpp; sourceTree = "<group>"; };
		C126D6321317D6FC00DACBC0 /* PHNavigationController.h */ = {isa = PBXFileReference; fileEncoding = 4; lastKnownFileType = sourcecode.c.h; path = PHNavigationController.h; sourceTree = "<group>"; };
		C126D6331317D6FC00DACBC0 /* PHNavigationController.cpp */ = {isa = PBXFileReference; fileEncoding = 4; lastKnownFileType = sourcecode.cpp.cpp; path = PHNavigationController.cpp; sourceTree = "<group>"; };
		C13242691304A863001AEBFE /* rsrc */ = {isa = PBXFileReference; lastKnownFileType = folder; path = rsrc; sourceTree = "<group>"; };
		C152809412B97169009067A7 /* PHMainEvents.h */ = {isa = PBXFileReference; fileEncoding = 4; lastKnownFileType = sourcecode.c.h; path = PHMainEvents.h; sourceTree = "<group>"; };
		C152809512B97169009067A7 /* PHMainEvents.cpp */ = {isa = PBXFileReference; fileEncoding = 4; lastKnownFileType = sourcecode.cpp.cpp; path = PHMainEvents.cpp; sourceTree = "<group>"; };
		C152809A12B971A7009067A7 /* PHObject.h */ = {isa = PBXFileReference; fileEncoding = 4; lastKnownFileType = sourcecode.c.h; path = PHObject.h; sourceTree = "<group>"; };
		C163951812BA3FD000B0A72E /* PHMain.h */ = {isa = PBXFileReference; fileEncoding = 4; lastKnownFileType = sourcecode.c.h; path = PHMain.h; sourceTree = "<group>"; };
		C17B47711305B6C800C2EC8D /* PHAnimationDescriptor.h */ = {isa = PBXFileReference; fileEncoding = 4; lastKnownFileType = sourcecode.c.h; path = PHAnimationDescriptor.h; sourceTree = "<group>"; };
		C17B480A130719FF00C2EC8D /* PHTestView.h */ = {isa = PBXFileReference; fileEncoding = 4; lastKnownFileType = sourcecode.c.h; path = PHTestView.h; sourceTree = "<group>"; };
		C17B480B130719FF00C2EC8D /* PHTestView.cpp */ = {isa = PBXFileReference; fileEncoding = 4; lastKnownFileType = sourcecode.cpp.cpp; path = PHTestView.cpp; sourceTree = "<group>"; };
		C17B48491307B82300C2EC8D /* PHImage.h */ = {isa = PBXFileReference; fileEncoding = 4; lastKnownFileType = sourcecode.c.h; path = PHImage.h; sourceTree = "<group>"; };
		C17B484A1307B82300C2EC8D /* PHImage.cpp */ = {isa = PBXFileReference; fileEncoding = 4; lastKnownFileType = sourcecode.cpp.cpp; path = PHImage.cpp; sourceTree = "<group>"; };
		C17B484C1307B83000C2EC8D /* PHImageView.h */ = {isa = PBXFileReference; fileEncoding = 4; lastKnownFileType = sourcecode.c.h; path = PHImageView.h; sourceTree = "<group>"; };
		C17B484D1307B83000C2EC8D /* PHImageView.cpp */ = {isa = PBXFileReference; fileEncoding = 4; lastKnownFileType = sourcecode.cpp.cpp; path = PHImageView.cpp; sourceTree = "<group>"; };
		C17B48C5130800C600C2EC8D /* libz.a */ = {isa = PBXFileReference; lastKnownFileType = archive.ar; name = libz.a; path = Externals/lib/darwin/libz.a; sourceTree = "<group>"; };
		C17B48C71308024C00C2EC8D /* PHFileManager.h */ = {isa = PBXFileReference; fileEncoding = 4; lastKnownFileType = sourcecode.c.h; path = PHFileManager.h; sourceTree = "<group>"; };
		C17B48C81308024C00C2EC8D /* PHFileManager.mm */ = {isa = PBXFileReference; fileEncoding = 4; lastKnownFileType = sourcecode.cpp.objcpp; path = PHFileManager.mm; sourceTree = "<group>"; };
		C17B48CA13080FE300C2EC8D /* PHErrors.h */ = {isa = PBXFileReference; fileEncoding = 4; lastKnownFileType = sourcecode.c.h; path = PHErrors.h; sourceTree = "<group>"; };
		C17B48CB13080FE300C2EC8D /* PHErrors.cpp */ = {isa = PBXFileReference; fileEncoding = 4; lastKnownFileType = sourcecode.cpp.cpp; path = PHErrors.cpp; sourceTree = "<group>"; };
		C17B4E12130E991600C2EC8D /* PHEventHandler.h */ = {isa = PBXFileReference; fileEncoding = 4; lastKnownFileType = sourcecode.c.h; path = PHEventHandler.h; sourceTree = "<group>"; };
		C17B4E13130E991600C2EC8D /* PHEventHandler.cpp */ = {isa = PBXFileReference; fileEncoding = 4; lastKnownFileType = sourcecode.cpp.cpp; path = PHEventHandler.cpp; sourceTree = "<group>"; };
		C17B4E15130E9B6A00C2EC8D /* PHTouch.h */ = {isa = PBXFileReference; fileEncoding = 4; lastKnownFileType = sourcecode.c.h; path = PHTouch.h; sourceTree = "<group>"; };
		C17B4E16130E9B6A00C2EC8D /* PHTouch.cpp */ = {isa = PBXFileReference; fileEncoding = 4; lastKnownFileType = sourcecode.cpp.cpp; path = PHTouch.cpp; sourceTree = "<group>"; };
		C17B4E35130EA1F400C2EC8D /* PHTouchInterface.h */ = {isa = PBXFileReference; fileEncoding = 4; lastKnownFileType = sourcecode.c.h; path = PHTouchInterface.h; sourceTree = "<group>"; };
		C17B4E36130EA1F400C2EC8D /* PHTouchInterface.mm */ = {isa = PBXFileReference; fileEncoding = 4; lastKnownFileType = sourcecode.cpp.objcpp; path = PHTouchInterface.mm; sourceTree = "<group>"; };
		C17B4E3B130EA4F000C2EC8D /* PHTime.h */ = {isa = PBXFileReference; fileEncoding = 4; lastKnownFileType = sourcecode.c.h; path = PHTime.h; sourceTree = "<group>"; };
		C17B4E3C130EA4F000C2EC8D /* PHTime.cpp */ = {isa = PBXFileReference; fileEncoding = 4; lastKnownFileType = sourcecode.cpp.cpp; path = PHTime.cpp; sourceTree = "<group>"; };
		C17B4F22130EFAEA00C2EC8D /* PHGeometry.cpp */ = {isa = PBXFileReference; fileEncoding = 4; lastKnownFileType = sourcecode.cpp.cpp; path = PHGeometry.cpp; sourceTree = "<group>"; };
		C17D0F521322A1AB00BDB8EF /* PHLevelSystem.h */ = {isa = PBXFileReference; fileEncoding = 4; lastKnownFileType = sourcecode.c.h; path = PHLevelSystem.h; sourceTree = "<group>"; };
		C17D0F531322A31000BDB8EF /* PHLevelController.h */ = {isa = PBXFileReference; fileEncoding = 4; lastKnownFileType = sourcecode.c.h; path = PHLevelController.h; sourceTree = "<group>"; };
		C17D0F541322A31000BDB8EF /* PHLevelController.cpp */ = {isa = PBXFileReference; fileEncoding = 4; lastKnownFileType = sourcecode.cpp.cpp; path = PHLevelController.cpp; sourceTree = "<group>"; };
		C17D0F561322AD7700BDB8EF /* PHWorld.h */ = {isa = PBXFileReference; fileEncoding = 4; lastKnownFileType = sourcecode.c.h; path = PHWorld.h; sourceTree = "<group>"; };
		C17D0F571322AD7700BDB8EF /* PHWorld.cpp */ = {isa = PBXFileReference; fileEncoding = 4; lastKnownFileType = sourcecode.cpp.cpp; path = PHWorld.cpp; sourceTree = "<group>"; };
		C17D0F651323811F00BDB8EF /* PHThread.h */ = {isa = PBXFileReference; fileEncoding = 4; lastKnownFileType = sourcecode.c.h; path = PHThread.h; sourceTree = "<group>"; };
		C17D0F661323811F00BDB8EF /* PHThread.cpp */ = {isa = PBXFileReference; fileEncoding = 4; lastKnownFileType = sourcecode.cpp.cpp; path = PHThread.cpp; sourceTree = "<group>"; };
		C17D0F681323845300BDB8EF /* PHMutex.h */ = {isa = PBXFileReference; fileEncoding = 4; lastKnownFileType = sourcecode.c.h; path = PHMutex.h; sourceTree = "<group>"; };
		C1852D6112BBD40700EF0BB8 /* PHView.h */ = {isa = PBXFileReference; fileEncoding = 4; lastKnownFileType = sourcecode.c.h; path = PHView.h; sourceTree = "<group>"; };
		C1852D6212BBD40700EF0BB8 /* PHView.cpp */ = {isa = PBXFileReference; fileEncoding = 4; lastKnownFileType = sourcecode.cpp.cpp; path = PHView.cpp; sourceTree = "<group>"; };
		C192A11213185B5000C18BA2 /* PHButtonView.h */ = {isa = PBXFileReference; fileEncoding = 4; lastKnownFileType = sourcecode.c.h; path = PHButtonView.h; sourceTree = "<group>"; };
		C192A11313185B5000C18BA2 /* PHButtonView.cpp */ = {isa = PBXFileReference; fileEncoding = 4; lastKnownFileType = sourcecode.cpp.cpp; path = PHButtonView.cpp; sourceTree = "<group>"; };
		C1B9D658130264F0002BE2BE /* PHGeometry.h */ = {isa = PBXFileReference; fileEncoding = 4; lastKnownFileType = sourcecode.c.h; path = PHGeometry.h; sourceTree = "<group>"; };
		C1F23269130550AA00DE3624 /* libpng15.a */ = {isa = PBXFileReference; lastKnownFileType = archive.ar; name = libpng15.a; path = Externals/lib/darwin/libpng15.a; sourceTree = "<group>"; };
/* End PBXFileReference section */

/* Begin PBXFrameworksBuildPhase section */
		1D60588F0D05DD3D006BFB54 /* Frameworks */ = {
			isa = PBXFrameworksBuildPhase;
			buildActionMask = 2147483647;
			files = (
				1D60589F0D05DD5A006BFB54 /* Foundation.framework in Frameworks */,
				1DF5F4E00D08C38300B7A737 /* UIKit.framework in Frameworks */,
				28FD15000DC6FC520079059D /* OpenGLES.framework in Frameworks */,
				28FD15080DC6FC5B0079059D /* QuartzCore.framework in Frameworks */,
				C1F2326A130550AA00DE3624 /* libpng15.a in Frameworks */,
				C17B48C6130800C600C2EC8D /* libz.a in Frameworks */,
			);
			runOnlyForDeploymentPostprocessing = 0;
		};
/* End PBXFrameworksBuildPhase section */

/* Begin PBXGroup section */
		080E96DDFE201D6D7F000001 /* iOS Bindings */ = {
			isa = PBXGroup;
			children = (
				C17B48C81308024C00C2EC8D /* PHFileManager.mm */,
				28FD14FC0DC6FC130079059D /* EAGLView.h */,
				28FD14FD0DC6FC130079059D /* EAGLView.m */,
				1D3623240D0F684500981E51 /* PorkholtAppDelegate.h */,
				1D3623250D0F684500981E51 /* PorkholtAppDelegate.mm */,
				28EC4C5611D54ECE0027AA9F /* PorkholtViewController.h */,
				28EC4C5711D54ECE0027AA9F /* PorkholtViewController.mm */,
				32CA4F630368D1EE00C91783 /* Porkholt_Prefix.pch */,
				29B97316FDCFA39411CA2CEA /* main.m */,
				8D1107310486CEB800E47090 /* Porkholt-Info.plist */,
				C17B4E35130EA1F400C2EC8D /* PHTouchInterface.h */,
				C17B4E36130EA1F400C2EC8D /* PHTouchInterface.mm */,
				C17B4E3C130EA4F000C2EC8D /* PHTime.cpp */,
				C11855A0130FDEAD004F341A /* PHAccelInterface.cpp */,
				C17D0F651323811F00BDB8EF /* PHThread.h */,
				C17D0F661323811F00BDB8EF /* PHThread.cpp */,
				C17D0F681323845300BDB8EF /* PHMutex.h */,
			);
			path = "iOS Bindings";
			sourceTree = "<group>";
		};
		19C28FACFE9D520D11CA2CBB /* Products */ = {
			isa = PBXGroup;
			children = (
				1D6058910D05DD3D006BFB54 /* Porkholt.app */,
			);
			name = Products;
			sourceTree = "<group>";
		};
		29B97314FDCFA39411CA2CEA /* CustomTemplate */ = {
			isa = PBXGroup;
			children = (
				C17D0F501322A18300BDB8EF /* LevelSystem */,
				C152809312B9713E009067A7 /* Core */,
				080E96DDFE201D6D7F000001 /* iOS Bindings */,
				29B97317FDCFA39411CA2CEA /* Resources */,
				C17B4C751308F57F00C2EC8D /* Resources-iPad */,
				29B97323FDCFA39411CA2CEA /* Frameworks */,
				19C28FACFE9D520D11CA2CBB /* Products */,
			);
			name = CustomTemplate;
			sourceTree = "<group>";
		};
		29B97317FDCFA39411CA2CEA /* Resources */ = {
			isa = PBXGroup;
			children = (
				C13242691304A863001AEBFE /* rsrc */,
			);
			name = Resources;
			sourceTree = "<group>";
		};
		29B97323FDCFA39411CA2CEA /* Frameworks */ = {
			isa = PBXGroup;
			children = (
				28FD15070DC6FC5B0079059D /* QuartzCore.framework */,
				28FD14FF0DC6FC520079059D /* OpenGLES.framework */,
				1DF5F4DF0D08C38300B7A737 /* UIKit.framework */,
				1D30AB110D05D00D00671497 /* Foundation.framework */,
				C1F23269130550AA00DE3624 /* libpng15.a */,
				C17B48C5130800C600C2EC8D /* libz.a */,
			);
			name = Frameworks;
			sourceTree = "<group>";
		};
		C152809312B9713E009067A7 /* Core */ = {
			isa = PBXGroup;
			children = (
				C152809412B97169009067A7 /* PHMainEvents.h */,
				C152809512B97169009067A7 /* PHMainEvents.cpp */,
				C152809A12B971A7009067A7 /* PHObject.h */,
				C163951812BA3FD000B0A72E /* PHMain.h */,
				C1852D6112BBD40700EF0BB8 /* PHView.h */,
				C1852D6212BBD40700EF0BB8 /* PHView.cpp */,
				C17B480A130719FF00C2EC8D /* PHTestView.h */,
				C17B480B130719FF00C2EC8D /* PHTestView.cpp */,
				C1B9D658130264F0002BE2BE /* PHGeometry.h */,
				C17B4F22130EFAEA00C2EC8D /* PHGeometry.cpp */,
				C17B47711305B6C800C2EC8D /* PHAnimationDescriptor.h */,
				C17B48491307B82300C2EC8D /* PHImage.h */,
				C17B484A1307B82300C2EC8D /* PHImage.cpp */,
				C17B484C1307B83000C2EC8D /* PHImageView.h */,
				C17B484D1307B83000C2EC8D /* PHImageView.cpp */,
				C17B48C71308024C00C2EC8D /* PHFileManager.h */,
				C17B48CA13080FE300C2EC8D /* PHErrors.h */,
				C17B48CB13080FE300C2EC8D /* PHErrors.cpp */,
				C17B4E12130E991600C2EC8D /* PHEventHandler.h */,
				C17B4E13130E991600C2EC8D /* PHEventHandler.cpp */,
				C17B4E15130E9B6A00C2EC8D /* PHTouch.h */,
				C17B4E16130E9B6A00C2EC8D /* PHTouch.cpp */,
				C17B4E3B130EA4F000C2EC8D /* PHTime.h */,
				C1185540130FDDB8004F341A /* PHAccelInterface.h */,
				C11855A2130FDF09004F341A /* PHMotion.h */,
				C11855A3130FDF09004F341A /* PHMotion.cpp */,
				C1185A07131426F9004F341A /* PHViewController.h */,
				C1185A08131426F9004F341A /* PHViewController.cpp */,
				C1185A42131441C2004F341A /* PHTestViewController.h */,
				C1185A43131441C2004F341A /* PHTestViewController.cpp */,
				C126D6321317D6FC00DACBC0 /* PHNavigationController.h */,
				C126D6331317D6FC00DACBC0 /* PHNavigationController.cpp */,
				C192A11213185B5000C18BA2 /* PHButtonView.h */,
				C192A11313185B5000C18BA2 /* PHButtonView.cpp */,
			);
			path = Core;
			sourceTree = "<group>";
		};
		C17B4C751308F57F00C2EC8D /* Resources-iPad */ = {
			isa = PBXGroup;
			children = (
			);
			name = "Resources-iPad";
			sourceTree = "<group>";
		};
		C17D0F501322A18300BDB8EF /* LevelSystem */ = {
			isa = PBXGroup;
			children = (
				C17D0F521322A1AB00BDB8EF /* PHLevelSystem.h */,
				C17D0F531322A31000BDB8EF /* PHLevelController.h */,
				C17D0F541322A31000BDB8EF /* PHLevelController.cpp */,
				C17D0F561322AD7700BDB8EF /* PHWorld.h */,
				C17D0F571322AD7700BDB8EF /* PHWorld.cpp */,
			);
			path = LevelSystem;
			sourceTree = "<group>";
		};
/* End PBXGroup section */

/* Begin PBXNativeTarget section */
		1D6058900D05DD3D006BFB54 /* Porkholt */ = {
			isa = PBXNativeTarget;
			buildConfigurationList = 1D6058960D05DD3E006BFB54 /* Build configuration list for PBXNativeTarget "Porkholt" */;
			buildPhases = (
				C1F2326C130550B800DE3624 /* Make External Libraries */,
				1D60588D0D05DD3D006BFB54 /* Resources */,
				1D60588E0D05DD3D006BFB54 /* Sources */,
				1D60588F0D05DD3D006BFB54 /* Frameworks */,
			);
			buildRules = (
			);
			dependencies = (
			);
			name = Porkholt;
			productName = Porkholt;
			productReference = 1D6058910D05DD3D006BFB54 /* Porkholt.app */;
			productType = "com.apple.product-type.application";
		};
/* End PBXNativeTarget section */

/* Begin PBXProject section */
		29B97313FDCFA39411CA2CEA /* Project object */ = {
			isa = PBXProject;
			buildConfigurationList = C01FCF4E08A954540054247B /* Build configuration list for PBXProject "Porkholt_iOS" */;
			compatibilityVersion = "Xcode 3.1";
			developmentRegion = English;
			hasScannedForEncodings = 1;
			knownRegions = (
				English,
				Japanese,
				French,
				German,
			);
			mainGroup = 29B97314FDCFA39411CA2CEA /* CustomTemplate */;
			projectDirPath = "";
			projectRoot = "";
			targets = (
				1D6058900D05DD3D006BFB54 /* Porkholt */,
			);
		};
/* End PBXProject section */

/* Begin PBXResourcesBuildPhase section */
		1D60588D0D05DD3D006BFB54 /* Resources */ = {
			isa = PBXResourcesBuildPhase;
			buildActionMask = 2147483647;
			files = (
				C132426B1304A863001AEBFE /* rsrc in Resources */,
			);
			runOnlyForDeploymentPostprocessing = 0;
		};
/* End PBXResourcesBuildPhase section */

/* Begin PBXShellScriptBuildPhase section */
		C1F2326C130550B800DE3624 /* Make External Libraries */ = {
			isa = PBXShellScriptBuildPhase;
			buildActionMask = 2147483647;
			files = (
			);
			inputPaths = (
			);
			name = "Make External Libraries";
			outputPaths = (
			);
			runOnlyForDeploymentPostprocessing = 0;
			shellPath = /bin/bash;
			shellScript = "cd ${PROJECT_DIR}/Externals\n./make_darwin.sh";
		};
/* End PBXShellScriptBuildPhase section */

/* Begin PBXSourcesBuildPhase section */
		1D60588E0D05DD3D006BFB54 /* Sources */ = {
			isa = PBXSourcesBuildPhase;
			buildActionMask = 2147483647;
			files = (
				1D60589B0D05DD56006BFB54 /* main.m in Sources */,
				1D3623260D0F684500981E51 /* PorkholtAppDelegate.mm in Sources */,
				28FD14FE0DC6FC130079059D /* EAGLView.m in Sources */,
				28EC4C5911D54ECE0027AA9F /* PorkholtViewController.mm in Sources */,
				C152809612B97169009067A7 /* PHMainEvents.cpp in Sources */,
				C1852D6312BBD40700EF0BB8 /* PHView.cpp in Sources */,
				C17B480C130719FF00C2EC8D /* PHTestView.cpp in Sources */,
				C17B484B1307B82300C2EC8D /* PHImage.cpp in Sources */,
				C17B484E1307B83000C2EC8D /* PHImageView.cpp in Sources */,
				C17B48C91308024C00C2EC8D /* PHFileManager.mm in Sources */,
				C17B48CC13080FE300C2EC8D /* PHErrors.cpp in Sources */,
				C17B4E14130E991600C2EC8D /* PHEventHandler.cpp in Sources */,
				C17B4E17130E9B6A00C2EC8D /* PHTouch.cpp in Sources */,
				C17B4E37130EA1F400C2EC8D /* PHTouchInterface.mm in Sources */,
				C17B4E3D130EA4F000C2EC8D /* PHTime.cpp in Sources */,
				C17B4F23130EFAEA00C2EC8D /* PHGeometry.cpp in Sources */,
				C11855A1130FDEAD004F341A /* PHAccelInterface.cpp in Sources */,
				C11855A4130FDF09004F341A /* PHMotion.cpp in Sources */,
				C1185A09131426F9004F341A /* PHViewController.cpp in Sources */,
				C1185A44131441C2004F341A /* PHTestViewController.cpp in Sources */,
				C126D6341317D6FC00DACBC0 /* PHNavigationController.cpp in Sources */,
				C192A11413185B5000C18BA2 /* PHButtonView.cpp in Sources */,
				C17D0F551322A31000BDB8EF /* PHLevelController.cpp in Sources */,
				C17D0F581322AD7700BDB8EF /* PHWorld.cpp in Sources */,
				C17D0F671323811F00BDB8EF /* PHThread.cpp in Sources */,
			);
			runOnlyForDeploymentPostprocessing = 0;
		};
/* End PBXSourcesBuildPhase section */

/* Begin XCBuildConfiguration section */
		1D6058940D05DD3E006BFB54 /* Debug */ = {
			isa = XCBuildConfiguration;
			buildSettings = {
				ALWAYS_SEARCH_USER_PATHS = NO;
				ARCHS = "$(ARCHS_STANDARD_32_BIT)";
				COPY_PHASE_STRIP = NO;
				GCC_DYNAMIC_NO_PIC = NO;
				GCC_OPTIMIZATION_LEVEL = 0;
				GCC_PRECOMPILE_PREFIX_HEADER = YES;
				GCC_PREFIX_HEADER = "iOS Bindings/Porkholt_Prefix.pch";
				"GCC_THUMB_SUPPORT[arch=armv6]" = "";
				INFOPLIST_FILE = "iOS Bindings/Porkholt-Info.plist";
				LIBRARY_SEARCH_PATHS = (
					"$(inherited)",
					"\"$(SRCROOT)/Externals/lib/darwin\"",
				);
				PRODUCT_NAME = Porkholt;
				SDKROOT = iphoneos;
			};
			name = Debug;
		};
		1D6058950D05DD3E006BFB54 /* Release */ = {
			isa = XCBuildConfiguration;
			buildSettings = {
				ALWAYS_SEARCH_USER_PATHS = NO;
				ARCHS = "$(ARCHS_STANDARD_32_BIT)";
				COPY_PHASE_STRIP = YES;
				GCC_PRECOMPILE_PREFIX_HEADER = YES;
				GCC_PREFIX_HEADER = "iOS Bindings/Porkholt_Prefix.pch";
				"GCC_THUMB_SUPPORT[arch=armv6]" = "";
				INFOPLIST_FILE = "iOS Bindings/Porkholt-Info.plist";
				LIBRARY_SEARCH_PATHS = (
					"$(inherited)",
					"\"$(SRCROOT)/Externals/lib/darwin\"",
				);
				PRODUCT_NAME = Porkholt;
				SDKROOT = iphoneos;
				VALIDATE_PRODUCT = YES;
			};
			name = Release;
		};
		C01FCF4F08A954540054247B /* Debug */ = {
			isa = XCBuildConfiguration;
			buildSettings = {
				ARCHS = "$(ARCHS_STANDARD_32_BIT)";
				"CODE_SIGN_IDENTITY[sdk=iphoneos*]" = "iPhone Developer";
				COMPRESS_PNG_FILES = NO;
				GCC_C_LANGUAGE_STANDARD = c99;
				GCC_PREPROCESSOR_DEFINITIONS = DEBUG;
				GCC_THUMB_SUPPORT = NO;
				GCC_WARN_ABOUT_RETURN_TYPE = YES;
				GCC_WARN_UNUSED_VARIABLE = YES;
				HEADER_SEARCH_PATHS = Externals/libpng;
				IPHONEOS_DEPLOYMENT_TARGET = 3.0;
				PREBINDING = NO;
				SDKROOT = iphoneos;
				TARGETED_DEVICE_FAMILY = "1,2";
			};
			name = Debug;
		};
		C01FCF5008A954540054247B /* Release */ = {
			isa = XCBuildConfiguration;
			buildSettings = {
				ARCHS = "$(ARCHS_STANDARD_32_BIT)";
				"CODE_SIGN_IDENTITY[sdk=iphoneos*]" = "iPhone Developer";
				COMPRESS_PNG_FILES = NO;
				GCC_C_LANGUAGE_STANDARD = c99;
				GCC_THUMB_SUPPORT = NO;
				GCC_WARN_ABOUT_RETURN_TYPE = YES;
				GCC_WARN_UNUSED_VARIABLE = YES;
				HEADER_SEARCH_PATHS = Externals/libpng;
				IPHONEOS_DEPLOYMENT_TARGET = 3.0;
				OTHER_CFLAGS = "-DNS_BLOCK_ASSERTIONS=1";
				PREBINDING = NO;
				SDKROOT = iphoneos;
				TARGETED_DEVICE_FAMILY = "1,2";
			};
			name = Release;
		};
/* End XCBuildConfiguration section */

/* Begin XCConfigurationList section */
		1D6058960D05DD3E006BFB54 /* Build configuration list for PBXNativeTarget "Porkholt" */ = {
			isa = XCConfigurationList;
			buildConfigurations = (
				1D6058940D05DD3E006BFB54 /* Debug */,
				1D6058950D05DD3E006BFB54 /* Release */,
			);
			defaultConfigurationIsVisible = 0;
			defaultConfigurationName = Release;
		};
		C01FCF4E08A954540054247B /* Build configuration list for PBXProject "Porkholt_iOS" */ = {
			isa = XCConfigurationList;
			buildConfigurations = (
				C01FCF4F08A954540054247B /* Debug */,
				C01FCF5008A954540054247B /* Release */,
			);
			defaultConfigurationIsVisible = 0;
			defaultConfigurationName = Release;
		};
/* End XCConfigurationList section */
	};
	rootObject = 29B97313FDCFA39411CA2CEA /* Project object */;
}
